{
  "version": 4,
  "terraform_version": "1.12.0",
  "serial": 75,
  "lineage": "06d0c2f8-4256-f461-a968-2416abebeb64",
  "outputs": {
    "api_invoke_url": {
      "value": "https://0uuzval7sl.execute-api.us-east-1.amazonaws.com/dev",
      "type": "string"
    },
    "dynamodb_table_arn": {
      "value": "arn:aws:dynamodb:us-east-1:061151021706:table/TablaRecetas",
      "type": "string"
    },
    "dynamodb_table_id": {
      "value": "TablaRecetas",
      "type": "string"
    },
    "frontend_bucket_arn": {
      "value": "arn:aws:s3:::bucket-recetify-bcf48b4d2014c641",
      "type": "string"
    },
    "frontend_bucket_id": {
      "value": "bucket-recetify-bcf48b4d2014c641",
      "type": "string"
    },
    "lambda_arns": {
      "value": {
        "addFavorite": "arn:aws:lambda:us-east-1:061151021706:function:addFavorite",
        "busquedaRecetas": "arn:aws:lambda:us-east-1:061151021706:function:busquedaRecetas",
        "confirmarUsuarioCognito": "arn:aws:lambda:us-east-1:061151021706:function:confirmarUsuarioCognito",
        "getFavorites": "arn:aws:lambda:us-east-1:061151021706:function:getFavorites",
        "guardarReceta": "arn:aws:lambda:us-east-1:061151021706:function:guardarReceta",
        "inicioSesionCognito": "arn:aws:lambda:us-east-1:061151021706:function:inicioSesionCognito",
        "logoutCognito": "arn:aws:lambda:us-east-1:061151021706:function:logoutCognito",
        "obtenerReceta": "arn:aws:lambda:us-east-1:061151021706:function:obtenerReceta",
        "obtenerRecetasUsuario": "arn:aws:lambda:us-east-1:061151021706:function:obtenerRecetasUsuario",
        "registroCognito": "arn:aws:lambda:us-east-1:061151021706:function:registroCognito",
        "removeFavorite": "arn:aws:lambda:us-east-1:061151021706:function:removeFavorite"
      },
      "type": [
        "object",
        {
          "addFavorite": "string",
          "busquedaRecetas": "string",
          "confirmarUsuarioCognito": "string",
          "getFavorites": "string",
          "guardarReceta": "string",
          "inicioSesionCognito": "string",
          "logoutCognito": "string",
          "obtenerReceta": "string",
          "obtenerRecetasUsuario": "string",
          "registroCognito": "string",
          "removeFavorite": "string"
        }
      ]
    }
  },
  "resources": [
    {
      "mode": "data",
      "type": "aws_caller_identity",
      "name": "current",
      "provider": "provider[\"registry.terraform.io/hashicorp/aws\"]",
      "instances": [
        {
          "schema_version": 0,
          "attributes": {
            "account_id": "061151021706",
            "arn": "arn:aws:sts::061151021706:assumed-role/voclabs/user3919262=dmindiuk@itba.edu.ar",
            "id": "061151021706",
            "user_id": "AROAQ4PHCRKFOUZQT5WXO:user3919262=dmindiuk@itba.edu.ar"
          },
          "sensitive_attributes": [],
          "identity_schema_version": 0
        }
      ]
    },
    {
      "mode": "managed",
      "type": "aws_dynamodb_table_item",
      "name": "ensalada_quinoa",
      "provider": "provider[\"registry.terraform.io/hashicorp/aws\"]",
      "instances": [
        {
          "schema_version": 0,
          "attributes": {
            "hash_key": "USER",
            "id": "TablaRecetas|USER|admin@recetascasa.com|3",
            "item": "{\"RECETA\":{\"S\":\"3\"},\"USER\":{\"S\":\"admin@recetascasa.com\"},\"categoria\":{\"S\":\"saludable\"},\"fecha_creacion\":{\"S\":\"2025-06-04T20:53:03Z\"},\"ingredientes\":{\"S\":\"Quinoa, palta, tomates cherry, pepino, cebolla morada, limón, aceite de oliva, sal, pimienta, cilantro\"},\"instrucciones\":{\"S\":\"Cocinar quinoa en agua con sal hasta que esté tierna (15 min). Dejar enfriar. Cortar palta, tomates, pepino y cebolla en cubos pequeños. Mezclar quinoa fría con vegetales. Aliñar con limón, aceite de oliva, sal y pimienta. Decorar con cilantro fresco.\"},\"nombre\":{\"S\":\"Ensalada de Quinoa\"},\"tiempo\":{\"N\":\"20\"}}",
            "range_key": "RECETA",
            "table_name": "TablaRecetas"
          },
          "sensitive_attributes": [],
          "identity_schema_version": 0,
          "private": "bnVsbA==",
          "dependencies": [
            "module.dynamodb_recetas.aws_dynamodb_table.this"
          ]
        }
      ]
    },
    {
      "mode": "managed",
      "type": "aws_dynamodb_table_item",
      "name": "galletas_avena",
      "provider": "provider[\"registry.terraform.io/hashicorp/aws\"]",
      "instances": [
        {
          "schema_version": 0,
          "attributes": {
            "hash_key": "USER",
            "id": "TablaRecetas|USER|admin@recetascasa.com|2",
            "item": "{\"RECETA\":{\"S\":\"2\"},\"USER\":{\"S\":\"admin@recetascasa.com\"},\"categoria\":{\"S\":\"desayuno\"},\"fecha_creacion\":{\"S\":\"2025-06-04T20:53:03Z\"},\"ingredientes\":{\"S\":\"Avena, harina integral, miel, aceite de coco, huevo, canela, pasas de uva\"},\"instrucciones\":{\"S\":\"Mezclar avena, harina y canela en un bowl. En otro bowl, batir huevo con miel y aceite de coco derretido. Combinar ambas mezclas, agregar pasas. Formar bolitas y aplastar en bandeja con papel manteca. Hornear a 180°C por 12-15 minutos.\"},\"nombre\":{\"S\":\"Galletitas de Avena\"},\"tiempo\":{\"N\":\"30\"}}",
            "range_key": "RECETA",
            "table_name": "TablaRecetas"
          },
          "sensitive_attributes": [],
          "identity_schema_version": 0,
          "private": "bnVsbA==",
          "dependencies": [
            "module.dynamodb_recetas.aws_dynamodb_table.this"
          ]
        }
      ]
    },
    {
      "mode": "managed",
      "type": "aws_dynamodb_table_item",
      "name": "pizza_casera",
      "provider": "provider[\"registry.terraform.io/hashicorp/aws\"]",
      "instances": [
        {
          "schema_version": 0,
          "attributes": {
            "hash_key": "USER",
            "id": "TablaRecetas|USER|admin@recetascasa.com|1",
            "item": "{\"RECETA\":{\"S\":\"1\"},\"USER\":{\"S\":\"admin@recetascasa.com\"},\"categoria\":{\"S\":\"cena\"},\"fecha_creacion\":{\"S\":\"2025-06-04T20:53:03Z\"},\"ingredientes\":{\"S\":\"Harina, levadura, sal, aceite de oliva, agua tibia, salsa de tomate, queso mozzarella, orégano\"},\"instrucciones\":{\"S\":\"Mezclar harina, levadura y sal. Agregar aceite y agua tibia, amasar hasta obtener masa suave. Dejar reposar 1 hora. Extender la masa, agregar salsa de tomate, queso mozzarella y orégano. Hornear a 220°C por 15-20 minutos hasta que esté dorada.\"},\"nombre\":{\"S\":\"Pizza Casera\"},\"tiempo\":{\"N\":\"45\"}}",
            "range_key": "RECETA",
            "table_name": "TablaRecetas"
          },
          "sensitive_attributes": [],
          "identity_schema_version": 0,
          "private": "bnVsbA==",
          "dependencies": [
            "module.dynamodb_recetas.aws_dynamodb_table.this"
          ]
        }
      ]
    },
    {
      "mode": "managed",
      "type": "local_file",
      "name": "api_config",
      "provider": "provider[\"registry.terraform.io/hashicorp/local\"]",
      "instances": [
        {
          "schema_version": 0,
          "attributes": {
            "content": "const apiConfig = {\r\n  apiBaseUrl: \"https://0uuzval7sl.execute-api.us-east-1.amazonaws.com/dev\"\r\n};\r\n",
            "content_base64": null,
            "content_base64sha256": "N2E2FcIZtS+bR+s9gIcr1aj4HgkjTpn9vfDLMmiIWbQ=",
            "content_base64sha512": "BB8OrZ7AF/ZeX8UiAhIhgF4o9HZhMCPlfsQ9OXKlaz2SXoA/kbZ0vy0kq5gN5o/avzQBD3GIEjpc8HGi+bEatg==",
            "content_md5": "b4355951f05c4348bd082440aff3500d",
            "content_sha1": "d2abe6b9d007c445fc1fa42ff2e66cb2d59fe1b1",
            "content_sha256": "37613615c219b52f9b47eb3d80872bd5a8f81e09234e99fdbdf0cb32688859b4",
            "content_sha512": "041f0ead9ec017f65e5fc522021221805e28f476613023e57ec43d3972a56b3d925e803f91b674bf2d24ab980de68fdabf34010f7188123a5cf071a2f9b11ab6",
            "directory_permission": "0777",
            "file_permission": "0777",
            "filename": "./build/config.js",
            "id": "d2abe6b9d007c445fc1fa42ff2e66cb2d59fe1b1",
            "sensitive_content": null,
            "source": null
          },
          "sensitive_attributes": [
            [
              {
                "type": "get_attr",
                "value": "sensitive_content"
              }
            ]
          ],
          "identity_schema_version": 0,
          "dependencies": [
            "module.api_gateway.aws_apigatewayv2_api.this",
            "module.api_gateway.aws_apigatewayv2_stage.this"
          ]
        }
      ]
    },
    {
      "mode": "managed",
      "type": "random_id",
      "name": "bucket_suffix",
      "provider": "provider[\"registry.terraform.io/hashicorp/random\"]",
      "instances": [
        {
          "schema_version": 0,
          "attributes": {
            "b64_std": "vPSLTSAUxkE=",
            "b64_url": "vPSLTSAUxkE",
            "byte_length": 8,
            "dec": "13615660736814827073",
            "hex": "bcf48b4d2014c641",
            "id": "vPSLTSAUxkE",
            "keepers": null,
            "prefix": null
          },
          "sensitive_attributes": [],
          "identity_schema_version": 0
        }
      ]
    },
    {
      "module": "module.api_gateway",
      "mode": "managed",
      "type": "aws_apigatewayv2_api",
      "name": "this",
      "provider": "provider[\"registry.terraform.io/hashicorp/aws\"]",
      "instances": [
        {
          "schema_version": 0,
          "attributes": {
            "api_endpoint": "https://0uuzval7sl.execute-api.us-east-1.amazonaws.com",
            "api_key_selection_expression": "$request.header.x-api-key",
            "arn": "arn:aws:apigateway:us-east-1::/apis/0uuzval7sl",
            "body": null,
            "cors_configuration": [
              {
                "allow_credentials": false,
                "allow_headers": [
                  "content-type"
                ],
                "allow_methods": [
                  "GET",
                  "OPTIONS",
                  "POST"
                ],
                "allow_origins": [
                  "*"
                ],
                "expose_headers": [],
                "max_age": 0
              }
            ],
            "credentials_arn": null,
            "description": "API Gateway HTTP para Recetify",
            "disable_execute_api_endpoint": false,
            "execution_arn": "arn:aws:execute-api:us-east-1:061151021706:0uuzval7sl",
            "fail_on_warnings": null,
            "id": "0uuzval7sl",
            "ip_address_type": "ipv4",
            "name": "recetify_api",
            "protocol_type": "HTTP",
            "route_key": null,
            "route_selection_expression": "$request.method $request.path",
            "tags": {},
            "tags_all": {},
            "target": null,
            "version": ""
          },
          "sensitive_attributes": [],
          "identity_schema_version": 0,
          "private": "bnVsbA=="
        }
      ]
    },
    {
      "module": "module.api_gateway",
      "mode": "managed",
      "type": "aws_apigatewayv2_integration",
      "name": "add_favorite",
      "provider": "provider[\"registry.terraform.io/hashicorp/aws\"]",
      "instances": [
        {
          "schema_version": 0,
          "attributes": {
            "api_id": "0uuzval7sl",
            "connection_id": "",
            "connection_type": "INTERNET",
            "content_handling_strategy": "",
            "credentials_arn": "",
            "description": "",
            "id": "wxxkspl",
            "integration_method": "POST",
            "integration_response_selection_expression": "",
            "integration_subtype": "",
            "integration_type": "AWS_PROXY",
            "integration_uri": "arn:aws:apigateway:us-east-1:lambda:path/2015-03-31/functions/arn:aws:lambda:us-east-1:061151021706:function:addFavorite/invocations",
            "passthrough_behavior": "",
            "payload_format_version": "2.0",
            "request_parameters": null,
            "request_templates": null,
            "response_parameters": [],
            "template_selection_expression": "",
            "timeout_milliseconds": 30000,
            "tls_config": []
          },
          "sensitive_attributes": [],
          "identity_schema_version": 0,
          "private": "bnVsbA==",
          "dependencies": [
            "data.aws_caller_identity.current",
            "module.api_gateway.aws_apigatewayv2_api.this",
            "module.cognito.aws_cognito_user_pool.this",
            "module.cognito.aws_cognito_user_pool_client.this",
            "module.lambdas.aws_lambda_function.this",
            "module.user_photos_bucket.aws_s3_bucket.this",
            "module.user_photos_bucket.aws_s3_bucket_policy.this",
            "module.user_photos_bucket.aws_s3_bucket_public_access_block.this",
            "module.user_photos_bucket.aws_s3_directory_bucket.this",
            "module.user_photos_bucket.data.aws_caller_identity.current",
            "module.user_photos_bucket.data.aws_iam_policy_document.access_log_delivery",
            "module.user_photos_bucket.data.aws_iam_policy_document.combined",
            "module.user_photos_bucket.data.aws_iam_policy_document.deny_incorrect_encryption_headers",
            "module.user_photos_bucket.data.aws_iam_policy_document.deny_incorrect_kms_key_sse",
            "module.user_photos_bucket.data.aws_iam_policy_document.deny_insecure_transport",
            "module.user_photos_bucket.data.aws_iam_policy_document.deny_ssec_encrypted_object_uploads",
            "module.user_photos_bucket.data.aws_iam_policy_document.deny_unencrypted_object_uploads",
            "module.user_photos_bucket.data.aws_iam_policy_document.elb_log_delivery",
            "module.user_photos_bucket.data.aws_iam_policy_document.inventory_and_analytics_destination_policy",
            "module.user_photos_bucket.data.aws_iam_policy_document.lb_log_delivery",
            "module.user_photos_bucket.data.aws_iam_policy_document.require_latest_tls",
            "module.user_photos_bucket.data.aws_iam_policy_document.waf_log_delivery",
            "module.user_photos_bucket.data.aws_partition.current",
            "module.user_photos_bucket.data.aws_region.current",
            "random_id.bucket_suffix"
          ]
        }
      ]
    },
    {
      "module": "module.api_gateway",
      "mode": "managed",
      "type": "aws_apigatewayv2_integration",
      "name": "busqueda_get",
      "provider": "provider[\"registry.terraform.io/hashicorp/aws\"]",
      "instances": [
        {
          "schema_version": 0,
          "attributes": {
            "api_id": "0uuzval7sl",
            "connection_id": "",
            "connection_type": "INTERNET",
            "content_handling_strategy": "",
            "credentials_arn": "",
            "description": "",
            "id": "2jta1cs",
            "integration_method": "POST",
            "integration_response_selection_expression": "",
            "integration_subtype": "",
            "integration_type": "AWS_PROXY",
            "integration_uri": "arn:aws:apigateway:us-east-1:lambda:path/2015-03-31/functions/arn:aws:lambda:us-east-1:061151021706:function:busquedaRecetas/invocations",
            "passthrough_behavior": "",
            "payload_format_version": "2.0",
            "request_parameters": null,
            "request_templates": null,
            "response_parameters": [],
            "template_selection_expression": "",
            "timeout_milliseconds": 30000,
            "tls_config": []
          },
          "sensitive_attributes": [],
          "identity_schema_version": 0,
          "private": "bnVsbA==",
          "dependencies": [
            "data.aws_caller_identity.current",
            "module.api_gateway.aws_apigatewayv2_api.this",
            "module.cognito.aws_cognito_user_pool.this",
            "module.cognito.aws_cognito_user_pool_client.this",
            "module.lambdas.aws_lambda_function.this",
            "module.user_photos_bucket.aws_s3_bucket.this",
            "module.user_photos_bucket.aws_s3_bucket_policy.this",
            "module.user_photos_bucket.aws_s3_bucket_public_access_block.this",
            "module.user_photos_bucket.aws_s3_directory_bucket.this",
            "module.user_photos_bucket.data.aws_caller_identity.current",
            "module.user_photos_bucket.data.aws_iam_policy_document.access_log_delivery",
            "module.user_photos_bucket.data.aws_iam_policy_document.combined",
            "module.user_photos_bucket.data.aws_iam_policy_document.deny_incorrect_encryption_headers",
            "module.user_photos_bucket.data.aws_iam_policy_document.deny_incorrect_kms_key_sse",
            "module.user_photos_bucket.data.aws_iam_policy_document.deny_insecure_transport",
            "module.user_photos_bucket.data.aws_iam_policy_document.deny_ssec_encrypted_object_uploads",
            "module.user_photos_bucket.data.aws_iam_policy_document.deny_unencrypted_object_uploads",
            "module.user_photos_bucket.data.aws_iam_policy_document.elb_log_delivery",
            "module.user_photos_bucket.data.aws_iam_policy_document.inventory_and_analytics_destination_policy",
            "module.user_photos_bucket.data.aws_iam_policy_document.lb_log_delivery",
            "module.user_photos_bucket.data.aws_iam_policy_document.require_latest_tls",
            "module.user_photos_bucket.data.aws_iam_policy_document.waf_log_delivery",
            "module.user_photos_bucket.data.aws_partition.current",
            "module.user_photos_bucket.data.aws_region.current",
            "random_id.bucket_suffix"
          ]
        }
      ]
    },
    {
      "module": "module.api_gateway",
      "mode": "managed",
      "type": "aws_apigatewayv2_integration",
      "name": "confirmar_usuario",
      "provider": "provider[\"registry.terraform.io/hashicorp/aws\"]",
      "instances": [
        {
          "schema_version": 0,
          "attributes": {
            "api_id": "0uuzval7sl",
            "connection_id": "",
            "connection_type": "INTERNET",
            "content_handling_strategy": "",
            "credentials_arn": "",
            "description": "",
            "id": "yygcw0d",
            "integration_method": "POST",
            "integration_response_selection_expression": "",
            "integration_subtype": "",
            "integration_type": "AWS_PROXY",
            "integration_uri": "arn:aws:apigateway:us-east-1:lambda:path/2015-03-31/functions/arn:aws:lambda:us-east-1:061151021706:function:confirmarUsuarioCognito/invocations",
            "passthrough_behavior": "",
            "payload_format_version": "2.0",
            "request_parameters": null,
            "request_templates": null,
            "response_parameters": [],
            "template_selection_expression": "",
            "timeout_milliseconds": 30000,
            "tls_config": []
          },
          "sensitive_attributes": [],
          "identity_schema_version": 0,
          "private": "bnVsbA==",
          "dependencies": [
            "data.aws_caller_identity.current",
            "module.api_gateway.aws_apigatewayv2_api.this",
            "module.cognito.aws_cognito_user_pool.this",
            "module.cognito.aws_cognito_user_pool_client.this",
            "module.lambdas.aws_lambda_function.this",
            "module.user_photos_bucket.aws_s3_bucket.this",
            "module.user_photos_bucket.aws_s3_bucket_policy.this",
            "module.user_photos_bucket.aws_s3_bucket_public_access_block.this",
            "module.user_photos_bucket.aws_s3_directory_bucket.this",
            "module.user_photos_bucket.data.aws_caller_identity.current",
            "module.user_photos_bucket.data.aws_iam_policy_document.access_log_delivery",
            "module.user_photos_bucket.data.aws_iam_policy_document.combined",
            "module.user_photos_bucket.data.aws_iam_policy_document.deny_incorrect_encryption_headers",
            "module.user_photos_bucket.data.aws_iam_policy_document.deny_incorrect_kms_key_sse",
            "module.user_photos_bucket.data.aws_iam_policy_document.deny_insecure_transport",
            "module.user_photos_bucket.data.aws_iam_policy_document.deny_ssec_encrypted_object_uploads",
            "module.user_photos_bucket.data.aws_iam_policy_document.deny_unencrypted_object_uploads",
            "module.user_photos_bucket.data.aws_iam_policy_document.elb_log_delivery",
            "module.user_photos_bucket.data.aws_iam_policy_document.inventory_and_analytics_destination_policy",
            "module.user_photos_bucket.data.aws_iam_policy_document.lb_log_delivery",
            "module.user_photos_bucket.data.aws_iam_policy_document.require_latest_tls",
            "module.user_photos_bucket.data.aws_iam_policy_document.waf_log_delivery",
            "module.user_photos_bucket.data.aws_partition.current",
            "module.user_photos_bucket.data.aws_region.current",
            "random_id.bucket_suffix"
          ]
        }
      ]
    },
    {
      "module": "module.api_gateway",
      "mode": "managed",
      "type": "aws_apigatewayv2_integration",
      "name": "get_favorites",
      "provider": "provider[\"registry.terraform.io/hashicorp/aws\"]",
      "instances": [
        {
          "schema_version": 0,
          "attributes": {
            "api_id": "0uuzval7sl",
            "connection_id": "",
            "connection_type": "INTERNET",
            "content_handling_strategy": "",
            "credentials_arn": "",
            "description": "",
            "id": "ec4jzms",
            "integration_method": "POST",
            "integration_response_selection_expression": "",
            "integration_subtype": "",
            "integration_type": "AWS_PROXY",
            "integration_uri": "arn:aws:apigateway:us-east-1:lambda:path/2015-03-31/functions/arn:aws:lambda:us-east-1:061151021706:function:getFavorites/invocations",
            "passthrough_behavior": "",
            "payload_format_version": "2.0",
            "request_parameters": null,
            "request_templates": null,
            "response_parameters": [],
            "template_selection_expression": "",
            "timeout_milliseconds": 30000,
            "tls_config": []
          },
          "sensitive_attributes": [],
          "identity_schema_version": 0,
          "private": "bnVsbA==",
          "dependencies": [
            "data.aws_caller_identity.current",
            "module.api_gateway.aws_apigatewayv2_api.this",
            "module.cognito.aws_cognito_user_pool.this",
            "module.cognito.aws_cognito_user_pool_client.this",
            "module.lambdas.aws_lambda_function.this",
            "module.user_photos_bucket.aws_s3_bucket.this",
            "module.user_photos_bucket.aws_s3_bucket_policy.this",
            "module.user_photos_bucket.aws_s3_bucket_public_access_block.this",
            "module.user_photos_bucket.aws_s3_directory_bucket.this",
            "module.user_photos_bucket.data.aws_caller_identity.current",
            "module.user_photos_bucket.data.aws_iam_policy_document.access_log_delivery",
            "module.user_photos_bucket.data.aws_iam_policy_document.combined",
            "module.user_photos_bucket.data.aws_iam_policy_document.deny_incorrect_encryption_headers",
            "module.user_photos_bucket.data.aws_iam_policy_document.deny_incorrect_kms_key_sse",
            "module.user_photos_bucket.data.aws_iam_policy_document.deny_insecure_transport",
            "module.user_photos_bucket.data.aws_iam_policy_document.deny_ssec_encrypted_object_uploads",
            "module.user_photos_bucket.data.aws_iam_policy_document.deny_unencrypted_object_uploads",
            "module.user_photos_bucket.data.aws_iam_policy_document.elb_log_delivery",
            "module.user_photos_bucket.data.aws_iam_policy_document.inventory_and_analytics_destination_policy",
            "module.user_photos_bucket.data.aws_iam_policy_document.lb_log_delivery",
            "module.user_photos_bucket.data.aws_iam_policy_document.require_latest_tls",
            "module.user_photos_bucket.data.aws_iam_policy_document.waf_log_delivery",
            "module.user_photos_bucket.data.aws_partition.current",
            "module.user_photos_bucket.data.aws_region.current",
            "random_id.bucket_suffix"
          ]
        }
      ]
    },
    {
      "module": "module.api_gateway",
      "mode": "managed",
      "type": "aws_apigatewayv2_integration",
      "name": "guardar_receta_post",
      "provider": "provider[\"registry.terraform.io/hashicorp/aws\"]",
      "instances": [
        {
          "schema_version": 0,
          "attributes": {
            "api_id": "0uuzval7sl",
            "connection_id": "",
            "connection_type": "INTERNET",
            "content_handling_strategy": "",
            "credentials_arn": "",
            "description": "",
            "id": "a14ica8",
            "integration_method": "POST",
            "integration_response_selection_expression": "",
            "integration_subtype": "",
            "integration_type": "AWS_PROXY",
            "integration_uri": "arn:aws:apigateway:us-east-1:lambda:path/2015-03-31/functions/arn:aws:lambda:us-east-1:061151021706:function:guardarReceta/invocations",
            "passthrough_behavior": "",
            "payload_format_version": "2.0",
            "request_parameters": null,
            "request_templates": null,
            "response_parameters": [],
            "template_selection_expression": "",
            "timeout_milliseconds": 30000,
            "tls_config": []
          },
          "sensitive_attributes": [],
          "identity_schema_version": 0,
          "private": "bnVsbA==",
          "dependencies": [
            "data.aws_caller_identity.current",
            "module.api_gateway.aws_apigatewayv2_api.this",
            "module.cognito.aws_cognito_user_pool.this",
            "module.cognito.aws_cognito_user_pool_client.this",
            "module.lambdas.aws_lambda_function.this",
            "module.user_photos_bucket.aws_s3_bucket.this",
            "module.user_photos_bucket.aws_s3_bucket_policy.this",
            "module.user_photos_bucket.aws_s3_bucket_public_access_block.this",
            "module.user_photos_bucket.aws_s3_directory_bucket.this",
            "module.user_photos_bucket.data.aws_caller_identity.current",
            "module.user_photos_bucket.data.aws_iam_policy_document.access_log_delivery",
            "module.user_photos_bucket.data.aws_iam_policy_document.combined",
            "module.user_photos_bucket.data.aws_iam_policy_document.deny_incorrect_encryption_headers",
            "module.user_photos_bucket.data.aws_iam_policy_document.deny_incorrect_kms_key_sse",
            "module.user_photos_bucket.data.aws_iam_policy_document.deny_insecure_transport",
            "module.user_photos_bucket.data.aws_iam_policy_document.deny_ssec_encrypted_object_uploads",
            "module.user_photos_bucket.data.aws_iam_policy_document.deny_unencrypted_object_uploads",
            "module.user_photos_bucket.data.aws_iam_policy_document.elb_log_delivery",
            "module.user_photos_bucket.data.aws_iam_policy_document.inventory_and_analytics_destination_policy",
            "module.user_photos_bucket.data.aws_iam_policy_document.lb_log_delivery",
            "module.user_photos_bucket.data.aws_iam_policy_document.require_latest_tls",
            "module.user_photos_bucket.data.aws_iam_policy_document.waf_log_delivery",
            "module.user_photos_bucket.data.aws_partition.current",
            "module.user_photos_bucket.data.aws_region.current",
            "random_id.bucket_suffix"
          ]
        }
      ]
    },
    {
      "module": "module.api_gateway",
      "mode": "managed",
      "type": "aws_apigatewayv2_integration",
      "name": "login_cognito",
      "provider": "provider[\"registry.terraform.io/hashicorp/aws\"]",
      "instances": [
        {
          "schema_version": 0,
          "attributes": {
            "api_id": "0uuzval7sl",
            "connection_id": "",
            "connection_type": "INTERNET",
            "content_handling_strategy": "",
            "credentials_arn": "",
            "description": "",
            "id": "irngp5b",
            "integration_method": "POST",
            "integration_response_selection_expression": "",
            "integration_subtype": "",
            "integration_type": "AWS_PROXY",
            "integration_uri": "arn:aws:apigateway:us-east-1:lambda:path/2015-03-31/functions/arn:aws:lambda:us-east-1:061151021706:function:inicioSesionCognito/invocations",
            "passthrough_behavior": "",
            "payload_format_version": "2.0",
            "request_parameters": null,
            "request_templates": null,
            "response_parameters": [],
            "template_selection_expression": "",
            "timeout_milliseconds": 30000,
            "tls_config": []
          },
          "sensitive_attributes": [],
          "identity_schema_version": 0,
          "private": "bnVsbA==",
          "dependencies": [
            "data.aws_caller_identity.current",
            "module.api_gateway.aws_apigatewayv2_api.this",
            "module.cognito.aws_cognito_user_pool.this",
            "module.cognito.aws_cognito_user_pool_client.this",
            "module.lambdas.aws_lambda_function.this",
            "module.user_photos_bucket.aws_s3_bucket.this",
            "module.user_photos_bucket.aws_s3_bucket_policy.this",
            "module.user_photos_bucket.aws_s3_bucket_public_access_block.this",
            "module.user_photos_bucket.aws_s3_directory_bucket.this",
            "module.user_photos_bucket.data.aws_caller_identity.current",
            "module.user_photos_bucket.data.aws_iam_policy_document.access_log_delivery",
            "module.user_photos_bucket.data.aws_iam_policy_document.combined",
            "module.user_photos_bucket.data.aws_iam_policy_document.deny_incorrect_encryption_headers",
            "module.user_photos_bucket.data.aws_iam_policy_document.deny_incorrect_kms_key_sse",
            "module.user_photos_bucket.data.aws_iam_policy_document.deny_insecure_transport",
            "module.user_photos_bucket.data.aws_iam_policy_document.deny_ssec_encrypted_object_uploads",
            "module.user_photos_bucket.data.aws_iam_policy_document.deny_unencrypted_object_uploads",
            "module.user_photos_bucket.data.aws_iam_policy_document.elb_log_delivery",
            "module.user_photos_bucket.data.aws_iam_policy_document.inventory_and_analytics_destination_policy",
            "module.user_photos_bucket.data.aws_iam_policy_document.lb_log_delivery",
            "module.user_photos_bucket.data.aws_iam_policy_document.require_latest_tls",
            "module.user_photos_bucket.data.aws_iam_policy_document.waf_log_delivery",
            "module.user_photos_bucket.data.aws_partition.current",
            "module.user_photos_bucket.data.aws_region.current",
            "random_id.bucket_suffix"
          ]
        }
      ]
    },
    {
      "module": "module.api_gateway",
      "mode": "managed",
      "type": "aws_apigatewayv2_integration",
      "name": "logout_cognito",
      "provider": "provider[\"registry.terraform.io/hashicorp/aws\"]",
      "instances": [
        {
          "schema_version": 0,
          "attributes": {
            "api_id": "0uuzval7sl",
            "connection_id": "",
            "connection_type": "INTERNET",
            "content_handling_strategy": "",
            "credentials_arn": "",
            "description": "",
            "id": "oxpjef0",
            "integration_method": "POST",
            "integration_response_selection_expression": "",
            "integration_subtype": "",
            "integration_type": "AWS_PROXY",
            "integration_uri": "arn:aws:apigateway:us-east-1:lambda:path/2015-03-31/functions/arn:aws:lambda:us-east-1:061151021706:function:logoutCognito/invocations",
            "passthrough_behavior": "",
            "payload_format_version": "2.0",
            "request_parameters": null,
            "request_templates": null,
            "response_parameters": [],
            "template_selection_expression": "",
            "timeout_milliseconds": 30000,
            "tls_config": []
          },
          "sensitive_attributes": [],
          "identity_schema_version": 0,
          "private": "bnVsbA==",
          "dependencies": [
            "data.aws_caller_identity.current",
            "module.api_gateway.aws_apigatewayv2_api.this",
            "module.cognito.aws_cognito_user_pool.this",
            "module.cognito.aws_cognito_user_pool_client.this",
            "module.lambdas.aws_lambda_function.this",
            "module.user_photos_bucket.aws_s3_bucket.this",
            "module.user_photos_bucket.aws_s3_bucket_policy.this",
            "module.user_photos_bucket.aws_s3_bucket_public_access_block.this",
            "module.user_photos_bucket.aws_s3_directory_bucket.this",
            "module.user_photos_bucket.data.aws_caller_identity.current",
            "module.user_photos_bucket.data.aws_iam_policy_document.access_log_delivery",
            "module.user_photos_bucket.data.aws_iam_policy_document.combined",
            "module.user_photos_bucket.data.aws_iam_policy_document.deny_incorrect_encryption_headers",
            "module.user_photos_bucket.data.aws_iam_policy_document.deny_incorrect_kms_key_sse",
            "module.user_photos_bucket.data.aws_iam_policy_document.deny_insecure_transport",
            "module.user_photos_bucket.data.aws_iam_policy_document.deny_ssec_encrypted_object_uploads",
            "module.user_photos_bucket.data.aws_iam_policy_document.deny_unencrypted_object_uploads",
            "module.user_photos_bucket.data.aws_iam_policy_document.elb_log_delivery",
            "module.user_photos_bucket.data.aws_iam_policy_document.inventory_and_analytics_destination_policy",
            "module.user_photos_bucket.data.aws_iam_policy_document.lb_log_delivery",
            "module.user_photos_bucket.data.aws_iam_policy_document.require_latest_tls",
            "module.user_photos_bucket.data.aws_iam_policy_document.waf_log_delivery",
            "module.user_photos_bucket.data.aws_partition.current",
            "module.user_photos_bucket.data.aws_region.current",
            "random_id.bucket_suffix"
          ]
        }
      ]
    },
    {
      "module": "module.api_gateway",
      "mode": "managed",
      "type": "aws_apigatewayv2_integration",
      "name": "obtener_recetas_usuario",
      "provider": "provider[\"registry.terraform.io/hashicorp/aws\"]",
      "instances": [
        {
          "schema_version": 0,
          "attributes": {
            "api_id": "0uuzval7sl",
            "connection_id": "",
            "connection_type": "INTERNET",
            "content_handling_strategy": "",
            "credentials_arn": "",
            "description": "",
            "id": "y49mj5s",
            "integration_method": "POST",
            "integration_response_selection_expression": "",
            "integration_subtype": "",
            "integration_type": "AWS_PROXY",
            "integration_uri": "arn:aws:lambda:us-east-1:061151021706:function:obtenerRecetasUsuario",
            "passthrough_behavior": "",
            "payload_format_version": "1.0",
            "request_parameters": null,
            "request_templates": null,
            "response_parameters": [],
            "template_selection_expression": "",
            "timeout_milliseconds": 30000,
            "tls_config": []
          },
          "sensitive_attributes": [],
          "identity_schema_version": 0,
          "private": "bnVsbA==",
          "dependencies": [
            "data.aws_caller_identity.current",
            "module.api_gateway.aws_apigatewayv2_api.this",
            "module.cognito.aws_cognito_user_pool.this",
            "module.cognito.aws_cognito_user_pool_client.this",
            "module.lambdas.aws_lambda_function.this",
            "module.user_photos_bucket.aws_s3_bucket.this",
            "module.user_photos_bucket.aws_s3_bucket_policy.this",
            "module.user_photos_bucket.aws_s3_bucket_public_access_block.this",
            "module.user_photos_bucket.aws_s3_directory_bucket.this",
            "module.user_photos_bucket.data.aws_caller_identity.current",
            "module.user_photos_bucket.data.aws_iam_policy_document.access_log_delivery",
            "module.user_photos_bucket.data.aws_iam_policy_document.combined",
            "module.user_photos_bucket.data.aws_iam_policy_document.deny_incorrect_encryption_headers",
            "module.user_photos_bucket.data.aws_iam_policy_document.deny_incorrect_kms_key_sse",
            "module.user_photos_bucket.data.aws_iam_policy_document.deny_insecure_transport",
            "module.user_photos_bucket.data.aws_iam_policy_document.deny_ssec_encrypted_object_uploads",
            "module.user_photos_bucket.data.aws_iam_policy_document.deny_unencrypted_object_uploads",
            "module.user_photos_bucket.data.aws_iam_policy_document.elb_log_delivery",
            "module.user_photos_bucket.data.aws_iam_policy_document.inventory_and_analytics_destination_policy",
            "module.user_photos_bucket.data.aws_iam_policy_document.lb_log_delivery",
            "module.user_photos_bucket.data.aws_iam_policy_document.require_latest_tls",
            "module.user_photos_bucket.data.aws_iam_policy_document.waf_log_delivery",
            "module.user_photos_bucket.data.aws_partition.current",
            "module.user_photos_bucket.data.aws_region.current",
            "random_id.bucket_suffix"
          ]
        }
      ]
    },
    {
      "module": "module.api_gateway",
      "mode": "managed",
      "type": "aws_apigatewayv2_integration",
      "name": "recetas_get",
      "provider": "provider[\"registry.terraform.io/hashicorp/aws\"]",
      "instances": [
        {
          "schema_version": 0,
          "attributes": {
            "api_id": "0uuzval7sl",
            "connection_id": "",
            "connection_type": "INTERNET",
            "content_handling_strategy": "",
            "credentials_arn": "",
            "description": "",
            "id": "oy4g7hj",
            "integration_method": "POST",
            "integration_response_selection_expression": "",
            "integration_subtype": "",
            "integration_type": "AWS_PROXY",
            "integration_uri": "arn:aws:apigateway:us-east-1:lambda:path/2015-03-31/functions/arn:aws:lambda:us-east-1:061151021706:function:obtenerReceta/invocations",
            "passthrough_behavior": "",
            "payload_format_version": "2.0",
            "request_parameters": null,
            "request_templates": null,
            "response_parameters": [],
            "template_selection_expression": "",
            "timeout_milliseconds": 30000,
            "tls_config": []
          },
          "sensitive_attributes": [],
          "identity_schema_version": 0,
          "private": "bnVsbA==",
          "dependencies": [
            "data.aws_caller_identity.current",
            "module.api_gateway.aws_apigatewayv2_api.this",
            "module.cognito.aws_cognito_user_pool.this",
            "module.cognito.aws_cognito_user_pool_client.this",
            "module.lambdas.aws_lambda_function.this",
            "module.user_photos_bucket.aws_s3_bucket.this",
            "module.user_photos_bucket.aws_s3_bucket_policy.this",
            "module.user_photos_bucket.aws_s3_bucket_public_access_block.this",
            "module.user_photos_bucket.aws_s3_directory_bucket.this",
            "module.user_photos_bucket.data.aws_caller_identity.current",
            "module.user_photos_bucket.data.aws_iam_policy_document.access_log_delivery",
            "module.user_photos_bucket.data.aws_iam_policy_document.combined",
            "module.user_photos_bucket.data.aws_iam_policy_document.deny_incorrect_encryption_headers",
            "module.user_photos_bucket.data.aws_iam_policy_document.deny_incorrect_kms_key_sse",
            "module.user_photos_bucket.data.aws_iam_policy_document.deny_insecure_transport",
            "module.user_photos_bucket.data.aws_iam_policy_document.deny_ssec_encrypted_object_uploads",
            "module.user_photos_bucket.data.aws_iam_policy_document.deny_unencrypted_object_uploads",
            "module.user_photos_bucket.data.aws_iam_policy_document.elb_log_delivery",
            "module.user_photos_bucket.data.aws_iam_policy_document.inventory_and_analytics_destination_policy",
            "module.user_photos_bucket.data.aws_iam_policy_document.lb_log_delivery",
            "module.user_photos_bucket.data.aws_iam_policy_document.require_latest_tls",
            "module.user_photos_bucket.data.aws_iam_policy_document.waf_log_delivery",
            "module.user_photos_bucket.data.aws_partition.current",
            "module.user_photos_bucket.data.aws_region.current",
            "random_id.bucket_suffix"
          ]
        }
      ]
    },
    {
      "module": "module.api_gateway",
      "mode": "managed",
      "type": "aws_apigatewayv2_integration",
      "name": "registro_cognito",
      "provider": "provider[\"registry.terraform.io/hashicorp/aws\"]",
      "instances": [
        {
          "schema_version": 0,
          "attributes": {
            "api_id": "0uuzval7sl",
            "connection_id": "",
            "connection_type": "INTERNET",
            "content_handling_strategy": "",
            "credentials_arn": "",
            "description": "",
            "id": "nq2now6",
            "integration_method": "POST",
            "integration_response_selection_expression": "",
            "integration_subtype": "",
            "integration_type": "AWS_PROXY",
            "integration_uri": "arn:aws:apigateway:us-east-1:lambda:path/2015-03-31/functions/arn:aws:lambda:us-east-1:061151021706:function:registroCognito/invocations",
            "passthrough_behavior": "",
            "payload_format_version": "2.0",
            "request_parameters": null,
            "request_templates": null,
            "response_parameters": [],
            "template_selection_expression": "",
            "timeout_milliseconds": 30000,
            "tls_config": []
          },
          "sensitive_attributes": [],
          "identity_schema_version": 0,
          "private": "bnVsbA==",
          "dependencies": [
            "data.aws_caller_identity.current",
            "module.api_gateway.aws_apigatewayv2_api.this",
            "module.cognito.aws_cognito_user_pool.this",
            "module.cognito.aws_cognito_user_pool_client.this",
            "module.lambdas.aws_lambda_function.this",
            "module.user_photos_bucket.aws_s3_bucket.this",
            "module.user_photos_bucket.aws_s3_bucket_policy.this",
            "module.user_photos_bucket.aws_s3_bucket_public_access_block.this",
            "module.user_photos_bucket.aws_s3_directory_bucket.this",
            "module.user_photos_bucket.data.aws_caller_identity.current",
            "module.user_photos_bucket.data.aws_iam_policy_document.access_log_delivery",
            "module.user_photos_bucket.data.aws_iam_policy_document.combined",
            "module.user_photos_bucket.data.aws_iam_policy_document.deny_incorrect_encryption_headers",
            "module.user_photos_bucket.data.aws_iam_policy_document.deny_incorrect_kms_key_sse",
            "module.user_photos_bucket.data.aws_iam_policy_document.deny_insecure_transport",
            "module.user_photos_bucket.data.aws_iam_policy_document.deny_ssec_encrypted_object_uploads",
            "module.user_photos_bucket.data.aws_iam_policy_document.deny_unencrypted_object_uploads",
            "module.user_photos_bucket.data.aws_iam_policy_document.elb_log_delivery",
            "module.user_photos_bucket.data.aws_iam_policy_document.inventory_and_analytics_destination_policy",
            "module.user_photos_bucket.data.aws_iam_policy_document.lb_log_delivery",
            "module.user_photos_bucket.data.aws_iam_policy_document.require_latest_tls",
            "module.user_photos_bucket.data.aws_iam_policy_document.waf_log_delivery",
            "module.user_photos_bucket.data.aws_partition.current",
            "module.user_photos_bucket.data.aws_region.current",
            "random_id.bucket_suffix"
          ]
        }
      ]
    },
    {
      "module": "module.api_gateway",
      "mode": "managed",
      "type": "aws_apigatewayv2_integration",
      "name": "remove_favorite",
      "provider": "provider[\"registry.terraform.io/hashicorp/aws\"]",
      "instances": [
        {
          "schema_version": 0,
          "attributes": {
            "api_id": "0uuzval7sl",
            "connection_id": "",
            "connection_type": "INTERNET",
            "content_handling_strategy": "",
            "credentials_arn": "",
            "description": "",
            "id": "0upb6bv",
            "integration_method": "POST",
            "integration_response_selection_expression": "",
            "integration_subtype": "",
            "integration_type": "AWS_PROXY",
            "integration_uri": "arn:aws:apigateway:us-east-1:lambda:path/2015-03-31/functions/arn:aws:lambda:us-east-1:061151021706:function:removeFavorite/invocations",
            "passthrough_behavior": "",
            "payload_format_version": "2.0",
            "request_parameters": null,
            "request_templates": null,
            "response_parameters": [],
            "template_selection_expression": "",
            "timeout_milliseconds": 30000,
            "tls_config": []
          },
          "sensitive_attributes": [],
          "identity_schema_version": 0,
          "private": "bnVsbA==",
          "dependencies": [
            "data.aws_caller_identity.current",
            "module.api_gateway.aws_apigatewayv2_api.this",
            "module.cognito.aws_cognito_user_pool.this",
            "module.cognito.aws_cognito_user_pool_client.this",
            "module.lambdas.aws_lambda_function.this",
            "module.user_photos_bucket.aws_s3_bucket.this",
            "module.user_photos_bucket.aws_s3_bucket_policy.this",
            "module.user_photos_bucket.aws_s3_bucket_public_access_block.this",
            "module.user_photos_bucket.aws_s3_directory_bucket.this",
            "module.user_photos_bucket.data.aws_caller_identity.current",
            "module.user_photos_bucket.data.aws_iam_policy_document.access_log_delivery",
            "module.user_photos_bucket.data.aws_iam_policy_document.combined",
            "module.user_photos_bucket.data.aws_iam_policy_document.deny_incorrect_encryption_headers",
            "module.user_photos_bucket.data.aws_iam_policy_document.deny_incorrect_kms_key_sse",
            "module.user_photos_bucket.data.aws_iam_policy_document.deny_insecure_transport",
            "module.user_photos_bucket.data.aws_iam_policy_document.deny_ssec_encrypted_object_uploads",
            "module.user_photos_bucket.data.aws_iam_policy_document.deny_unencrypted_object_uploads",
            "module.user_photos_bucket.data.aws_iam_policy_document.elb_log_delivery",
            "module.user_photos_bucket.data.aws_iam_policy_document.inventory_and_analytics_destination_policy",
            "module.user_photos_bucket.data.aws_iam_policy_document.lb_log_delivery",
            "module.user_photos_bucket.data.aws_iam_policy_document.require_latest_tls",
            "module.user_photos_bucket.data.aws_iam_policy_document.waf_log_delivery",
            "module.user_photos_bucket.data.aws_partition.current",
            "module.user_photos_bucket.data.aws_region.current",
            "random_id.bucket_suffix"
          ]
        }
      ]
    },
    {
      "module": "module.api_gateway",
      "mode": "managed",
      "type": "aws_apigatewayv2_route",
      "name": "add_favorite",
      "provider": "provider[\"registry.terraform.io/hashicorp/aws\"]",
      "instances": [
        {
          "schema_version": 0,
          "attributes": {
            "api_id": "0uuzval7sl",
            "api_key_required": false,
            "authorization_scopes": null,
            "authorization_type": "NONE",
            "authorizer_id": "",
            "id": "aup517e",
            "model_selection_expression": "",
            "operation_name": "",
            "request_models": null,
            "request_parameter": [],
            "route_key": "POST /addFavorite",
            "route_response_selection_expression": "",
            "target": "integrations/wxxkspl"
          },
          "sensitive_attributes": [],
          "identity_schema_version": 0,
          "private": "bnVsbA==",
          "dependencies": [
            "data.aws_caller_identity.current",
            "module.api_gateway.aws_apigatewayv2_api.this",
            "module.api_gateway.aws_apigatewayv2_integration.add_favorite",
            "module.cognito.aws_cognito_user_pool.this",
            "module.cognito.aws_cognito_user_pool_client.this",
            "module.lambdas.aws_lambda_function.this",
            "module.user_photos_bucket.aws_s3_bucket.this",
            "module.user_photos_bucket.aws_s3_bucket_policy.this",
            "module.user_photos_bucket.aws_s3_bucket_public_access_block.this",
            "module.user_photos_bucket.aws_s3_directory_bucket.this",
            "module.user_photos_bucket.data.aws_caller_identity.current",
            "module.user_photos_bucket.data.aws_iam_policy_document.access_log_delivery",
            "module.user_photos_bucket.data.aws_iam_policy_document.combined",
            "module.user_photos_bucket.data.aws_iam_policy_document.deny_incorrect_encryption_headers",
            "module.user_photos_bucket.data.aws_iam_policy_document.deny_incorrect_kms_key_sse",
            "module.user_photos_bucket.data.aws_iam_policy_document.deny_insecure_transport",
            "module.user_photos_bucket.data.aws_iam_policy_document.deny_ssec_encrypted_object_uploads",
            "module.user_photos_bucket.data.aws_iam_policy_document.deny_unencrypted_object_uploads",
            "module.user_photos_bucket.data.aws_iam_policy_document.elb_log_delivery",
            "module.user_photos_bucket.data.aws_iam_policy_document.inventory_and_analytics_destination_policy",
            "module.user_photos_bucket.data.aws_iam_policy_document.lb_log_delivery",
            "module.user_photos_bucket.data.aws_iam_policy_document.require_latest_tls",
            "module.user_photos_bucket.data.aws_iam_policy_document.waf_log_delivery",
            "module.user_photos_bucket.data.aws_partition.current",
            "module.user_photos_bucket.data.aws_region.current",
            "random_id.bucket_suffix"
          ]
        }
      ]
    },
    {
      "module": "module.api_gateway",
      "mode": "managed",
      "type": "aws_apigatewayv2_route",
      "name": "busqueda_get",
      "provider": "provider[\"registry.terraform.io/hashicorp/aws\"]",
      "instances": [
        {
          "schema_version": 0,
          "attributes": {
            "api_id": "0uuzval7sl",
            "api_key_required": false,
            "authorization_scopes": null,
            "authorization_type": "NONE",
            "authorizer_id": "",
            "id": "a6rfqyf",
            "model_selection_expression": "",
            "operation_name": "",
            "request_models": null,
            "request_parameter": [],
            "route_key": "GET /busqueda",
            "route_response_selection_expression": "",
            "target": "integrations/2jta1cs"
          },
          "sensitive_attributes": [],
          "identity_schema_version": 0,
          "private": "bnVsbA==",
          "dependencies": [
            "data.aws_caller_identity.current",
            "module.api_gateway.aws_apigatewayv2_api.this",
            "module.api_gateway.aws_apigatewayv2_integration.busqueda_get",
            "module.cognito.aws_cognito_user_pool.this",
            "module.cognito.aws_cognito_user_pool_client.this",
            "module.lambdas.aws_lambda_function.this",
            "module.user_photos_bucket.aws_s3_bucket.this",
            "module.user_photos_bucket.aws_s3_bucket_policy.this",
            "module.user_photos_bucket.aws_s3_bucket_public_access_block.this",
            "module.user_photos_bucket.aws_s3_directory_bucket.this",
            "module.user_photos_bucket.data.aws_caller_identity.current",
            "module.user_photos_bucket.data.aws_iam_policy_document.access_log_delivery",
            "module.user_photos_bucket.data.aws_iam_policy_document.combined",
            "module.user_photos_bucket.data.aws_iam_policy_document.deny_incorrect_encryption_headers",
            "module.user_photos_bucket.data.aws_iam_policy_document.deny_incorrect_kms_key_sse",
            "module.user_photos_bucket.data.aws_iam_policy_document.deny_insecure_transport",
            "module.user_photos_bucket.data.aws_iam_policy_document.deny_ssec_encrypted_object_uploads",
            "module.user_photos_bucket.data.aws_iam_policy_document.deny_unencrypted_object_uploads",
            "module.user_photos_bucket.data.aws_iam_policy_document.elb_log_delivery",
            "module.user_photos_bucket.data.aws_iam_policy_document.inventory_and_analytics_destination_policy",
            "module.user_photos_bucket.data.aws_iam_policy_document.lb_log_delivery",
            "module.user_photos_bucket.data.aws_iam_policy_document.require_latest_tls",
            "module.user_photos_bucket.data.aws_iam_policy_document.waf_log_delivery",
            "module.user_photos_bucket.data.aws_partition.current",
            "module.user_photos_bucket.data.aws_region.current",
            "random_id.bucket_suffix"
          ]
        }
      ]
    },
    {
      "module": "module.api_gateway",
      "mode": "managed",
      "type": "aws_apigatewayv2_route",
      "name": "confirmar_usuario",
      "provider": "provider[\"registry.terraform.io/hashicorp/aws\"]",
      "instances": [
        {
          "schema_version": 0,
          "attributes": {
            "api_id": "0uuzval7sl",
            "api_key_required": false,
            "authorization_scopes": null,
            "authorization_type": "NONE",
            "authorizer_id": "",
            "id": "w2wwm6g",
            "model_selection_expression": "",
            "operation_name": "",
            "request_models": null,
            "request_parameter": [],
            "route_key": "POST /confirmar",
            "route_response_selection_expression": "",
            "target": "integrations/yygcw0d"
          },
          "sensitive_attributes": [],
          "identity_schema_version": 0,
          "private": "bnVsbA==",
          "dependencies": [
            "data.aws_caller_identity.current",
            "module.api_gateway.aws_apigatewayv2_api.this",
            "module.api_gateway.aws_apigatewayv2_integration.confirmar_usuario",
            "module.cognito.aws_cognito_user_pool.this",
            "module.cognito.aws_cognito_user_pool_client.this",
            "module.lambdas.aws_lambda_function.this",
            "module.user_photos_bucket.aws_s3_bucket.this",
            "module.user_photos_bucket.aws_s3_bucket_policy.this",
            "module.user_photos_bucket.aws_s3_bucket_public_access_block.this",
            "module.user_photos_bucket.aws_s3_directory_bucket.this",
            "module.user_photos_bucket.data.aws_caller_identity.current",
            "module.user_photos_bucket.data.aws_iam_policy_document.access_log_delivery",
            "module.user_photos_bucket.data.aws_iam_policy_document.combined",
            "module.user_photos_bucket.data.aws_iam_policy_document.deny_incorrect_encryption_headers",
            "module.user_photos_bucket.data.aws_iam_policy_document.deny_incorrect_kms_key_sse",
            "module.user_photos_bucket.data.aws_iam_policy_document.deny_insecure_transport",
            "module.user_photos_bucket.data.aws_iam_policy_document.deny_ssec_encrypted_object_uploads",
            "module.user_photos_bucket.data.aws_iam_policy_document.deny_unencrypted_object_uploads",
            "module.user_photos_bucket.data.aws_iam_policy_document.elb_log_delivery",
            "module.user_photos_bucket.data.aws_iam_policy_document.inventory_and_analytics_destination_policy",
            "module.user_photos_bucket.data.aws_iam_policy_document.lb_log_delivery",
            "module.user_photos_bucket.data.aws_iam_policy_document.require_latest_tls",
            "module.user_photos_bucket.data.aws_iam_policy_document.waf_log_delivery",
            "module.user_photos_bucket.data.aws_partition.current",
            "module.user_photos_bucket.data.aws_region.current",
            "random_id.bucket_suffix"
          ]
        }
      ]
    },
    {
      "module": "module.api_gateway",
      "mode": "managed",
      "type": "aws_apigatewayv2_route",
      "name": "get_favorites",
      "provider": "provider[\"registry.terraform.io/hashicorp/aws\"]",
      "instances": [
        {
          "schema_version": 0,
          "attributes": {
            "api_id": "0uuzval7sl",
            "api_key_required": false,
            "authorization_scopes": null,
            "authorization_type": "NONE",
            "authorizer_id": "",
            "id": "m6nqlwe",
            "model_selection_expression": "",
            "operation_name": "",
            "request_models": null,
            "request_parameter": [],
            "route_key": "GET /getFavorites",
            "route_response_selection_expression": "",
            "target": "integrations/ec4jzms"
          },
          "sensitive_attributes": [],
          "identity_schema_version": 0,
          "private": "bnVsbA==",
          "dependencies": [
            "data.aws_caller_identity.current",
            "module.api_gateway.aws_apigatewayv2_api.this",
            "module.api_gateway.aws_apigatewayv2_integration.get_favorites",
            "module.cognito.aws_cognito_user_pool.this",
            "module.cognito.aws_cognito_user_pool_client.this",
            "module.lambdas.aws_lambda_function.this",
            "module.user_photos_bucket.aws_s3_bucket.this",
            "module.user_photos_bucket.aws_s3_bucket_policy.this",
            "module.user_photos_bucket.aws_s3_bucket_public_access_block.this",
            "module.user_photos_bucket.aws_s3_directory_bucket.this",
            "module.user_photos_bucket.data.aws_caller_identity.current",
            "module.user_photos_bucket.data.aws_iam_policy_document.access_log_delivery",
            "module.user_photos_bucket.data.aws_iam_policy_document.combined",
            "module.user_photos_bucket.data.aws_iam_policy_document.deny_incorrect_encryption_headers",
            "module.user_photos_bucket.data.aws_iam_policy_document.deny_incorrect_kms_key_sse",
            "module.user_photos_bucket.data.aws_iam_policy_document.deny_insecure_transport",
            "module.user_photos_bucket.data.aws_iam_policy_document.deny_ssec_encrypted_object_uploads",
            "module.user_photos_bucket.data.aws_iam_policy_document.deny_unencrypted_object_uploads",
            "module.user_photos_bucket.data.aws_iam_policy_document.elb_log_delivery",
            "module.user_photos_bucket.data.aws_iam_policy_document.inventory_and_analytics_destination_policy",
            "module.user_photos_bucket.data.aws_iam_policy_document.lb_log_delivery",
            "module.user_photos_bucket.data.aws_iam_policy_document.require_latest_tls",
            "module.user_photos_bucket.data.aws_iam_policy_document.waf_log_delivery",
            "module.user_photos_bucket.data.aws_partition.current",
            "module.user_photos_bucket.data.aws_region.current",
            "random_id.bucket_suffix"
          ]
        }
      ]
    },
    {
      "module": "module.api_gateway",
      "mode": "managed",
      "type": "aws_apigatewayv2_route",
      "name": "guardar_receta_post",
      "provider": "provider[\"registry.terraform.io/hashicorp/aws\"]",
      "instances": [
        {
          "schema_version": 0,
          "attributes": {
            "api_id": "0uuzval7sl",
            "api_key_required": false,
            "authorization_scopes": null,
            "authorization_type": "NONE",
            "authorizer_id": "",
            "id": "5lfrxo6",
            "model_selection_expression": "",
            "operation_name": "",
            "request_models": null,
            "request_parameter": [],
            "route_key": "POST /guardar_receta",
            "route_response_selection_expression": "",
            "target": "integrations/a14ica8"
          },
          "sensitive_attributes": [],
          "identity_schema_version": 0,
          "private": "bnVsbA==",
          "dependencies": [
            "data.aws_caller_identity.current",
            "module.api_gateway.aws_apigatewayv2_api.this",
            "module.api_gateway.aws_apigatewayv2_integration.guardar_receta_post",
            "module.cognito.aws_cognito_user_pool.this",
            "module.cognito.aws_cognito_user_pool_client.this",
            "module.lambdas.aws_lambda_function.this",
            "module.user_photos_bucket.aws_s3_bucket.this",
            "module.user_photos_bucket.aws_s3_bucket_policy.this",
            "module.user_photos_bucket.aws_s3_bucket_public_access_block.this",
            "module.user_photos_bucket.aws_s3_directory_bucket.this",
            "module.user_photos_bucket.data.aws_caller_identity.current",
            "module.user_photos_bucket.data.aws_iam_policy_document.access_log_delivery",
            "module.user_photos_bucket.data.aws_iam_policy_document.combined",
            "module.user_photos_bucket.data.aws_iam_policy_document.deny_incorrect_encryption_headers",
            "module.user_photos_bucket.data.aws_iam_policy_document.deny_incorrect_kms_key_sse",
            "module.user_photos_bucket.data.aws_iam_policy_document.deny_insecure_transport",
            "module.user_photos_bucket.data.aws_iam_policy_document.deny_ssec_encrypted_object_uploads",
            "module.user_photos_bucket.data.aws_iam_policy_document.deny_unencrypted_object_uploads",
            "module.user_photos_bucket.data.aws_iam_policy_document.elb_log_delivery",
            "module.user_photos_bucket.data.aws_iam_policy_document.inventory_and_analytics_destination_policy",
            "module.user_photos_bucket.data.aws_iam_policy_document.lb_log_delivery",
            "module.user_photos_bucket.data.aws_iam_policy_document.require_latest_tls",
            "module.user_photos_bucket.data.aws_iam_policy_document.waf_log_delivery",
            "module.user_photos_bucket.data.aws_partition.current",
            "module.user_photos_bucket.data.aws_region.current",
            "random_id.bucket_suffix"
          ]
        }
      ]
    },
    {
      "module": "module.api_gateway",
      "mode": "managed",
      "type": "aws_apigatewayv2_route",
      "name": "login_cognito",
      "provider": "provider[\"registry.terraform.io/hashicorp/aws\"]",
      "instances": [
        {
          "schema_version": 0,
          "attributes": {
            "api_id": "0uuzval7sl",
            "api_key_required": false,
            "authorization_scopes": null,
            "authorization_type": "NONE",
            "authorizer_id": "",
            "id": "ctxeojq",
            "model_selection_expression": "",
            "operation_name": "",
            "request_models": null,
            "request_parameter": [],
            "route_key": "POST /login",
            "route_response_selection_expression": "",
            "target": "integrations/irngp5b"
          },
          "sensitive_attributes": [],
          "identity_schema_version": 0,
          "private": "bnVsbA==",
          "dependencies": [
            "data.aws_caller_identity.current",
            "module.api_gateway.aws_apigatewayv2_api.this",
            "module.api_gateway.aws_apigatewayv2_integration.login_cognito",
            "module.cognito.aws_cognito_user_pool.this",
            "module.cognito.aws_cognito_user_pool_client.this",
            "module.lambdas.aws_lambda_function.this",
            "module.user_photos_bucket.aws_s3_bucket.this",
            "module.user_photos_bucket.aws_s3_bucket_policy.this",
            "module.user_photos_bucket.aws_s3_bucket_public_access_block.this",
            "module.user_photos_bucket.aws_s3_directory_bucket.this",
            "module.user_photos_bucket.data.aws_caller_identity.current",
            "module.user_photos_bucket.data.aws_iam_policy_document.access_log_delivery",
            "module.user_photos_bucket.data.aws_iam_policy_document.combined",
            "module.user_photos_bucket.data.aws_iam_policy_document.deny_incorrect_encryption_headers",
            "module.user_photos_bucket.data.aws_iam_policy_document.deny_incorrect_kms_key_sse",
            "module.user_photos_bucket.data.aws_iam_policy_document.deny_insecure_transport",
            "module.user_photos_bucket.data.aws_iam_policy_document.deny_ssec_encrypted_object_uploads",
            "module.user_photos_bucket.data.aws_iam_policy_document.deny_unencrypted_object_uploads",
            "module.user_photos_bucket.data.aws_iam_policy_document.elb_log_delivery",
            "module.user_photos_bucket.data.aws_iam_policy_document.inventory_and_analytics_destination_policy",
            "module.user_photos_bucket.data.aws_iam_policy_document.lb_log_delivery",
            "module.user_photos_bucket.data.aws_iam_policy_document.require_latest_tls",
            "module.user_photos_bucket.data.aws_iam_policy_document.waf_log_delivery",
            "module.user_photos_bucket.data.aws_partition.current",
            "module.user_photos_bucket.data.aws_region.current",
            "random_id.bucket_suffix"
          ]
        }
      ]
    },
    {
      "module": "module.api_gateway",
      "mode": "managed",
      "type": "aws_apigatewayv2_route",
      "name": "logout_cognito",
      "provider": "provider[\"registry.terraform.io/hashicorp/aws\"]",
      "instances": [
        {
          "schema_version": 0,
          "attributes": {
            "api_id": "0uuzval7sl",
            "api_key_required": false,
            "authorization_scopes": null,
            "authorization_type": "NONE",
            "authorizer_id": "",
            "id": "s8x8n02",
            "model_selection_expression": "",
            "operation_name": "",
            "request_models": null,
            "request_parameter": [],
            "route_key": "POST /logout",
            "route_response_selection_expression": "",
            "target": "integrations/oxpjef0"
          },
          "sensitive_attributes": [],
          "identity_schema_version": 0,
          "private": "bnVsbA==",
          "dependencies": [
            "data.aws_caller_identity.current",
            "module.api_gateway.aws_apigatewayv2_api.this",
            "module.api_gateway.aws_apigatewayv2_integration.logout_cognito",
            "module.cognito.aws_cognito_user_pool.this",
            "module.cognito.aws_cognito_user_pool_client.this",
            "module.lambdas.aws_lambda_function.this",
            "module.user_photos_bucket.aws_s3_bucket.this",
            "module.user_photos_bucket.aws_s3_bucket_policy.this",
            "module.user_photos_bucket.aws_s3_bucket_public_access_block.this",
            "module.user_photos_bucket.aws_s3_directory_bucket.this",
            "module.user_photos_bucket.data.aws_caller_identity.current",
            "module.user_photos_bucket.data.aws_iam_policy_document.access_log_delivery",
            "module.user_photos_bucket.data.aws_iam_policy_document.combined",
            "module.user_photos_bucket.data.aws_iam_policy_document.deny_incorrect_encryption_headers",
            "module.user_photos_bucket.data.aws_iam_policy_document.deny_incorrect_kms_key_sse",
            "module.user_photos_bucket.data.aws_iam_policy_document.deny_insecure_transport",
            "module.user_photos_bucket.data.aws_iam_policy_document.deny_ssec_encrypted_object_uploads",
            "module.user_photos_bucket.data.aws_iam_policy_document.deny_unencrypted_object_uploads",
            "module.user_photos_bucket.data.aws_iam_policy_document.elb_log_delivery",
            "module.user_photos_bucket.data.aws_iam_policy_document.inventory_and_analytics_destination_policy",
            "module.user_photos_bucket.data.aws_iam_policy_document.lb_log_delivery",
            "module.user_photos_bucket.data.aws_iam_policy_document.require_latest_tls",
            "module.user_photos_bucket.data.aws_iam_policy_document.waf_log_delivery",
            "module.user_photos_bucket.data.aws_partition.current",
            "module.user_photos_bucket.data.aws_region.current",
            "random_id.bucket_suffix"
          ]
        }
      ]
    },
    {
      "module": "module.api_gateway",
      "mode": "managed",
      "type": "aws_apigatewayv2_route",
      "name": "obtener_recetas_usuario",
      "provider": "provider[\"registry.terraform.io/hashicorp/aws\"]",
      "instances": [
        {
          "schema_version": 0,
          "attributes": {
            "api_id": "0uuzval7sl",
            "api_key_required": false,
            "authorization_scopes": null,
            "authorization_type": "NONE",
            "authorizer_id": "",
            "id": "th73kna",
            "model_selection_expression": "",
            "operation_name": "",
            "request_models": null,
            "request_parameter": [],
            "route_key": "GET /mis-recetas",
            "route_response_selection_expression": "",
            "target": "integrations/y49mj5s"
          },
          "sensitive_attributes": [],
          "identity_schema_version": 0,
          "private": "bnVsbA==",
          "dependencies": [
            "data.aws_caller_identity.current",
            "module.api_gateway.aws_apigatewayv2_api.this",
            "module.api_gateway.aws_apigatewayv2_integration.obtener_recetas_usuario",
            "module.cognito.aws_cognito_user_pool.this",
            "module.cognito.aws_cognito_user_pool_client.this",
            "module.lambdas.aws_lambda_function.this",
            "module.user_photos_bucket.aws_s3_bucket.this",
            "module.user_photos_bucket.aws_s3_bucket_policy.this",
            "module.user_photos_bucket.aws_s3_bucket_public_access_block.this",
            "module.user_photos_bucket.aws_s3_directory_bucket.this",
            "module.user_photos_bucket.data.aws_caller_identity.current",
            "module.user_photos_bucket.data.aws_iam_policy_document.access_log_delivery",
            "module.user_photos_bucket.data.aws_iam_policy_document.combined",
            "module.user_photos_bucket.data.aws_iam_policy_document.deny_incorrect_encryption_headers",
            "module.user_photos_bucket.data.aws_iam_policy_document.deny_incorrect_kms_key_sse",
            "module.user_photos_bucket.data.aws_iam_policy_document.deny_insecure_transport",
            "module.user_photos_bucket.data.aws_iam_policy_document.deny_ssec_encrypted_object_uploads",
            "module.user_photos_bucket.data.aws_iam_policy_document.deny_unencrypted_object_uploads",
            "module.user_photos_bucket.data.aws_iam_policy_document.elb_log_delivery",
            "module.user_photos_bucket.data.aws_iam_policy_document.inventory_and_analytics_destination_policy",
            "module.user_photos_bucket.data.aws_iam_policy_document.lb_log_delivery",
            "module.user_photos_bucket.data.aws_iam_policy_document.require_latest_tls",
            "module.user_photos_bucket.data.aws_iam_policy_document.waf_log_delivery",
            "module.user_photos_bucket.data.aws_partition.current",
            "module.user_photos_bucket.data.aws_region.current",
            "random_id.bucket_suffix"
          ]
        }
      ]
    },
    {
      "module": "module.api_gateway",
      "mode": "managed",
      "type": "aws_apigatewayv2_route",
      "name": "recetas_get",
      "provider": "provider[\"registry.terraform.io/hashicorp/aws\"]",
      "instances": [
        {
          "schema_version": 0,
          "attributes": {
            "api_id": "0uuzval7sl",
            "api_key_required": false,
            "authorization_scopes": null,
            "authorization_type": "NONE",
            "authorizer_id": "",
            "id": "f2759oj",
            "model_selection_expression": "",
            "operation_name": "",
            "request_models": null,
            "request_parameter": [],
            "route_key": "GET /recetas/{id}",
            "route_response_selection_expression": "",
            "target": "integrations/oy4g7hj"
          },
          "sensitive_attributes": [],
          "identity_schema_version": 0,
          "private": "bnVsbA==",
          "dependencies": [
            "data.aws_caller_identity.current",
            "module.api_gateway.aws_apigatewayv2_api.this",
            "module.api_gateway.aws_apigatewayv2_integration.recetas_get",
            "module.cognito.aws_cognito_user_pool.this",
            "module.cognito.aws_cognito_user_pool_client.this",
            "module.lambdas.aws_lambda_function.this",
            "module.user_photos_bucket.aws_s3_bucket.this",
            "module.user_photos_bucket.aws_s3_bucket_policy.this",
            "module.user_photos_bucket.aws_s3_bucket_public_access_block.this",
            "module.user_photos_bucket.aws_s3_directory_bucket.this",
            "module.user_photos_bucket.data.aws_caller_identity.current",
            "module.user_photos_bucket.data.aws_iam_policy_document.access_log_delivery",
            "module.user_photos_bucket.data.aws_iam_policy_document.combined",
            "module.user_photos_bucket.data.aws_iam_policy_document.deny_incorrect_encryption_headers",
            "module.user_photos_bucket.data.aws_iam_policy_document.deny_incorrect_kms_key_sse",
            "module.user_photos_bucket.data.aws_iam_policy_document.deny_insecure_transport",
            "module.user_photos_bucket.data.aws_iam_policy_document.deny_ssec_encrypted_object_uploads",
            "module.user_photos_bucket.data.aws_iam_policy_document.deny_unencrypted_object_uploads",
            "module.user_photos_bucket.data.aws_iam_policy_document.elb_log_delivery",
            "module.user_photos_bucket.data.aws_iam_policy_document.inventory_and_analytics_destination_policy",
            "module.user_photos_bucket.data.aws_iam_policy_document.lb_log_delivery",
            "module.user_photos_bucket.data.aws_iam_policy_document.require_latest_tls",
            "module.user_photos_bucket.data.aws_iam_policy_document.waf_log_delivery",
            "module.user_photos_bucket.data.aws_partition.current",
            "module.user_photos_bucket.data.aws_region.current",
            "random_id.bucket_suffix"
          ]
        }
      ]
    },
    {
      "module": "module.api_gateway",
      "mode": "managed",
      "type": "aws_apigatewayv2_route",
      "name": "registro_cognito",
      "provider": "provider[\"registry.terraform.io/hashicorp/aws\"]",
      "instances": [
        {
          "schema_version": 0,
          "attributes": {
            "api_id": "0uuzval7sl",
            "api_key_required": false,
            "authorization_scopes": null,
            "authorization_type": "NONE",
            "authorizer_id": "",
            "id": "crfe1k2",
            "model_selection_expression": "",
            "operation_name": "",
            "request_models": null,
            "request_parameter": [],
            "route_key": "POST /registro",
            "route_response_selection_expression": "",
            "target": "integrations/nq2now6"
          },
          "sensitive_attributes": [],
          "identity_schema_version": 0,
          "private": "bnVsbA==",
          "dependencies": [
            "data.aws_caller_identity.current",
            "module.api_gateway.aws_apigatewayv2_api.this",
            "module.api_gateway.aws_apigatewayv2_integration.registro_cognito",
            "module.cognito.aws_cognito_user_pool.this",
            "module.cognito.aws_cognito_user_pool_client.this",
            "module.lambdas.aws_lambda_function.this",
            "module.user_photos_bucket.aws_s3_bucket.this",
            "module.user_photos_bucket.aws_s3_bucket_policy.this",
            "module.user_photos_bucket.aws_s3_bucket_public_access_block.this",
            "module.user_photos_bucket.aws_s3_directory_bucket.this",
            "module.user_photos_bucket.data.aws_caller_identity.current",
            "module.user_photos_bucket.data.aws_iam_policy_document.access_log_delivery",
            "module.user_photos_bucket.data.aws_iam_policy_document.combined",
            "module.user_photos_bucket.data.aws_iam_policy_document.deny_incorrect_encryption_headers",
            "module.user_photos_bucket.data.aws_iam_policy_document.deny_incorrect_kms_key_sse",
            "module.user_photos_bucket.data.aws_iam_policy_document.deny_insecure_transport",
            "module.user_photos_bucket.data.aws_iam_policy_document.deny_ssec_encrypted_object_uploads",
            "module.user_photos_bucket.data.aws_iam_policy_document.deny_unencrypted_object_uploads",
            "module.user_photos_bucket.data.aws_iam_policy_document.elb_log_delivery",
            "module.user_photos_bucket.data.aws_iam_policy_document.inventory_and_analytics_destination_policy",
            "module.user_photos_bucket.data.aws_iam_policy_document.lb_log_delivery",
            "module.user_photos_bucket.data.aws_iam_policy_document.require_latest_tls",
            "module.user_photos_bucket.data.aws_iam_policy_document.waf_log_delivery",
            "module.user_photos_bucket.data.aws_partition.current",
            "module.user_photos_bucket.data.aws_region.current",
            "random_id.bucket_suffix"
          ]
        }
      ]
    },
    {
      "module": "module.api_gateway",
      "mode": "managed",
      "type": "aws_apigatewayv2_route",
      "name": "remove_favorite",
      "provider": "provider[\"registry.terraform.io/hashicorp/aws\"]",
      "instances": [
        {
          "schema_version": 0,
          "attributes": {
            "api_id": "0uuzval7sl",
            "api_key_required": false,
            "authorization_scopes": null,
            "authorization_type": "NONE",
            "authorizer_id": "",
            "id": "9bwj5r9",
            "model_selection_expression": "",
            "operation_name": "",
            "request_models": null,
            "request_parameter": [],
            "route_key": "POST /removeFavorite",
            "route_response_selection_expression": "",
            "target": "integrations/0upb6bv"
          },
          "sensitive_attributes": [],
          "identity_schema_version": 0,
          "private": "bnVsbA==",
          "dependencies": [
            "data.aws_caller_identity.current",
            "module.api_gateway.aws_apigatewayv2_api.this",
            "module.api_gateway.aws_apigatewayv2_integration.remove_favorite",
            "module.cognito.aws_cognito_user_pool.this",
            "module.cognito.aws_cognito_user_pool_client.this",
            "module.lambdas.aws_lambda_function.this",
            "module.user_photos_bucket.aws_s3_bucket.this",
            "module.user_photos_bucket.aws_s3_bucket_policy.this",
            "module.user_photos_bucket.aws_s3_bucket_public_access_block.this",
            "module.user_photos_bucket.aws_s3_directory_bucket.this",
            "module.user_photos_bucket.data.aws_caller_identity.current",
            "module.user_photos_bucket.data.aws_iam_policy_document.access_log_delivery",
            "module.user_photos_bucket.data.aws_iam_policy_document.combined",
            "module.user_photos_bucket.data.aws_iam_policy_document.deny_incorrect_encryption_headers",
            "module.user_photos_bucket.data.aws_iam_policy_document.deny_incorrect_kms_key_sse",
            "module.user_photos_bucket.data.aws_iam_policy_document.deny_insecure_transport",
            "module.user_photos_bucket.data.aws_iam_policy_document.deny_ssec_encrypted_object_uploads",
            "module.user_photos_bucket.data.aws_iam_policy_document.deny_unencrypted_object_uploads",
            "module.user_photos_bucket.data.aws_iam_policy_document.elb_log_delivery",
            "module.user_photos_bucket.data.aws_iam_policy_document.inventory_and_analytics_destination_policy",
            "module.user_photos_bucket.data.aws_iam_policy_document.lb_log_delivery",
            "module.user_photos_bucket.data.aws_iam_policy_document.require_latest_tls",
            "module.user_photos_bucket.data.aws_iam_policy_document.waf_log_delivery",
            "module.user_photos_bucket.data.aws_partition.current",
            "module.user_photos_bucket.data.aws_region.current",
            "random_id.bucket_suffix"
          ]
        }
      ]
    },
    {
      "module": "module.api_gateway",
      "mode": "managed",
      "type": "aws_apigatewayv2_stage",
      "name": "this",
      "provider": "provider[\"registry.terraform.io/hashicorp/aws\"]",
      "instances": [
        {
          "schema_version": 0,
          "attributes": {
            "access_log_settings": [],
            "api_id": "0uuzval7sl",
            "arn": "arn:aws:apigateway:us-east-1::/apis/0uuzval7sl/stages/dev",
            "auto_deploy": true,
            "client_certificate_id": "",
            "default_route_settings": [
              {
                "data_trace_enabled": false,
                "detailed_metrics_enabled": false,
                "logging_level": "",
                "throttling_burst_limit": 0,
                "throttling_rate_limit": 0
              }
            ],
            "deployment_id": "",
            "description": "",
            "execution_arn": "arn:aws:execute-api:us-east-1:061151021706:0uuzval7sl/dev",
            "id": "dev",
            "invoke_url": "https://0uuzval7sl.execute-api.us-east-1.amazonaws.com/dev",
            "name": "dev",
            "route_settings": [],
            "stage_variables": {},
            "tags": {},
            "tags_all": {}
          },
          "sensitive_attributes": [],
          "identity_schema_version": 0,
          "private": "bnVsbA==",
          "dependencies": [
            "module.api_gateway.aws_apigatewayv2_api.this"
          ]
        }
      ]
    },
    {
      "module": "module.api_gateway",
      "mode": "managed",
      "type": "aws_lambda_permission",
      "name": "obtener_recetas_usuario",
      "provider": "provider[\"registry.terraform.io/hashicorp/aws\"]",
      "instances": [
        {
          "schema_version": 0,
          "attributes": {
            "action": "lambda:InvokeFunction",
            "event_source_token": null,
            "function_name": "obtenerRecetasUsuario",
            "function_url_auth_type": null,
            "id": "AllowExecutionFromAPIGateway_ObtenerRecetasUsuario",
            "principal": "apigateway.amazonaws.com",
            "principal_org_id": null,
            "qualifier": "",
            "source_account": null,
            "source_arn": "arn:aws:execute-api:us-east-1:061151021706:0uuzval7sl/*/*",
            "statement_id": "AllowExecutionFromAPIGateway_ObtenerRecetasUsuario",
            "statement_id_prefix": ""
          },
          "sensitive_attributes": [],
          "identity_schema_version": 0,
          "private": "bnVsbA==",
          "dependencies": [
            "data.aws_caller_identity.current",
            "module.api_gateway.aws_apigatewayv2_api.this",
            "module.cognito.aws_cognito_user_pool.this",
            "module.cognito.aws_cognito_user_pool_client.this",
            "module.lambdas.aws_lambda_function.this",
            "module.user_photos_bucket.aws_s3_bucket.this",
            "module.user_photos_bucket.aws_s3_bucket_policy.this",
            "module.user_photos_bucket.aws_s3_bucket_public_access_block.this",
            "module.user_photos_bucket.aws_s3_directory_bucket.this",
            "module.user_photos_bucket.data.aws_caller_identity.current",
            "module.user_photos_bucket.data.aws_iam_policy_document.access_log_delivery",
            "module.user_photos_bucket.data.aws_iam_policy_document.combined",
            "module.user_photos_bucket.data.aws_iam_policy_document.deny_incorrect_encryption_headers",
            "module.user_photos_bucket.data.aws_iam_policy_document.deny_incorrect_kms_key_sse",
            "module.user_photos_bucket.data.aws_iam_policy_document.deny_insecure_transport",
            "module.user_photos_bucket.data.aws_iam_policy_document.deny_ssec_encrypted_object_uploads",
            "module.user_photos_bucket.data.aws_iam_policy_document.deny_unencrypted_object_uploads",
            "module.user_photos_bucket.data.aws_iam_policy_document.elb_log_delivery",
            "module.user_photos_bucket.data.aws_iam_policy_document.inventory_and_analytics_destination_policy",
            "module.user_photos_bucket.data.aws_iam_policy_document.lb_log_delivery",
            "module.user_photos_bucket.data.aws_iam_policy_document.require_latest_tls",
            "module.user_photos_bucket.data.aws_iam_policy_document.waf_log_delivery",
            "module.user_photos_bucket.data.aws_partition.current",
            "module.user_photos_bucket.data.aws_region.current",
            "random_id.bucket_suffix"
          ]
        }
      ]
    },
    {
      "module": "module.api_gateway",
      "mode": "managed",
      "type": "aws_lambda_permission",
      "name": "permitir_add_favorite",
      "provider": "provider[\"registry.terraform.io/hashicorp/aws\"]",
      "instances": [
        {
          "schema_version": 0,
          "attributes": {
            "action": "lambda:InvokeFunction",
            "event_source_token": null,
            "function_name": "arn:aws:lambda:us-east-1:061151021706:function:addFavorite",
            "function_url_auth_type": null,
            "id": "AllowExecutionFromAPIGateway_AddFavorite",
            "principal": "apigateway.amazonaws.com",
            "principal_org_id": null,
            "qualifier": "",
            "source_account": null,
            "source_arn": "arn:aws:execute-api:us-east-1:061151021706:0uuzval7sl/*/*",
            "statement_id": "AllowExecutionFromAPIGateway_AddFavorite",
            "statement_id_prefix": ""
          },
          "sensitive_attributes": [],
          "identity_schema_version": 0,
          "private": "bnVsbA==",
          "dependencies": [
            "data.aws_caller_identity.current",
            "module.api_gateway.aws_apigatewayv2_api.this",
            "module.cognito.aws_cognito_user_pool.this",
            "module.cognito.aws_cognito_user_pool_client.this",
            "module.lambdas.aws_lambda_function.this",
            "module.user_photos_bucket.aws_s3_bucket.this",
            "module.user_photos_bucket.aws_s3_bucket_policy.this",
            "module.user_photos_bucket.aws_s3_bucket_public_access_block.this",
            "module.user_photos_bucket.aws_s3_directory_bucket.this",
            "module.user_photos_bucket.data.aws_caller_identity.current",
            "module.user_photos_bucket.data.aws_iam_policy_document.access_log_delivery",
            "module.user_photos_bucket.data.aws_iam_policy_document.combined",
            "module.user_photos_bucket.data.aws_iam_policy_document.deny_incorrect_encryption_headers",
            "module.user_photos_bucket.data.aws_iam_policy_document.deny_incorrect_kms_key_sse",
            "module.user_photos_bucket.data.aws_iam_policy_document.deny_insecure_transport",
            "module.user_photos_bucket.data.aws_iam_policy_document.deny_ssec_encrypted_object_uploads",
            "module.user_photos_bucket.data.aws_iam_policy_document.deny_unencrypted_object_uploads",
            "module.user_photos_bucket.data.aws_iam_policy_document.elb_log_delivery",
            "module.user_photos_bucket.data.aws_iam_policy_document.inventory_and_analytics_destination_policy",
            "module.user_photos_bucket.data.aws_iam_policy_document.lb_log_delivery",
            "module.user_photos_bucket.data.aws_iam_policy_document.require_latest_tls",
            "module.user_photos_bucket.data.aws_iam_policy_document.waf_log_delivery",
            "module.user_photos_bucket.data.aws_partition.current",
            "module.user_photos_bucket.data.aws_region.current",
            "random_id.bucket_suffix"
          ]
        }
      ]
    },
    {
      "module": "module.api_gateway",
      "mode": "managed",
      "type": "aws_lambda_permission",
      "name": "permitir_busqueda_recetas",
      "provider": "provider[\"registry.terraform.io/hashicorp/aws\"]",
      "instances": [
        {
          "schema_version": 0,
          "attributes": {
            "action": "lambda:InvokeFunction",
            "event_source_token": null,
            "function_name": "arn:aws:lambda:us-east-1:061151021706:function:busquedaRecetas",
            "function_url_auth_type": null,
            "id": "AllowExecutionFromAPIGateway_BusquedaRecetas",
            "principal": "apigateway.amazonaws.com",
            "principal_org_id": null,
            "qualifier": "",
            "source_account": null,
            "source_arn": "arn:aws:execute-api:us-east-1:061151021706:0uuzval7sl/*/*",
            "statement_id": "AllowExecutionFromAPIGateway_BusquedaRecetas",
            "statement_id_prefix": ""
          },
          "sensitive_attributes": [],
          "identity_schema_version": 0,
          "private": "bnVsbA==",
          "dependencies": [
            "data.aws_caller_identity.current",
            "module.api_gateway.aws_apigatewayv2_api.this",
            "module.cognito.aws_cognito_user_pool.this",
            "module.cognito.aws_cognito_user_pool_client.this",
            "module.lambdas.aws_lambda_function.this",
            "module.user_photos_bucket.aws_s3_bucket.this",
            "module.user_photos_bucket.aws_s3_bucket_policy.this",
            "module.user_photos_bucket.aws_s3_bucket_public_access_block.this",
            "module.user_photos_bucket.aws_s3_directory_bucket.this",
            "module.user_photos_bucket.data.aws_caller_identity.current",
            "module.user_photos_bucket.data.aws_iam_policy_document.access_log_delivery",
            "module.user_photos_bucket.data.aws_iam_policy_document.combined",
            "module.user_photos_bucket.data.aws_iam_policy_document.deny_incorrect_encryption_headers",
            "module.user_photos_bucket.data.aws_iam_policy_document.deny_incorrect_kms_key_sse",
            "module.user_photos_bucket.data.aws_iam_policy_document.deny_insecure_transport",
            "module.user_photos_bucket.data.aws_iam_policy_document.deny_ssec_encrypted_object_uploads",
            "module.user_photos_bucket.data.aws_iam_policy_document.deny_unencrypted_object_uploads",
            "module.user_photos_bucket.data.aws_iam_policy_document.elb_log_delivery",
            "module.user_photos_bucket.data.aws_iam_policy_document.inventory_and_analytics_destination_policy",
            "module.user_photos_bucket.data.aws_iam_policy_document.lb_log_delivery",
            "module.user_photos_bucket.data.aws_iam_policy_document.require_latest_tls",
            "module.user_photos_bucket.data.aws_iam_policy_document.waf_log_delivery",
            "module.user_photos_bucket.data.aws_partition.current",
            "module.user_photos_bucket.data.aws_region.current",
            "random_id.bucket_suffix"
          ]
        }
      ]
    },
    {
      "module": "module.api_gateway",
      "mode": "managed",
      "type": "aws_lambda_permission",
      "name": "permitir_confirmar_usuario",
      "provider": "provider[\"registry.terraform.io/hashicorp/aws\"]",
      "instances": [
        {
          "schema_version": 0,
          "attributes": {
            "action": "lambda:InvokeFunction",
            "event_source_token": null,
            "function_name": "arn:aws:lambda:us-east-1:061151021706:function:confirmarUsuarioCognito",
            "function_url_auth_type": null,
            "id": "AllowExecutionFromAPIGateway_ConfirmarUsuario",
            "principal": "apigateway.amazonaws.com",
            "principal_org_id": null,
            "qualifier": "",
            "source_account": null,
            "source_arn": "arn:aws:execute-api:us-east-1:061151021706:0uuzval7sl/*/*",
            "statement_id": "AllowExecutionFromAPIGateway_ConfirmarUsuario",
            "statement_id_prefix": ""
          },
          "sensitive_attributes": [],
          "identity_schema_version": 0,
          "private": "bnVsbA==",
          "dependencies": [
            "data.aws_caller_identity.current",
            "module.api_gateway.aws_apigatewayv2_api.this",
            "module.cognito.aws_cognito_user_pool.this",
            "module.cognito.aws_cognito_user_pool_client.this",
            "module.lambdas.aws_lambda_function.this",
            "module.user_photos_bucket.aws_s3_bucket.this",
            "module.user_photos_bucket.aws_s3_bucket_policy.this",
            "module.user_photos_bucket.aws_s3_bucket_public_access_block.this",
            "module.user_photos_bucket.aws_s3_directory_bucket.this",
            "module.user_photos_bucket.data.aws_caller_identity.current",
            "module.user_photos_bucket.data.aws_iam_policy_document.access_log_delivery",
            "module.user_photos_bucket.data.aws_iam_policy_document.combined",
            "module.user_photos_bucket.data.aws_iam_policy_document.deny_incorrect_encryption_headers",
            "module.user_photos_bucket.data.aws_iam_policy_document.deny_incorrect_kms_key_sse",
            "module.user_photos_bucket.data.aws_iam_policy_document.deny_insecure_transport",
            "module.user_photos_bucket.data.aws_iam_policy_document.deny_ssec_encrypted_object_uploads",
            "module.user_photos_bucket.data.aws_iam_policy_document.deny_unencrypted_object_uploads",
            "module.user_photos_bucket.data.aws_iam_policy_document.elb_log_delivery",
            "module.user_photos_bucket.data.aws_iam_policy_document.inventory_and_analytics_destination_policy",
            "module.user_photos_bucket.data.aws_iam_policy_document.lb_log_delivery",
            "module.user_photos_bucket.data.aws_iam_policy_document.require_latest_tls",
            "module.user_photos_bucket.data.aws_iam_policy_document.waf_log_delivery",
            "module.user_photos_bucket.data.aws_partition.current",
            "module.user_photos_bucket.data.aws_region.current",
            "random_id.bucket_suffix"
          ]
        }
      ]
    },
    {
      "module": "module.api_gateway",
      "mode": "managed",
      "type": "aws_lambda_permission",
      "name": "permitir_get_favorites",
      "provider": "provider[\"registry.terraform.io/hashicorp/aws\"]",
      "instances": [
        {
          "schema_version": 0,
          "attributes": {
            "action": "lambda:InvokeFunction",
            "event_source_token": null,
            "function_name": "arn:aws:lambda:us-east-1:061151021706:function:getFavorites",
            "function_url_auth_type": null,
            "id": "AllowExecutionFromAPIGateway_GetFavorites",
            "principal": "apigateway.amazonaws.com",
            "principal_org_id": null,
            "qualifier": "",
            "source_account": null,
            "source_arn": "arn:aws:execute-api:us-east-1:061151021706:0uuzval7sl/*/*",
            "statement_id": "AllowExecutionFromAPIGateway_GetFavorites",
            "statement_id_prefix": ""
          },
          "sensitive_attributes": [],
          "identity_schema_version": 0,
          "private": "bnVsbA==",
          "dependencies": [
            "data.aws_caller_identity.current",
            "module.api_gateway.aws_apigatewayv2_api.this",
            "module.cognito.aws_cognito_user_pool.this",
            "module.cognito.aws_cognito_user_pool_client.this",
            "module.lambdas.aws_lambda_function.this",
            "module.user_photos_bucket.aws_s3_bucket.this",
            "module.user_photos_bucket.aws_s3_bucket_policy.this",
            "module.user_photos_bucket.aws_s3_bucket_public_access_block.this",
            "module.user_photos_bucket.aws_s3_directory_bucket.this",
            "module.user_photos_bucket.data.aws_caller_identity.current",
            "module.user_photos_bucket.data.aws_iam_policy_document.access_log_delivery",
            "module.user_photos_bucket.data.aws_iam_policy_document.combined",
            "module.user_photos_bucket.data.aws_iam_policy_document.deny_incorrect_encryption_headers",
            "module.user_photos_bucket.data.aws_iam_policy_document.deny_incorrect_kms_key_sse",
            "module.user_photos_bucket.data.aws_iam_policy_document.deny_insecure_transport",
            "module.user_photos_bucket.data.aws_iam_policy_document.deny_ssec_encrypted_object_uploads",
            "module.user_photos_bucket.data.aws_iam_policy_document.deny_unencrypted_object_uploads",
            "module.user_photos_bucket.data.aws_iam_policy_document.elb_log_delivery",
            "module.user_photos_bucket.data.aws_iam_policy_document.inventory_and_analytics_destination_policy",
            "module.user_photos_bucket.data.aws_iam_policy_document.lb_log_delivery",
            "module.user_photos_bucket.data.aws_iam_policy_document.require_latest_tls",
            "module.user_photos_bucket.data.aws_iam_policy_document.waf_log_delivery",
            "module.user_photos_bucket.data.aws_partition.current",
            "module.user_photos_bucket.data.aws_region.current",
            "random_id.bucket_suffix"
          ]
        }
      ]
    },
    {
      "module": "module.api_gateway",
      "mode": "managed",
      "type": "aws_lambda_permission",
      "name": "permitir_guardar_receta",
      "provider": "provider[\"registry.terraform.io/hashicorp/aws\"]",
      "instances": [
        {
          "schema_version": 0,
          "attributes": {
            "action": "lambda:InvokeFunction",
            "event_source_token": null,
            "function_name": "arn:aws:lambda:us-east-1:061151021706:function:guardarReceta",
            "function_url_auth_type": null,
            "id": "AllowExecutionFromAPIGateway_GuardarReceta",
            "principal": "apigateway.amazonaws.com",
            "principal_org_id": null,
            "qualifier": "",
            "source_account": null,
            "source_arn": "arn:aws:execute-api:us-east-1:061151021706:0uuzval7sl/*/*",
            "statement_id": "AllowExecutionFromAPIGateway_GuardarReceta",
            "statement_id_prefix": ""
          },
          "sensitive_attributes": [],
          "identity_schema_version": 0,
          "private": "bnVsbA==",
          "dependencies": [
            "data.aws_caller_identity.current",
            "module.api_gateway.aws_apigatewayv2_api.this",
            "module.cognito.aws_cognito_user_pool.this",
            "module.cognito.aws_cognito_user_pool_client.this",
            "module.lambdas.aws_lambda_function.this",
            "module.user_photos_bucket.aws_s3_bucket.this",
            "module.user_photos_bucket.aws_s3_bucket_policy.this",
            "module.user_photos_bucket.aws_s3_bucket_public_access_block.this",
            "module.user_photos_bucket.aws_s3_directory_bucket.this",
            "module.user_photos_bucket.data.aws_caller_identity.current",
            "module.user_photos_bucket.data.aws_iam_policy_document.access_log_delivery",
            "module.user_photos_bucket.data.aws_iam_policy_document.combined",
            "module.user_photos_bucket.data.aws_iam_policy_document.deny_incorrect_encryption_headers",
            "module.user_photos_bucket.data.aws_iam_policy_document.deny_incorrect_kms_key_sse",
            "module.user_photos_bucket.data.aws_iam_policy_document.deny_insecure_transport",
            "module.user_photos_bucket.data.aws_iam_policy_document.deny_ssec_encrypted_object_uploads",
            "module.user_photos_bucket.data.aws_iam_policy_document.deny_unencrypted_object_uploads",
            "module.user_photos_bucket.data.aws_iam_policy_document.elb_log_delivery",
            "module.user_photos_bucket.data.aws_iam_policy_document.inventory_and_analytics_destination_policy",
            "module.user_photos_bucket.data.aws_iam_policy_document.lb_log_delivery",
            "module.user_photos_bucket.data.aws_iam_policy_document.require_latest_tls",
            "module.user_photos_bucket.data.aws_iam_policy_document.waf_log_delivery",
            "module.user_photos_bucket.data.aws_partition.current",
            "module.user_photos_bucket.data.aws_region.current",
            "random_id.bucket_suffix"
          ]
        }
      ]
    },
    {
      "module": "module.api_gateway",
      "mode": "managed",
      "type": "aws_lambda_permission",
      "name": "permitir_login_cognito",
      "provider": "provider[\"registry.terraform.io/hashicorp/aws\"]",
      "instances": [
        {
          "schema_version": 0,
          "attributes": {
            "action": "lambda:InvokeFunction",
            "event_source_token": null,
            "function_name": "arn:aws:lambda:us-east-1:061151021706:function:inicioSesionCognito",
            "function_url_auth_type": null,
            "id": "AllowExecutionFromAPIGateway_LoginCognito",
            "principal": "apigateway.amazonaws.com",
            "principal_org_id": null,
            "qualifier": "",
            "source_account": null,
            "source_arn": "arn:aws:execute-api:us-east-1:061151021706:0uuzval7sl/*/*",
            "statement_id": "AllowExecutionFromAPIGateway_LoginCognito",
            "statement_id_prefix": ""
          },
          "sensitive_attributes": [],
          "identity_schema_version": 0,
          "private": "bnVsbA==",
          "dependencies": [
            "data.aws_caller_identity.current",
            "module.api_gateway.aws_apigatewayv2_api.this",
            "module.cognito.aws_cognito_user_pool.this",
            "module.cognito.aws_cognito_user_pool_client.this",
            "module.lambdas.aws_lambda_function.this",
            "module.user_photos_bucket.aws_s3_bucket.this",
            "module.user_photos_bucket.aws_s3_bucket_policy.this",
            "module.user_photos_bucket.aws_s3_bucket_public_access_block.this",
            "module.user_photos_bucket.aws_s3_directory_bucket.this",
            "module.user_photos_bucket.data.aws_caller_identity.current",
            "module.user_photos_bucket.data.aws_iam_policy_document.access_log_delivery",
            "module.user_photos_bucket.data.aws_iam_policy_document.combined",
            "module.user_photos_bucket.data.aws_iam_policy_document.deny_incorrect_encryption_headers",
            "module.user_photos_bucket.data.aws_iam_policy_document.deny_incorrect_kms_key_sse",
            "module.user_photos_bucket.data.aws_iam_policy_document.deny_insecure_transport",
            "module.user_photos_bucket.data.aws_iam_policy_document.deny_ssec_encrypted_object_uploads",
            "module.user_photos_bucket.data.aws_iam_policy_document.deny_unencrypted_object_uploads",
            "module.user_photos_bucket.data.aws_iam_policy_document.elb_log_delivery",
            "module.user_photos_bucket.data.aws_iam_policy_document.inventory_and_analytics_destination_policy",
            "module.user_photos_bucket.data.aws_iam_policy_document.lb_log_delivery",
            "module.user_photos_bucket.data.aws_iam_policy_document.require_latest_tls",
            "module.user_photos_bucket.data.aws_iam_policy_document.waf_log_delivery",
            "module.user_photos_bucket.data.aws_partition.current",
            "module.user_photos_bucket.data.aws_region.current",
            "random_id.bucket_suffix"
          ]
        }
      ]
    },
    {
      "module": "module.api_gateway",
      "mode": "managed",
      "type": "aws_lambda_permission",
      "name": "permitir_logout_cognito",
      "provider": "provider[\"registry.terraform.io/hashicorp/aws\"]",
      "instances": [
        {
          "schema_version": 0,
          "attributes": {
            "action": "lambda:InvokeFunction",
            "event_source_token": null,
            "function_name": "arn:aws:lambda:us-east-1:061151021706:function:logoutCognito",
            "function_url_auth_type": null,
            "id": "AllowExecutionFromAPIGateway_LogoutCognito",
            "principal": "apigateway.amazonaws.com",
            "principal_org_id": null,
            "qualifier": "",
            "source_account": null,
            "source_arn": "arn:aws:execute-api:us-east-1:061151021706:0uuzval7sl/*/*",
            "statement_id": "AllowExecutionFromAPIGateway_LogoutCognito",
            "statement_id_prefix": ""
          },
          "sensitive_attributes": [],
          "identity_schema_version": 0,
          "private": "bnVsbA==",
          "dependencies": [
            "data.aws_caller_identity.current",
            "module.api_gateway.aws_apigatewayv2_api.this",
            "module.cognito.aws_cognito_user_pool.this",
            "module.cognito.aws_cognito_user_pool_client.this",
            "module.lambdas.aws_lambda_function.this",
            "module.user_photos_bucket.aws_s3_bucket.this",
            "module.user_photos_bucket.aws_s3_bucket_policy.this",
            "module.user_photos_bucket.aws_s3_bucket_public_access_block.this",
            "module.user_photos_bucket.aws_s3_directory_bucket.this",
            "module.user_photos_bucket.data.aws_caller_identity.current",
            "module.user_photos_bucket.data.aws_iam_policy_document.access_log_delivery",
            "module.user_photos_bucket.data.aws_iam_policy_document.combined",
            "module.user_photos_bucket.data.aws_iam_policy_document.deny_incorrect_encryption_headers",
            "module.user_photos_bucket.data.aws_iam_policy_document.deny_incorrect_kms_key_sse",
            "module.user_photos_bucket.data.aws_iam_policy_document.deny_insecure_transport",
            "module.user_photos_bucket.data.aws_iam_policy_document.deny_ssec_encrypted_object_uploads",
            "module.user_photos_bucket.data.aws_iam_policy_document.deny_unencrypted_object_uploads",
            "module.user_photos_bucket.data.aws_iam_policy_document.elb_log_delivery",
            "module.user_photos_bucket.data.aws_iam_policy_document.inventory_and_analytics_destination_policy",
            "module.user_photos_bucket.data.aws_iam_policy_document.lb_log_delivery",
            "module.user_photos_bucket.data.aws_iam_policy_document.require_latest_tls",
            "module.user_photos_bucket.data.aws_iam_policy_document.waf_log_delivery",
            "module.user_photos_bucket.data.aws_partition.current",
            "module.user_photos_bucket.data.aws_region.current",
            "random_id.bucket_suffix"
          ]
        }
      ]
    },
    {
      "module": "module.api_gateway",
      "mode": "managed",
      "type": "aws_lambda_permission",
      "name": "permitir_obtener_receta",
      "provider": "provider[\"registry.terraform.io/hashicorp/aws\"]",
      "instances": [
        {
          "schema_version": 0,
          "attributes": {
            "action": "lambda:InvokeFunction",
            "event_source_token": null,
            "function_name": "arn:aws:lambda:us-east-1:061151021706:function:obtenerReceta",
            "function_url_auth_type": null,
            "id": "AllowExecutionFromAPIGateway_ObtenerReceta",
            "principal": "apigateway.amazonaws.com",
            "principal_org_id": null,
            "qualifier": "",
            "source_account": null,
            "source_arn": "arn:aws:execute-api:us-east-1:061151021706:0uuzval7sl/*/*",
            "statement_id": "AllowExecutionFromAPIGateway_ObtenerReceta",
            "statement_id_prefix": ""
          },
          "sensitive_attributes": [],
          "identity_schema_version": 0,
          "private": "bnVsbA==",
          "dependencies": [
            "data.aws_caller_identity.current",
            "module.api_gateway.aws_apigatewayv2_api.this",
            "module.cognito.aws_cognito_user_pool.this",
            "module.cognito.aws_cognito_user_pool_client.this",
            "module.lambdas.aws_lambda_function.this",
            "module.user_photos_bucket.aws_s3_bucket.this",
            "module.user_photos_bucket.aws_s3_bucket_policy.this",
            "module.user_photos_bucket.aws_s3_bucket_public_access_block.this",
            "module.user_photos_bucket.aws_s3_directory_bucket.this",
            "module.user_photos_bucket.data.aws_caller_identity.current",
            "module.user_photos_bucket.data.aws_iam_policy_document.access_log_delivery",
            "module.user_photos_bucket.data.aws_iam_policy_document.combined",
            "module.user_photos_bucket.data.aws_iam_policy_document.deny_incorrect_encryption_headers",
            "module.user_photos_bucket.data.aws_iam_policy_document.deny_incorrect_kms_key_sse",
            "module.user_photos_bucket.data.aws_iam_policy_document.deny_insecure_transport",
            "module.user_photos_bucket.data.aws_iam_policy_document.deny_ssec_encrypted_object_uploads",
            "module.user_photos_bucket.data.aws_iam_policy_document.deny_unencrypted_object_uploads",
            "module.user_photos_bucket.data.aws_iam_policy_document.elb_log_delivery",
            "module.user_photos_bucket.data.aws_iam_policy_document.inventory_and_analytics_destination_policy",
            "module.user_photos_bucket.data.aws_iam_policy_document.lb_log_delivery",
            "module.user_photos_bucket.data.aws_iam_policy_document.require_latest_tls",
            "module.user_photos_bucket.data.aws_iam_policy_document.waf_log_delivery",
            "module.user_photos_bucket.data.aws_partition.current",
            "module.user_photos_bucket.data.aws_region.current",
            "random_id.bucket_suffix"
          ]
        }
      ]
    },
    {
      "module": "module.api_gateway",
      "mode": "managed",
      "type": "aws_lambda_permission",
      "name": "permitir_registro_cognito",
      "provider": "provider[\"registry.terraform.io/hashicorp/aws\"]",
      "instances": [
        {
          "schema_version": 0,
          "attributes": {
            "action": "lambda:InvokeFunction",
            "event_source_token": null,
            "function_name": "arn:aws:lambda:us-east-1:061151021706:function:registroCognito",
            "function_url_auth_type": null,
            "id": "AllowExecutionFromAPIGateway_RegistroCognito",
            "principal": "apigateway.amazonaws.com",
            "principal_org_id": null,
            "qualifier": "",
            "source_account": null,
            "source_arn": "arn:aws:execute-api:us-east-1:061151021706:0uuzval7sl/*/*",
            "statement_id": "AllowExecutionFromAPIGateway_RegistroCognito",
            "statement_id_prefix": ""
          },
          "sensitive_attributes": [],
          "identity_schema_version": 0,
          "private": "bnVsbA==",
          "dependencies": [
            "data.aws_caller_identity.current",
            "module.api_gateway.aws_apigatewayv2_api.this",
            "module.cognito.aws_cognito_user_pool.this",
            "module.cognito.aws_cognito_user_pool_client.this",
            "module.lambdas.aws_lambda_function.this",
            "module.user_photos_bucket.aws_s3_bucket.this",
            "module.user_photos_bucket.aws_s3_bucket_policy.this",
            "module.user_photos_bucket.aws_s3_bucket_public_access_block.this",
            "module.user_photos_bucket.aws_s3_directory_bucket.this",
            "module.user_photos_bucket.data.aws_caller_identity.current",
            "module.user_photos_bucket.data.aws_iam_policy_document.access_log_delivery",
            "module.user_photos_bucket.data.aws_iam_policy_document.combined",
            "module.user_photos_bucket.data.aws_iam_policy_document.deny_incorrect_encryption_headers",
            "module.user_photos_bucket.data.aws_iam_policy_document.deny_incorrect_kms_key_sse",
            "module.user_photos_bucket.data.aws_iam_policy_document.deny_insecure_transport",
            "module.user_photos_bucket.data.aws_iam_policy_document.deny_ssec_encrypted_object_uploads",
            "module.user_photos_bucket.data.aws_iam_policy_document.deny_unencrypted_object_uploads",
            "module.user_photos_bucket.data.aws_iam_policy_document.elb_log_delivery",
            "module.user_photos_bucket.data.aws_iam_policy_document.inventory_and_analytics_destination_policy",
            "module.user_photos_bucket.data.aws_iam_policy_document.lb_log_delivery",
            "module.user_photos_bucket.data.aws_iam_policy_document.require_latest_tls",
            "module.user_photos_bucket.data.aws_iam_policy_document.waf_log_delivery",
            "module.user_photos_bucket.data.aws_partition.current",
            "module.user_photos_bucket.data.aws_region.current",
            "random_id.bucket_suffix"
          ]
        }
      ]
    },
    {
      "module": "module.api_gateway",
      "mode": "managed",
      "type": "aws_lambda_permission",
      "name": "permitir_remove_favorite",
      "provider": "provider[\"registry.terraform.io/hashicorp/aws\"]",
      "instances": [
        {
          "schema_version": 0,
          "attributes": {
            "action": "lambda:InvokeFunction",
            "event_source_token": null,
            "function_name": "arn:aws:lambda:us-east-1:061151021706:function:removeFavorite",
            "function_url_auth_type": null,
            "id": "AllowExecutionFromAPIGateway_RemoveFavorite",
            "principal": "apigateway.amazonaws.com",
            "principal_org_id": null,
            "qualifier": "",
            "source_account": null,
            "source_arn": "arn:aws:execute-api:us-east-1:061151021706:0uuzval7sl/*/*",
            "statement_id": "AllowExecutionFromAPIGateway_RemoveFavorite",
            "statement_id_prefix": ""
          },
          "sensitive_attributes": [],
          "identity_schema_version": 0,
          "private": "bnVsbA==",
          "dependencies": [
            "data.aws_caller_identity.current",
            "module.api_gateway.aws_apigatewayv2_api.this",
            "module.cognito.aws_cognito_user_pool.this",
            "module.cognito.aws_cognito_user_pool_client.this",
            "module.lambdas.aws_lambda_function.this",
            "module.user_photos_bucket.aws_s3_bucket.this",
            "module.user_photos_bucket.aws_s3_bucket_policy.this",
            "module.user_photos_bucket.aws_s3_bucket_public_access_block.this",
            "module.user_photos_bucket.aws_s3_directory_bucket.this",
            "module.user_photos_bucket.data.aws_caller_identity.current",
            "module.user_photos_bucket.data.aws_iam_policy_document.access_log_delivery",
            "module.user_photos_bucket.data.aws_iam_policy_document.combined",
            "module.user_photos_bucket.data.aws_iam_policy_document.deny_incorrect_encryption_headers",
            "module.user_photos_bucket.data.aws_iam_policy_document.deny_incorrect_kms_key_sse",
            "module.user_photos_bucket.data.aws_iam_policy_document.deny_insecure_transport",
            "module.user_photos_bucket.data.aws_iam_policy_document.deny_ssec_encrypted_object_uploads",
            "module.user_photos_bucket.data.aws_iam_policy_document.deny_unencrypted_object_uploads",
            "module.user_photos_bucket.data.aws_iam_policy_document.elb_log_delivery",
            "module.user_photos_bucket.data.aws_iam_policy_document.inventory_and_analytics_destination_policy",
            "module.user_photos_bucket.data.aws_iam_policy_document.lb_log_delivery",
            "module.user_photos_bucket.data.aws_iam_policy_document.require_latest_tls",
            "module.user_photos_bucket.data.aws_iam_policy_document.waf_log_delivery",
            "module.user_photos_bucket.data.aws_partition.current",
            "module.user_photos_bucket.data.aws_region.current",
            "random_id.bucket_suffix"
          ]
        }
      ]
    },
    {
      "module": "module.cognito",
      "mode": "managed",
      "type": "aws_cognito_user_pool",
      "name": "this",
      "provider": "provider[\"registry.terraform.io/hashicorp/aws\"]",
      "instances": [
        {
          "schema_version": 0,
          "attributes": {
            "account_recovery_setting": [
              {
                "recovery_mechanism": [
                  {
                    "name": "verified_email",
                    "priority": 1
                  }
                ]
              }
            ],
            "admin_create_user_config": [
              {
                "allow_admin_create_user_only": false,
                "invite_message_template": []
              }
            ],
            "alias_attributes": null,
            "arn": "arn:aws:cognito-idp:us-east-1:061151021706:userpool/us-east-1_by9yV5SBM",
            "auto_verified_attributes": [
              "email"
            ],
            "creation_date": "2025-06-04T20:49:33Z",
            "custom_domain": "",
            "deletion_protection": "INACTIVE",
            "device_configuration": [],
            "domain": "",
            "email_configuration": [
              {
                "configuration_set": "",
                "email_sending_account": "COGNITO_DEFAULT",
                "from_email_address": "",
                "reply_to_email_address": "",
                "source_arn": ""
              }
            ],
            "email_mfa_configuration": [],
            "email_verification_message": "",
            "email_verification_subject": "",
            "endpoint": "cognito-idp.us-east-1.amazonaws.com/us-east-1_by9yV5SBM",
            "estimated_number_of_users": 0,
            "id": "us-east-1_by9yV5SBM",
            "lambda_config": [],
            "last_modified_date": "2025-06-04T20:49:33Z",
            "mfa_configuration": "OFF",
            "name": "recetas-user-pool",
            "password_policy": [
              {
                "minimum_length": 6,
                "password_history_size": 0,
                "require_lowercase": false,
                "require_numbers": false,
                "require_symbols": false,
                "require_uppercase": false,
                "temporary_password_validity_days": 7
              }
            ],
            "schema": [
              {
                "attribute_data_type": "String",
                "developer_only_attribute": false,
                "mutable": true,
                "name": "email",
                "number_attribute_constraints": [],
                "required": true,
                "string_attribute_constraints": []
              }
            ],
            "sign_in_policy": [
              {
                "allowed_first_auth_factors": [
                  "PASSWORD"
                ]
              }
            ],
            "sms_authentication_message": "",
            "sms_configuration": [],
            "sms_verification_message": "",
            "software_token_mfa_configuration": [],
            "tags": {
              "Name": "recetas-user-pool"
            },
            "tags_all": {
              "Name": "recetas-user-pool"
            },
            "user_attribute_update_settings": [],
            "user_pool_add_ons": [],
            "user_pool_tier": "ESSENTIALS",
            "username_attributes": [],
            "username_configuration": [],
            "verification_message_template": [
              {
                "default_email_option": "CONFIRM_WITH_CODE",
                "email_message": "",
                "email_message_by_link": "",
                "email_subject": "",
                "email_subject_by_link": "",
                "sms_message": ""
              }
            ],
            "web_authn_configuration": []
          },
          "sensitive_attributes": [],
          "identity_schema_version": 0,
          "private": "bnVsbA=="
        }
      ]
    },
    {
      "module": "module.cognito",
      "mode": "managed",
      "type": "aws_cognito_user_pool_client",
      "name": "this",
      "provider": "provider[\"registry.terraform.io/hashicorp/aws\"]",
      "instances": [
        {
          "schema_version": 0,
          "attributes": {
            "access_token_validity": 0,
            "allowed_oauth_flows": [],
            "allowed_oauth_flows_user_pool_client": false,
            "allowed_oauth_scopes": [],
            "analytics_configuration": [],
            "auth_session_validity": 3,
            "callback_urls": [],
            "client_secret": "",
            "default_redirect_uri": "",
            "enable_propagate_additional_user_context_data": false,
            "enable_token_revocation": true,
            "explicit_auth_flows": [
              "ALLOW_ADMIN_USER_PASSWORD_AUTH",
              "ALLOW_REFRESH_TOKEN_AUTH",
              "ALLOW_USER_PASSWORD_AUTH",
              "ALLOW_USER_SRP_AUTH"
            ],
            "generate_secret": false,
            "id": "3qlu3d2pjoue1dlgdo10mvcj52",
            "id_token_validity": 0,
            "logout_urls": [],
            "name": "recetas-user-pool-client",
            "prevent_user_existence_errors": "ENABLED",
            "read_attributes": [],
            "refresh_token_rotation": [],
            "refresh_token_validity": 30,
            "supported_identity_providers": [],
            "token_validity_units": [],
            "user_pool_id": "us-east-1_by9yV5SBM",
            "write_attributes": []
          },
          "sensitive_attributes": [
            [
              {
                "type": "get_attr",
                "value": "client_secret"
              }
            ]
          ],
          "identity_schema_version": 0,
          "dependencies": [
            "module.cognito.aws_cognito_user_pool.this"
          ]
        }
      ]
    },
    {
      "module": "module.dynamodb_recetas",
      "mode": "managed",
      "type": "aws_dynamodb_table",
      "name": "this",
      "provider": "provider[\"registry.terraform.io/hashicorp/aws\"]",
      "instances": [
        {
          "schema_version": 1,
          "attributes": {
            "arn": "arn:aws:dynamodb:us-east-1:061151021706:table/TablaRecetas",
            "attribute": [
              {
                "name": "RECETA",
                "type": "S"
              },
              {
                "name": "USER",
                "type": "S"
              }
            ],
            "billing_mode": "PAY_PER_REQUEST",
            "deletion_protection_enabled": false,
            "global_secondary_index": [
              {
                "hash_key": "RECETA",
                "name": "GSI-RECETA",
                "non_key_attributes": [],
                "on_demand_throughput": [],
                "projection_type": "ALL",
                "range_key": "",
                "read_capacity": 0,
                "write_capacity": 0
              }
            ],
            "hash_key": "USER",
            "id": "TablaRecetas",
            "import_table": [],
            "local_secondary_index": [],
            "name": "TablaRecetas",
            "on_demand_throughput": [],
            "point_in_time_recovery": [
              {
                "enabled": false,
                "recovery_period_in_days": 0
              }
            ],
            "range_key": "RECETA",
            "read_capacity": 0,
            "replica": [],
            "restore_date_time": null,
            "restore_source_name": null,
            "restore_source_table_arn": null,
            "restore_to_latest_time": null,
            "server_side_encryption": [],
            "stream_arn": "",
            "stream_enabled": false,
            "stream_label": "",
            "stream_view_type": "",
            "table_class": "STANDARD",
            "tags": null,
            "tags_all": {},
            "timeouts": null,
            "ttl": [
              {
                "attribute_name": "",
                "enabled": false
              }
            ],
            "write_capacity": 0
          },
          "sensitive_attributes": [],
          "identity_schema_version": 0,
          "private": "eyJlMmJmYjczMC1lY2FhLTExZTYtOGY4OC0zNDM2M2JjN2M0YzAiOnsiY3JlYXRlIjoxODAwMDAwMDAwMDAwLCJkZWxldGUiOjYwMDAwMDAwMDAwMCwidXBkYXRlIjozNjAwMDAwMDAwMDAwfSwic2NoZW1hX3ZlcnNpb24iOiIxIn0="
        }
      ]
    },
    {
      "module": "module.frontend_bucket",
      "mode": "managed",
      "type": "aws_s3_bucket",
      "name": "this",
      "provider": "provider[\"registry.terraform.io/hashicorp/aws\"]",
      "instances": [
        {
          "schema_version": 0,
          "attributes": {
            "acceleration_status": "",
            "acl": null,
            "arn": "arn:aws:s3:::bucket-recetify-bcf48b4d2014c641",
            "bucket": "bucket-recetify-bcf48b4d2014c641",
            "bucket_domain_name": "bucket-recetify-bcf48b4d2014c641.s3.amazonaws.com",
            "bucket_prefix": "",
            "bucket_regional_domain_name": "bucket-recetify-bcf48b4d2014c641.s3.us-east-1.amazonaws.com",
            "cors_rule": [],
            "force_destroy": false,
            "grant": [
              {
                "id": "5892d32e6ff5ca4eeaf203c265749c0686db6d74441ff239ee61972132b87d7d",
                "permissions": [
                  "FULL_CONTROL"
                ],
                "type": "CanonicalUser",
                "uri": ""
              }
            ],
            "hosted_zone_id": "Z3AQBSTGFYJSTF",
            "id": "bucket-recetify-bcf48b4d2014c641",
            "lifecycle_rule": [],
            "logging": [],
            "object_lock_configuration": [],
            "object_lock_enabled": false,
            "policy": "{\"Statement\":[{\"Action\":\"s3:GetObject\",\"Effect\":\"Allow\",\"Principal\":\"*\",\"Resource\":\"arn:aws:s3:::bucket-recetify-bcf48b4d2014c641/*\",\"Sid\":\"PublicReadGetObject\"}],\"Version\":\"2012-10-17\"}",
            "region": "us-east-1",
            "replication_configuration": [],
            "request_payer": "BucketOwner",
            "server_side_encryption_configuration": [
              {
                "rule": [
                  {
                    "apply_server_side_encryption_by_default": [
                      {
                        "kms_master_key_id": "",
                        "sse_algorithm": "AES256"
                      }
                    ],
                    "bucket_key_enabled": false
                  }
                ]
              }
            ],
            "tags": {},
            "tags_all": {},
            "timeouts": null,
            "versioning": [
              {
                "enabled": false,
                "mfa_delete": false
              }
            ],
            "website": [
              {
                "error_document": "error.html",
                "index_document": "index.html",
                "redirect_all_requests_to": "",
                "routing_rules": ""
              }
            ],
            "website_domain": "s3-website-us-east-1.amazonaws.com",
            "website_endpoint": "bucket-recetify-bcf48b4d2014c641.s3-website-us-east-1.amazonaws.com"
          },
          "sensitive_attributes": [],
          "identity_schema_version": 0,
          "private": "eyJlMmJmYjczMC1lY2FhLTExZTYtOGY4OC0zNDM2M2JjN2M0YzAiOnsiY3JlYXRlIjoxMjAwMDAwMDAwMDAwLCJkZWxldGUiOjM2MDAwMDAwMDAwMDAsInJlYWQiOjEyMDAwMDAwMDAwMDAsInVwZGF0ZSI6MTIwMDAwMDAwMDAwMH19",
          "dependencies": [
            "random_id.bucket_suffix"
          ]
        }
      ]
    },
    {
      "module": "module.frontend_bucket",
      "mode": "managed",
      "type": "aws_s3_bucket_policy",
      "name": "public_read",
      "provider": "provider[\"registry.terraform.io/hashicorp/aws\"]",
      "instances": [
        {
          "schema_version": 0,
          "attributes": {
            "bucket": "bucket-recetify-bcf48b4d2014c641",
            "id": "bucket-recetify-bcf48b4d2014c641",
            "policy": "{\"Statement\":[{\"Action\":[\"s3:GetObject\"],\"Effect\":\"Allow\",\"Principal\":\"*\",\"Resource\":[\"arn:aws:s3:::bucket-recetify-bcf48b4d2014c641/*\"],\"Sid\":\"PublicReadGetObject\"}],\"Version\":\"2012-10-17\"}"
          },
          "sensitive_attributes": [],
          "identity_schema_version": 0,
          "private": "bnVsbA==",
          "dependencies": [
            "module.frontend_bucket.aws_s3_bucket.this",
            "module.frontend_bucket.aws_s3_bucket_public_access_block.this",
            "random_id.bucket_suffix"
          ]
        }
      ]
    },
    {
      "module": "module.frontend_bucket",
      "mode": "managed",
      "type": "aws_s3_bucket_public_access_block",
      "name": "this",
      "provider": "provider[\"registry.terraform.io/hashicorp/aws\"]",
      "instances": [
        {
          "schema_version": 0,
          "attributes": {
            "block_public_acls": false,
            "block_public_policy": false,
            "bucket": "bucket-recetify-bcf48b4d2014c641",
            "id": "bucket-recetify-bcf48b4d2014c641",
            "ignore_public_acls": false,
            "restrict_public_buckets": false
          },
          "sensitive_attributes": [],
          "identity_schema_version": 0,
          "private": "bnVsbA==",
          "dependencies": [
            "module.frontend_bucket.aws_s3_bucket.this",
            "random_id.bucket_suffix"
          ]
        }
      ]
    },
    {
      "module": "module.frontend_bucket",
      "mode": "managed",
      "type": "aws_s3_bucket_website_configuration",
      "name": "this",
      "provider": "provider[\"registry.terraform.io/hashicorp/aws\"]",
      "instances": [
        {
          "schema_version": 0,
          "attributes": {
            "bucket": "bucket-recetify-bcf48b4d2014c641",
            "error_document": [
              {
                "key": "error.html"
              }
            ],
            "expected_bucket_owner": "",
            "id": "bucket-recetify-bcf48b4d2014c641",
            "index_document": [
              {
                "suffix": "index.html"
              }
            ],
            "redirect_all_requests_to": [],
            "routing_rule": [],
            "routing_rules": "",
            "website_domain": "s3-website-us-east-1.amazonaws.com",
            "website_endpoint": "bucket-recetify-bcf48b4d2014c641.s3-website-us-east-1.amazonaws.com"
          },
          "sensitive_attributes": [],
          "identity_schema_version": 0,
          "private": "bnVsbA==",
          "dependencies": [
            "module.frontend_bucket.aws_s3_bucket.this",
            "random_id.bucket_suffix"
          ]
        }
      ]
    },
    {
      "module": "module.frontend_bucket",
      "mode": "managed",
      "type": "aws_s3_object",
      "name": "config_js",
      "provider": "provider[\"registry.terraform.io/hashicorp/aws\"]",
      "instances": [
        {
          "schema_version": 0,
          "attributes": {
            "acl": null,
            "arn": "arn:aws:s3:::bucket-recetify-bcf48b4d2014c641/config.js",
            "bucket": "bucket-recetify-bcf48b4d2014c641",
            "bucket_key_enabled": false,
            "cache_control": "",
            "checksum_algorithm": null,
            "checksum_crc32": "",
            "checksum_crc32c": "",
            "checksum_crc64nvme": "",
            "checksum_sha1": "",
            "checksum_sha256": "",
            "content": null,
            "content_base64": null,
            "content_disposition": "",
            "content_encoding": "",
            "content_language": "",
            "content_type": "application/javascript",
            "etag": "b4355951f05c4348bd082440aff3500d",
            "force_destroy": false,
            "id": "config.js",
            "key": "config.js",
            "kms_key_id": null,
            "metadata": {},
            "object_lock_legal_hold_status": "",
            "object_lock_mode": "",
            "object_lock_retain_until_date": "",
            "override_provider": [],
            "server_side_encryption": "AES256",
            "source": "modules/s3_bucket/../../build/config.js",
            "source_hash": null,
            "storage_class": "STANDARD",
            "tags": {},
            "tags_all": {},
            "version_id": "",
            "website_redirect": ""
          },
          "sensitive_attributes": [],
          "identity_schema_version": 0,
          "private": "bnVsbA==",
          "dependencies": [
            "module.frontend_bucket.aws_s3_bucket.this",
            "random_id.bucket_suffix"
          ]
        }
      ]
    },
    {
      "module": "module.frontend_bucket",
      "mode": "managed",
      "type": "aws_s3_object",
      "name": "files",
      "provider": "provider[\"registry.terraform.io/hashicorp/aws\"]",
      "instances": [
        {
          "index_key": "config.js",
          "schema_version": 0,
          "attributes": {
            "acl": null,
            "arn": "arn:aws:s3:::bucket-recetify-bcf48b4d2014c641/config.js",
            "bucket": "bucket-recetify-bcf48b4d2014c641",
            "bucket_key_enabled": false,
            "cache_control": "",
            "checksum_algorithm": null,
            "checksum_crc32": "",
            "checksum_crc32c": "",
            "checksum_crc64nvme": "",
            "checksum_sha1": "",
            "checksum_sha256": "",
            "content": null,
            "content_base64": null,
            "content_disposition": "",
            "content_encoding": "",
            "content_language": "",
            "content_type": "application/javascript",
            "etag": "b4355951f05c4348bd082440aff3500d",
            "force_destroy": false,
            "id": "config.js",
            "key": "config.js",
            "kms_key_id": null,
            "metadata": {},
            "object_lock_legal_hold_status": "",
            "object_lock_mode": "",
            "object_lock_retain_until_date": "",
            "override_provider": [],
            "server_side_encryption": "AES256",
            "source": "./build/config.js",
            "source_hash": null,
            "storage_class": "STANDARD",
            "tags": {},
            "tags_all": {},
            "version_id": "",
            "website_redirect": ""
          },
          "sensitive_attributes": [],
          "identity_schema_version": 0,
          "private": "bnVsbA==",
          "dependencies": [
            "module.frontend_bucket.aws_s3_bucket.this",
            "random_id.bucket_suffix"
          ]
        },
        {
          "index_key": "favoritos.html",
          "schema_version": 0,
          "attributes": {
            "acl": null,
            "arn": "arn:aws:s3:::bucket-recetify-bcf48b4d2014c641/favoritos.html",
            "bucket": "bucket-recetify-bcf48b4d2014c641",
            "bucket_key_enabled": false,
            "cache_control": "",
            "checksum_algorithm": null,
            "checksum_crc32": "",
            "checksum_crc32c": "",
            "checksum_crc64nvme": "",
            "checksum_sha1": "",
            "checksum_sha256": "",
            "content": null,
            "content_base64": null,
            "content_disposition": "",
            "content_encoding": "",
            "content_language": "",
            "content_type": "text/html",
            "etag": "896ac0bd02e7873b7b150ccf21f86646",
            "force_destroy": false,
            "id": "favoritos.html",
            "key": "favoritos.html",
            "kms_key_id": null,
            "metadata": {},
            "object_lock_legal_hold_status": "",
            "object_lock_mode": "",
            "object_lock_retain_until_date": "",
            "override_provider": [],
            "server_side_encryption": "AES256",
            "source": "./frontend/favoritos.html",
            "source_hash": null,
            "storage_class": "STANDARD",
            "tags": {},
            "tags_all": {},
            "version_id": "",
            "website_redirect": ""
          },
          "sensitive_attributes": [],
          "identity_schema_version": 0,
          "private": "bnVsbA==",
          "dependencies": [
            "module.frontend_bucket.aws_s3_bucket.this",
            "random_id.bucket_suffix"
          ]
        },
        {
          "index_key": "home.html",
          "schema_version": 0,
          "attributes": {
            "acl": null,
            "arn": "arn:aws:s3:::bucket-recetify-bcf48b4d2014c641/home.html",
            "bucket": "bucket-recetify-bcf48b4d2014c641",
            "bucket_key_enabled": false,
            "cache_control": "",
            "checksum_algorithm": null,
            "checksum_crc32": "",
            "checksum_crc32c": "",
            "checksum_crc64nvme": "",
            "checksum_sha1": "",
            "checksum_sha256": "",
            "content": null,
            "content_base64": null,
            "content_disposition": "",
            "content_encoding": "",
            "content_language": "",
            "content_type": "text/html",
            "etag": "46420ef6640bbae3cdcdcac5359209a2",
            "force_destroy": false,
            "id": "home.html",
            "key": "home.html",
            "kms_key_id": null,
            "metadata": {},
            "object_lock_legal_hold_status": "",
            "object_lock_mode": "",
            "object_lock_retain_until_date": "",
            "override_provider": [],
            "server_side_encryption": "AES256",
            "source": "./frontend/home.html",
            "source_hash": null,
            "storage_class": "STANDARD",
            "tags": {},
            "tags_all": {},
            "version_id": "",
            "website_redirect": ""
          },
          "sensitive_attributes": [],
          "identity_schema_version": 0,
          "private": "bnVsbA==",
          "dependencies": [
            "module.frontend_bucket.aws_s3_bucket.this",
            "random_id.bucket_suffix"
          ]
        },
        {
          "index_key": "index.html",
          "schema_version": 0,
          "attributes": {
            "acl": null,
            "arn": "arn:aws:s3:::bucket-recetify-bcf48b4d2014c641/index.html",
            "bucket": "bucket-recetify-bcf48b4d2014c641",
            "bucket_key_enabled": false,
            "cache_control": "",
            "checksum_algorithm": null,
            "checksum_crc32": "",
            "checksum_crc32c": "",
            "checksum_crc64nvme": "",
            "checksum_sha1": "",
            "checksum_sha256": "",
            "content": null,
            "content_base64": null,
            "content_disposition": "",
            "content_encoding": "",
            "content_language": "",
            "content_type": "text/html",
            "etag": "023062df8a5f64d17de594eca6b69323",
            "force_destroy": false,
            "id": "index.html",
            "key": "index.html",
            "kms_key_id": null,
            "metadata": {},
            "object_lock_legal_hold_status": "",
            "object_lock_mode": "",
            "object_lock_retain_until_date": "",
            "override_provider": [],
            "server_side_encryption": "AES256",
            "source": "./frontend/index.html",
            "source_hash": null,
            "storage_class": "STANDARD",
            "tags": {},
            "tags_all": {},
            "version_id": "",
            "website_redirect": ""
          },
          "sensitive_attributes": [],
          "identity_schema_version": 0,
          "private": "bnVsbA==",
          "dependencies": [
            "module.frontend_bucket.aws_s3_bucket.this",
            "random_id.bucket_suffix"
          ]
        },
        {
          "index_key": "misRecetas.html",
          "schema_version": 0,
          "attributes": {
            "acl": null,
            "arn": "arn:aws:s3:::bucket-recetify-bcf48b4d2014c641/misRecetas.html",
            "bucket": "bucket-recetify-bcf48b4d2014c641",
            "bucket_key_enabled": false,
            "cache_control": "",
            "checksum_algorithm": null,
            "checksum_crc32": "",
            "checksum_crc32c": "",
            "checksum_crc64nvme": "",
            "checksum_sha1": "",
            "checksum_sha256": "",
            "content": null,
            "content_base64": null,
            "content_disposition": "",
            "content_encoding": "",
            "content_language": "",
            "content_type": "text/html",
            "etag": "088fa7301ddc36a74ceacc6cbfe45abe",
            "force_destroy": false,
            "id": "misRecetas.html",
            "key": "misRecetas.html",
            "kms_key_id": null,
            "metadata": {},
            "object_lock_legal_hold_status": "",
            "object_lock_mode": "",
            "object_lock_retain_until_date": "",
            "override_provider": [],
            "server_side_encryption": "AES256",
            "source": "./frontend/misRecetas.html",
            "source_hash": null,
            "storage_class": "STANDARD",
            "tags": {},
            "tags_all": {},
            "version_id": "",
            "website_redirect": ""
          },
          "sensitive_attributes": [],
          "identity_schema_version": 0,
          "private": "bnVsbA==",
          "dependencies": [
            "module.frontend_bucket.aws_s3_bucket.this",
            "random_id.bucket_suffix"
          ]
        },
        {
          "index_key": "receta.html",
          "schema_version": 0,
          "attributes": {
            "acl": null,
            "arn": "arn:aws:s3:::bucket-recetify-bcf48b4d2014c641/receta.html",
            "bucket": "bucket-recetify-bcf48b4d2014c641",
            "bucket_key_enabled": false,
            "cache_control": "",
            "checksum_algorithm": null,
            "checksum_crc32": "",
            "checksum_crc32c": "",
            "checksum_crc64nvme": "",
            "checksum_sha1": "",
            "checksum_sha256": "",
            "content": null,
            "content_base64": null,
            "content_disposition": "",
            "content_encoding": "",
            "content_language": "",
            "content_type": "text/html",
            "etag": "753292afd7da2aad633bc698d7b3a956",
            "force_destroy": false,
            "id": "receta.html",
            "key": "receta.html",
            "kms_key_id": null,
            "metadata": {},
            "object_lock_legal_hold_status": "",
            "object_lock_mode": "",
            "object_lock_retain_until_date": "",
            "override_provider": [],
            "server_side_encryption": "AES256",
            "source": "./frontend/receta.html",
            "source_hash": null,
            "storage_class": "STANDARD",
            "tags": {},
            "tags_all": {},
            "version_id": "",
            "website_redirect": ""
          },
          "sensitive_attributes": [],
          "identity_schema_version": 0,
          "private": "bnVsbA==",
          "dependencies": [
            "module.frontend_bucket.aws_s3_bucket.this",
            "random_id.bucket_suffix"
          ]
        },
        {
          "index_key": "recetas.png",
          "schema_version": 0,
          "attributes": {
            "acl": null,
            "arn": "arn:aws:s3:::bucket-recetify-bcf48b4d2014c641/recetas.png",
            "bucket": "bucket-recetify-bcf48b4d2014c641",
            "bucket_key_enabled": false,
            "cache_control": "",
            "checksum_algorithm": null,
            "checksum_crc32": "",
            "checksum_crc32c": "",
            "checksum_crc64nvme": "",
            "checksum_sha1": "",
            "checksum_sha256": "",
            "content": null,
            "content_base64": null,
            "content_disposition": "",
            "content_encoding": "",
            "content_language": "",
            "content_type": "recetas/png",
            "etag": "ec367baf58385a29658baf0b1efcb2fe",
            "force_destroy": false,
            "id": "recetas.png",
            "key": "recetas.png",
            "kms_key_id": null,
            "metadata": {},
            "object_lock_legal_hold_status": "",
            "object_lock_mode": "",
            "object_lock_retain_until_date": "",
            "override_provider": [],
            "server_side_encryption": "AES256",
            "source": "./frontend/recetas.png",
            "source_hash": null,
            "storage_class": "STANDARD",
            "tags": {},
            "tags_all": {},
            "version_id": "",
            "website_redirect": ""
          },
          "sensitive_attributes": [],
          "identity_schema_version": 0,
          "private": "bnVsbA==",
          "dependencies": [
            "module.frontend_bucket.aws_s3_bucket.this",
            "random_id.bucket_suffix"
          ]
        },
        {
          "index_key": "registro.html",
          "schema_version": 0,
          "attributes": {
            "acl": null,
            "arn": "arn:aws:s3:::bucket-recetify-bcf48b4d2014c641/registro.html",
            "bucket": "bucket-recetify-bcf48b4d2014c641",
            "bucket_key_enabled": false,
            "cache_control": "",
            "checksum_algorithm": null,
            "checksum_crc32": "",
            "checksum_crc32c": "",
            "checksum_crc64nvme": "",
            "checksum_sha1": "",
            "checksum_sha256": "",
            "content": null,
            "content_base64": null,
            "content_disposition": "",
            "content_encoding": "",
            "content_language": "",
            "content_type": "text/html",
            "etag": "347a00a0d2d97bcbfe464d23080b8475",
            "force_destroy": false,
            "id": "registro.html",
            "key": "registro.html",
            "kms_key_id": null,
            "metadata": {},
            "object_lock_legal_hold_status": "",
            "object_lock_mode": "",
            "object_lock_retain_until_date": "",
            "override_provider": [],
            "server_side_encryption": "AES256",
            "source": "./frontend/registro.html",
            "source_hash": null,
            "storage_class": "STANDARD",
            "tags": {},
            "tags_all": {},
            "version_id": "",
            "website_redirect": ""
          },
          "sensitive_attributes": [],
          "identity_schema_version": 0,
          "private": "bnVsbA==",
          "dependencies": [
            "module.frontend_bucket.aws_s3_bucket.this",
            "random_id.bucket_suffix"
          ]
        }
      ]
    },
    {
      "module": "module.lambdas",
      "mode": "managed",
      "type": "aws_lambda_function",
      "name": "this",
      "provider": "provider[\"registry.terraform.io/hashicorp/aws\"]",
      "instances": [
        {
          "index_key": "addFavorite",
          "schema_version": 0,
          "attributes": {
            "architectures": [
              "x86_64"
            ],
            "arn": "arn:aws:lambda:us-east-1:061151021706:function:addFavorite",
            "code_sha256": "EGsVBA2TbH38GeyRVqQLoFeCdty5nYqKcELZ/nFMi+Q=",
            "code_signing_config_arn": "",
            "dead_letter_config": [],
            "description": "",
            "environment": [
              {
                "variables": {
                  "DYNAMODB_TABLE": "TablaRecetas"
                }
              }
            ],
            "ephemeral_storage": [
              {
                "size": 512
              }
            ],
            "file_system_config": [],
            "filename": "./lambdas/addFavorite/lambda_function.zip",
            "function_name": "addFavorite",
            "handler": "lambda_function.lambda_handler",
            "id": "addFavorite",
            "image_config": [],
            "image_uri": "",
            "invoke_arn": "arn:aws:apigateway:us-east-1:lambda:path/2015-03-31/functions/arn:aws:lambda:us-east-1:061151021706:function:addFavorite/invocations",
            "kms_key_arn": "",
            "last_modified": "2025-06-04T20:53:18.740+0000",
            "layers": null,
            "logging_config": [
              {
                "application_log_level": "",
                "log_format": "Text",
                "log_group": "/aws/lambda/addFavorite",
                "system_log_level": ""
              }
            ],
            "memory_size": 128,
            "package_type": "Zip",
            "publish": false,
            "qualified_arn": "arn:aws:lambda:us-east-1:061151021706:function:addFavorite:$LATEST",
            "qualified_invoke_arn": "arn:aws:apigateway:us-east-1:lambda:path/2015-03-31/functions/arn:aws:lambda:us-east-1:061151021706:function:addFavorite:$LATEST/invocations",
            "replace_security_groups_on_destroy": null,
            "replacement_security_group_ids": null,
            "reserved_concurrent_executions": -1,
            "role": "arn:aws:iam::061151021706:role/LabRole",
            "runtime": "python3.9",
            "s3_bucket": null,
            "s3_key": null,
            "s3_object_version": null,
            "signing_job_arn": "",
            "signing_profile_version_arn": "",
            "skip_destroy": false,
            "snap_start": [],
            "source_code_hash": "EGsVBA2TbH38GeyRVqQLoFeCdty5nYqKcELZ/nFMi+Q=",
            "source_code_size": 1397,
            "tags": null,
            "tags_all": {},
            "timeout": 3,
            "timeouts": null,
            "tracing_config": [
              {
                "mode": "PassThrough"
              }
            ],
            "version": "$LATEST",
            "vpc_config": []
          },
          "sensitive_attributes": [],
          "identity_schema_version": 0,
          "private": "eyJlMmJmYjczMC1lY2FhLTExZTYtOGY4OC0zNDM2M2JjN2M0YzAiOnsiY3JlYXRlIjo2MDAwMDAwMDAwMDAsImRlbGV0ZSI6NjAwMDAwMDAwMDAwLCJ1cGRhdGUiOjYwMDAwMDAwMDAwMH19",
          "dependencies": [
            "data.aws_caller_identity.current",
            "module.cognito.aws_cognito_user_pool.this",
            "module.cognito.aws_cognito_user_pool_client.this",
            "module.user_photos_bucket.aws_s3_bucket.this",
            "module.user_photos_bucket.aws_s3_bucket_policy.this",
            "module.user_photos_bucket.aws_s3_bucket_public_access_block.this",
            "module.user_photos_bucket.aws_s3_directory_bucket.this",
            "module.user_photos_bucket.data.aws_caller_identity.current",
            "module.user_photos_bucket.data.aws_iam_policy_document.access_log_delivery",
            "module.user_photos_bucket.data.aws_iam_policy_document.combined",
            "module.user_photos_bucket.data.aws_iam_policy_document.deny_incorrect_encryption_headers",
            "module.user_photos_bucket.data.aws_iam_policy_document.deny_incorrect_kms_key_sse",
            "module.user_photos_bucket.data.aws_iam_policy_document.deny_insecure_transport",
            "module.user_photos_bucket.data.aws_iam_policy_document.deny_ssec_encrypted_object_uploads",
            "module.user_photos_bucket.data.aws_iam_policy_document.deny_unencrypted_object_uploads",
            "module.user_photos_bucket.data.aws_iam_policy_document.elb_log_delivery",
            "module.user_photos_bucket.data.aws_iam_policy_document.inventory_and_analytics_destination_policy",
            "module.user_photos_bucket.data.aws_iam_policy_document.lb_log_delivery",
            "module.user_photos_bucket.data.aws_iam_policy_document.require_latest_tls",
            "module.user_photos_bucket.data.aws_iam_policy_document.waf_log_delivery",
            "module.user_photos_bucket.data.aws_partition.current",
            "module.user_photos_bucket.data.aws_region.current",
            "random_id.bucket_suffix"
          ]
        },
        {
          "index_key": "busquedaRecetas",
          "schema_version": 0,
          "attributes": {
            "architectures": [
              "x86_64"
            ],
            "arn": "arn:aws:lambda:us-east-1:061151021706:function:busquedaRecetas",
            "code_sha256": "7tbBw5eZgxSI7fcAvau5/i5f77Z/3waX6Vsk/GFewPY=",
            "code_signing_config_arn": "",
            "dead_letter_config": [],
            "description": "",
            "environment": [],
            "ephemeral_storage": [
              {
                "size": 512
              }
            ],
            "file_system_config": [],
            "filename": "./lambdas/busquedaReceta/lambda_function.zip",
            "function_name": "busquedaRecetas",
            "handler": "lambda_function.lambda_handler",
            "id": "busquedaRecetas",
            "image_config": [],
            "image_uri": "",
            "invoke_arn": "arn:aws:apigateway:us-east-1:lambda:path/2015-03-31/functions/arn:aws:lambda:us-east-1:061151021706:function:busquedaRecetas/invocations",
            "kms_key_arn": "",
            "last_modified": "2025-06-04T20:53:45.952+0000",
            "layers": null,
            "logging_config": [
              {
                "application_log_level": "",
                "log_format": "Text",
                "log_group": "/aws/lambda/busquedaRecetas",
                "system_log_level": ""
              }
            ],
            "memory_size": 128,
            "package_type": "Zip",
            "publish": false,
            "qualified_arn": "arn:aws:lambda:us-east-1:061151021706:function:busquedaRecetas:$LATEST",
            "qualified_invoke_arn": "arn:aws:apigateway:us-east-1:lambda:path/2015-03-31/functions/arn:aws:lambda:us-east-1:061151021706:function:busquedaRecetas:$LATEST/invocations",
            "replace_security_groups_on_destroy": null,
            "replacement_security_group_ids": null,
            "reserved_concurrent_executions": -1,
            "role": "arn:aws:iam::061151021706:role/LabRole",
            "runtime": "python3.9",
            "s3_bucket": null,
            "s3_key": null,
            "s3_object_version": null,
            "signing_job_arn": "",
            "signing_profile_version_arn": "",
            "skip_destroy": false,
            "snap_start": [],
            "source_code_hash": "7tbBw5eZgxSI7fcAvau5/i5f77Z/3waX6Vsk/GFewPY=",
            "source_code_size": 1313,
            "tags": null,
            "tags_all": {},
            "timeout": 3,
            "timeouts": null,
            "tracing_config": [
              {
                "mode": "PassThrough"
              }
            ],
            "version": "$LATEST",
            "vpc_config": []
          },
          "sensitive_attributes": [],
          "identity_schema_version": 0,
          "private": "eyJlMmJmYjczMC1lY2FhLTExZTYtOGY4OC0zNDM2M2JjN2M0YzAiOnsiY3JlYXRlIjo2MDAwMDAwMDAwMDAsImRlbGV0ZSI6NjAwMDAwMDAwMDAwLCJ1cGRhdGUiOjYwMDAwMDAwMDAwMH19",
          "dependencies": [
            "data.aws_caller_identity.current",
            "module.cognito.aws_cognito_user_pool.this",
            "module.cognito.aws_cognito_user_pool_client.this",
            "module.user_photos_bucket.aws_s3_bucket.this",
            "module.user_photos_bucket.aws_s3_bucket_policy.this",
            "module.user_photos_bucket.aws_s3_bucket_public_access_block.this",
            "module.user_photos_bucket.aws_s3_directory_bucket.this",
            "module.user_photos_bucket.data.aws_caller_identity.current",
            "module.user_photos_bucket.data.aws_iam_policy_document.access_log_delivery",
            "module.user_photos_bucket.data.aws_iam_policy_document.combined",
            "module.user_photos_bucket.data.aws_iam_policy_document.deny_incorrect_encryption_headers",
            "module.user_photos_bucket.data.aws_iam_policy_document.deny_incorrect_kms_key_sse",
            "module.user_photos_bucket.data.aws_iam_policy_document.deny_insecure_transport",
            "module.user_photos_bucket.data.aws_iam_policy_document.deny_ssec_encrypted_object_uploads",
            "module.user_photos_bucket.data.aws_iam_policy_document.deny_unencrypted_object_uploads",
            "module.user_photos_bucket.data.aws_iam_policy_document.elb_log_delivery",
            "module.user_photos_bucket.data.aws_iam_policy_document.inventory_and_analytics_destination_policy",
            "module.user_photos_bucket.data.aws_iam_policy_document.lb_log_delivery",
            "module.user_photos_bucket.data.aws_iam_policy_document.require_latest_tls",
            "module.user_photos_bucket.data.aws_iam_policy_document.waf_log_delivery",
            "module.user_photos_bucket.data.aws_partition.current",
            "module.user_photos_bucket.data.aws_region.current",
            "random_id.bucket_suffix"
          ]
        },
        {
          "index_key": "confirmarUsuarioCognito",
          "schema_version": 0,
          "attributes": {
            "architectures": [
              "x86_64"
            ],
            "arn": "arn:aws:lambda:us-east-1:061151021706:function:confirmarUsuarioCognito",
            "code_sha256": "qFjkCyaidPdaHkCVEIS6jrfOyqVx1Rl4+piqknNS/bA=",
            "code_signing_config_arn": "",
            "dead_letter_config": [],
            "description": "",
            "environment": [
              {
                "variables": {
                  "COGNITO_CLIENT_ID": "3qlu3d2pjoue1dlgdo10mvcj52"
                }
              }
            ],
            "ephemeral_storage": [
              {
                "size": 512
              }
            ],
            "file_system_config": [],
            "filename": "./lambdas/confirmarUsuarioCognito/lambda_function.zip",
            "function_name": "confirmarUsuarioCognito",
            "handler": "lambda_function.lambda_handler",
            "id": "confirmarUsuarioCognito",
            "image_config": [],
            "image_uri": "",
            "invoke_arn": "arn:aws:apigateway:us-east-1:lambda:path/2015-03-31/functions/arn:aws:lambda:us-east-1:061151021706:function:confirmarUsuarioCognito/invocations",
            "kms_key_arn": "",
            "last_modified": "2025-06-04T20:53:11.853+0000",
            "layers": null,
            "logging_config": [
              {
                "application_log_level": "",
                "log_format": "Text",
                "log_group": "/aws/lambda/confirmarUsuarioCognito",
                "system_log_level": ""
              }
            ],
            "memory_size": 128,
            "package_type": "Zip",
            "publish": false,
            "qualified_arn": "arn:aws:lambda:us-east-1:061151021706:function:confirmarUsuarioCognito:$LATEST",
            "qualified_invoke_arn": "arn:aws:apigateway:us-east-1:lambda:path/2015-03-31/functions/arn:aws:lambda:us-east-1:061151021706:function:confirmarUsuarioCognito:$LATEST/invocations",
            "replace_security_groups_on_destroy": null,
            "replacement_security_group_ids": null,
            "reserved_concurrent_executions": -1,
            "role": "arn:aws:iam::061151021706:role/LabRole",
            "runtime": "python3.9",
            "s3_bucket": null,
            "s3_key": null,
            "s3_object_version": null,
            "signing_job_arn": "",
            "signing_profile_version_arn": "",
            "skip_destroy": false,
            "snap_start": [],
            "source_code_hash": "qFjkCyaidPdaHkCVEIS6jrfOyqVx1Rl4+piqknNS/bA=",
            "source_code_size": 710,
            "tags": null,
            "tags_all": {},
            "timeout": 3,
            "timeouts": null,
            "tracing_config": [
              {
                "mode": "PassThrough"
              }
            ],
            "version": "$LATEST",
            "vpc_config": []
          },
          "sensitive_attributes": [],
          "identity_schema_version": 0,
          "private": "eyJlMmJmYjczMC1lY2FhLTExZTYtOGY4OC0zNDM2M2JjN2M0YzAiOnsiY3JlYXRlIjo2MDAwMDAwMDAwMDAsImRlbGV0ZSI6NjAwMDAwMDAwMDAwLCJ1cGRhdGUiOjYwMDAwMDAwMDAwMH19",
          "dependencies": [
            "data.aws_caller_identity.current",
            "module.cognito.aws_cognito_user_pool.this",
            "module.cognito.aws_cognito_user_pool_client.this",
            "module.user_photos_bucket.aws_s3_bucket.this",
            "module.user_photos_bucket.aws_s3_bucket_policy.this",
            "module.user_photos_bucket.aws_s3_bucket_public_access_block.this",
            "module.user_photos_bucket.aws_s3_directory_bucket.this",
            "module.user_photos_bucket.data.aws_caller_identity.current",
            "module.user_photos_bucket.data.aws_iam_policy_document.access_log_delivery",
            "module.user_photos_bucket.data.aws_iam_policy_document.combined",
            "module.user_photos_bucket.data.aws_iam_policy_document.deny_incorrect_encryption_headers",
            "module.user_photos_bucket.data.aws_iam_policy_document.deny_incorrect_kms_key_sse",
            "module.user_photos_bucket.data.aws_iam_policy_document.deny_insecure_transport",
            "module.user_photos_bucket.data.aws_iam_policy_document.deny_ssec_encrypted_object_uploads",
            "module.user_photos_bucket.data.aws_iam_policy_document.deny_unencrypted_object_uploads",
            "module.user_photos_bucket.data.aws_iam_policy_document.elb_log_delivery",
            "module.user_photos_bucket.data.aws_iam_policy_document.inventory_and_analytics_destination_policy",
            "module.user_photos_bucket.data.aws_iam_policy_document.lb_log_delivery",
            "module.user_photos_bucket.data.aws_iam_policy_document.require_latest_tls",
            "module.user_photos_bucket.data.aws_iam_policy_document.waf_log_delivery",
            "module.user_photos_bucket.data.aws_partition.current",
            "module.user_photos_bucket.data.aws_region.current",
            "random_id.bucket_suffix"
          ]
        },
        {
          "index_key": "getFavorites",
          "schema_version": 0,
          "attributes": {
            "architectures": [
              "x86_64"
            ],
            "arn": "arn:aws:lambda:us-east-1:061151021706:function:getFavorites",
            "code_sha256": "UemxZsldWrZv2+ihn1CVWqfLXbM61gb6hHR/DDnpCiA=",
            "code_signing_config_arn": "",
            "dead_letter_config": [],
            "description": "",
            "environment": [
              {
                "variables": {
                  "DYNAMODB_GSI_NAME": "GSI-RECETA",
                  "DYNAMODB_TABLE": "TablaRecetas"
                }
              }
            ],
            "ephemeral_storage": [
              {
                "size": 512
              }
            ],
            "file_system_config": [],
            "filename": "./lambdas/getFavorites/lambda_function.zip",
            "function_name": "getFavorites",
            "handler": "lambda_function.lambda_handler",
            "id": "getFavorites",
            "image_config": [],
            "image_uri": "",
            "invoke_arn": "arn:aws:apigateway:us-east-1:lambda:path/2015-03-31/functions/arn:aws:lambda:us-east-1:061151021706:function:getFavorites/invocations",
            "kms_key_arn": "",
            "last_modified": "2025-06-04T20:52:37.741+0000",
            "layers": null,
            "logging_config": [
              {
                "application_log_level": "",
                "log_format": "Text",
                "log_group": "/aws/lambda/getFavorites",
                "system_log_level": ""
              }
            ],
            "memory_size": 128,
            "package_type": "Zip",
            "publish": false,
            "qualified_arn": "arn:aws:lambda:us-east-1:061151021706:function:getFavorites:$LATEST",
            "qualified_invoke_arn": "arn:aws:apigateway:us-east-1:lambda:path/2015-03-31/functions/arn:aws:lambda:us-east-1:061151021706:function:getFavorites:$LATEST/invocations",
            "replace_security_groups_on_destroy": null,
            "replacement_security_group_ids": null,
            "reserved_concurrent_executions": -1,
            "role": "arn:aws:iam::061151021706:role/LabRole",
            "runtime": "python3.9",
            "s3_bucket": null,
            "s3_key": null,
            "s3_object_version": null,
            "signing_job_arn": "",
            "signing_profile_version_arn": "",
            "skip_destroy": false,
            "snap_start": [],
            "source_code_hash": "UemxZsldWrZv2+ihn1CVWqfLXbM61gb6hHR/DDnpCiA=",
            "source_code_size": 2012,
            "tags": null,
            "tags_all": {},
            "timeout": 3,
            "timeouts": null,
            "tracing_config": [
              {
                "mode": "PassThrough"
              }
            ],
            "version": "$LATEST",
            "vpc_config": []
          },
          "sensitive_attributes": [],
          "identity_schema_version": 0,
          "private": "eyJlMmJmYjczMC1lY2FhLTExZTYtOGY4OC0zNDM2M2JjN2M0YzAiOnsiY3JlYXRlIjo2MDAwMDAwMDAwMDAsImRlbGV0ZSI6NjAwMDAwMDAwMDAwLCJ1cGRhdGUiOjYwMDAwMDAwMDAwMH19",
          "dependencies": [
            "data.aws_caller_identity.current",
            "module.cognito.aws_cognito_user_pool.this",
            "module.cognito.aws_cognito_user_pool_client.this",
            "module.user_photos_bucket.aws_s3_bucket.this",
            "module.user_photos_bucket.aws_s3_bucket_policy.this",
            "module.user_photos_bucket.aws_s3_bucket_public_access_block.this",
            "module.user_photos_bucket.aws_s3_directory_bucket.this",
            "module.user_photos_bucket.data.aws_caller_identity.current",
            "module.user_photos_bucket.data.aws_iam_policy_document.access_log_delivery",
            "module.user_photos_bucket.data.aws_iam_policy_document.combined",
            "module.user_photos_bucket.data.aws_iam_policy_document.deny_incorrect_encryption_headers",
            "module.user_photos_bucket.data.aws_iam_policy_document.deny_incorrect_kms_key_sse",
            "module.user_photos_bucket.data.aws_iam_policy_document.deny_insecure_transport",
            "module.user_photos_bucket.data.aws_iam_policy_document.deny_ssec_encrypted_object_uploads",
            "module.user_photos_bucket.data.aws_iam_policy_document.deny_unencrypted_object_uploads",
            "module.user_photos_bucket.data.aws_iam_policy_document.elb_log_delivery",
            "module.user_photos_bucket.data.aws_iam_policy_document.inventory_and_analytics_destination_policy",
            "module.user_photos_bucket.data.aws_iam_policy_document.lb_log_delivery",
            "module.user_photos_bucket.data.aws_iam_policy_document.require_latest_tls",
            "module.user_photos_bucket.data.aws_iam_policy_document.waf_log_delivery",
            "module.user_photos_bucket.data.aws_partition.current",
            "module.user_photos_bucket.data.aws_region.current",
            "random_id.bucket_suffix"
          ]
        },
        {
          "index_key": "guardarReceta",
          "schema_version": 0,
          "attributes": {
            "architectures": [
              "x86_64"
            ],
            "arn": "arn:aws:lambda:us-east-1:061151021706:function:guardarReceta",
            "code_sha256": "+Vr/yf6Y9pJFOuhA82QZCXt6BmMnr0e6fUMv8QhkfOQ=",
            "code_signing_config_arn": "",
            "dead_letter_config": [],
            "description": "",
            "environment": [
              {
                "variables": {
                  "BUCKET_IMAGENES": "rectefify-fotos-usuarios-bcf48b4d2014c641"
                }
              }
            ],
            "ephemeral_storage": [
              {
                "size": 512
              }
            ],
            "file_system_config": [],
            "filename": "./lambdas/guardarReceta/lambda_function.zip",
            "function_name": "guardarReceta",
            "handler": "lambda_function.lambda_handler",
            "id": "guardarReceta",
            "image_config": [],
            "image_uri": "",
            "invoke_arn": "arn:aws:apigateway:us-east-1:lambda:path/2015-03-31/functions/arn:aws:lambda:us-east-1:061151021706:function:guardarReceta/invocations",
            "kms_key_arn": "",
            "last_modified": "2025-06-04T20:53:38.988+0000",
            "layers": null,
            "logging_config": [
              {
                "application_log_level": "",
                "log_format": "Text",
                "log_group": "/aws/lambda/guardarReceta",
                "system_log_level": ""
              }
            ],
            "memory_size": 128,
            "package_type": "Zip",
            "publish": false,
            "qualified_arn": "arn:aws:lambda:us-east-1:061151021706:function:guardarReceta:$LATEST",
            "qualified_invoke_arn": "arn:aws:apigateway:us-east-1:lambda:path/2015-03-31/functions/arn:aws:lambda:us-east-1:061151021706:function:guardarReceta:$LATEST/invocations",
            "replace_security_groups_on_destroy": null,
            "replacement_security_group_ids": null,
            "reserved_concurrent_executions": -1,
            "role": "arn:aws:iam::061151021706:role/LabRole",
            "runtime": "python3.9",
            "s3_bucket": null,
            "s3_key": null,
            "s3_object_version": null,
            "signing_job_arn": "",
            "signing_profile_version_arn": "",
            "skip_destroy": false,
            "snap_start": [],
            "source_code_hash": "+Vr/yf6Y9pJFOuhA82QZCXt6BmMnr0e6fUMv8QhkfOQ=",
            "source_code_size": 1968,
            "tags": null,
            "tags_all": {},
            "timeout": 3,
            "timeouts": null,
            "tracing_config": [
              {
                "mode": "PassThrough"
              }
            ],
            "version": "$LATEST",
            "vpc_config": []
          },
          "sensitive_attributes": [],
          "identity_schema_version": 0,
          "private": "eyJlMmJmYjczMC1lY2FhLTExZTYtOGY4OC0zNDM2M2JjN2M0YzAiOnsiY3JlYXRlIjo2MDAwMDAwMDAwMDAsImRlbGV0ZSI6NjAwMDAwMDAwMDAwLCJ1cGRhdGUiOjYwMDAwMDAwMDAwMH19",
          "dependencies": [
            "data.aws_caller_identity.current",
            "module.cognito.aws_cognito_user_pool.this",
            "module.cognito.aws_cognito_user_pool_client.this",
            "module.user_photos_bucket.aws_s3_bucket.this",
            "module.user_photos_bucket.aws_s3_bucket_policy.this",
            "module.user_photos_bucket.aws_s3_bucket_public_access_block.this",
            "module.user_photos_bucket.aws_s3_directory_bucket.this",
            "module.user_photos_bucket.data.aws_caller_identity.current",
            "module.user_photos_bucket.data.aws_iam_policy_document.access_log_delivery",
            "module.user_photos_bucket.data.aws_iam_policy_document.combined",
            "module.user_photos_bucket.data.aws_iam_policy_document.deny_incorrect_encryption_headers",
            "module.user_photos_bucket.data.aws_iam_policy_document.deny_incorrect_kms_key_sse",
            "module.user_photos_bucket.data.aws_iam_policy_document.deny_insecure_transport",
            "module.user_photos_bucket.data.aws_iam_policy_document.deny_ssec_encrypted_object_uploads",
            "module.user_photos_bucket.data.aws_iam_policy_document.deny_unencrypted_object_uploads",
            "module.user_photos_bucket.data.aws_iam_policy_document.elb_log_delivery",
            "module.user_photos_bucket.data.aws_iam_policy_document.inventory_and_analytics_destination_policy",
            "module.user_photos_bucket.data.aws_iam_policy_document.lb_log_delivery",
            "module.user_photos_bucket.data.aws_iam_policy_document.require_latest_tls",
            "module.user_photos_bucket.data.aws_iam_policy_document.waf_log_delivery",
            "module.user_photos_bucket.data.aws_partition.current",
            "module.user_photos_bucket.data.aws_region.current",
            "random_id.bucket_suffix"
          ]
        },
        {
          "index_key": "inicioSesionCognito",
          "schema_version": 0,
          "attributes": {
            "architectures": [
              "x86_64"
            ],
            "arn": "arn:aws:lambda:us-east-1:061151021706:function:inicioSesionCognito",
            "code_sha256": "No/MDiPiojbUyrJuthB8emwID7iEdGsgbQRcoeEjloY=",
            "code_signing_config_arn": "",
            "dead_letter_config": [],
            "description": "",
            "environment": [
              {
                "variables": {
                  "COGNITO_CLIENT_ID": "3qlu3d2pjoue1dlgdo10mvcj52"
                }
              }
            ],
            "ephemeral_storage": [
              {
                "size": 512
              }
            ],
            "file_system_config": [],
            "filename": "./lambdas/inicioSesionCognito/lambda_function.zip",
            "function_name": "inicioSesionCognito",
            "handler": "lambda_function.lambda_handler",
            "id": "inicioSesionCognito",
            "image_config": [],
            "image_uri": "",
            "invoke_arn": "arn:aws:apigateway:us-east-1:lambda:path/2015-03-31/functions/arn:aws:lambda:us-east-1:061151021706:function:inicioSesionCognito/invocations",
            "kms_key_arn": "",
            "last_modified": "2025-06-04T20:53:04.547+0000",
            "layers": null,
            "logging_config": [
              {
                "application_log_level": "",
                "log_format": "Text",
                "log_group": "/aws/lambda/inicioSesionCognito",
                "system_log_level": ""
              }
            ],
            "memory_size": 128,
            "package_type": "Zip",
            "publish": false,
            "qualified_arn": "arn:aws:lambda:us-east-1:061151021706:function:inicioSesionCognito:$LATEST",
            "qualified_invoke_arn": "arn:aws:apigateway:us-east-1:lambda:path/2015-03-31/functions/arn:aws:lambda:us-east-1:061151021706:function:inicioSesionCognito:$LATEST/invocations",
            "replace_security_groups_on_destroy": null,
            "replacement_security_group_ids": null,
            "reserved_concurrent_executions": -1,
            "role": "arn:aws:iam::061151021706:role/LabRole",
            "runtime": "python3.9",
            "s3_bucket": null,
            "s3_key": null,
            "s3_object_version": null,
            "signing_job_arn": "",
            "signing_profile_version_arn": "",
            "skip_destroy": false,
            "snap_start": [],
            "source_code_hash": "No/MDiPiojbUyrJuthB8emwID7iEdGsgbQRcoeEjloY=",
            "source_code_size": 989,
            "tags": null,
            "tags_all": {},
            "timeout": 3,
            "timeouts": null,
            "tracing_config": [
              {
                "mode": "PassThrough"
              }
            ],
            "version": "$LATEST",
            "vpc_config": []
          },
          "sensitive_attributes": [],
          "identity_schema_version": 0,
          "private": "eyJlMmJmYjczMC1lY2FhLTExZTYtOGY4OC0zNDM2M2JjN2M0YzAiOnsiY3JlYXRlIjo2MDAwMDAwMDAwMDAsImRlbGV0ZSI6NjAwMDAwMDAwMDAwLCJ1cGRhdGUiOjYwMDAwMDAwMDAwMH19",
          "dependencies": [
            "data.aws_caller_identity.current",
            "module.cognito.aws_cognito_user_pool.this",
            "module.cognito.aws_cognito_user_pool_client.this",
            "module.user_photos_bucket.aws_s3_bucket.this",
            "module.user_photos_bucket.aws_s3_bucket_policy.this",
            "module.user_photos_bucket.aws_s3_bucket_public_access_block.this",
            "module.user_photos_bucket.aws_s3_directory_bucket.this",
            "module.user_photos_bucket.data.aws_caller_identity.current",
            "module.user_photos_bucket.data.aws_iam_policy_document.access_log_delivery",
            "module.user_photos_bucket.data.aws_iam_policy_document.combined",
            "module.user_photos_bucket.data.aws_iam_policy_document.deny_incorrect_encryption_headers",
            "module.user_photos_bucket.data.aws_iam_policy_document.deny_incorrect_kms_key_sse",
            "module.user_photos_bucket.data.aws_iam_policy_document.deny_insecure_transport",
            "module.user_photos_bucket.data.aws_iam_policy_document.deny_ssec_encrypted_object_uploads",
            "module.user_photos_bucket.data.aws_iam_policy_document.deny_unencrypted_object_uploads",
            "module.user_photos_bucket.data.aws_iam_policy_document.elb_log_delivery",
            "module.user_photos_bucket.data.aws_iam_policy_document.inventory_and_analytics_destination_policy",
            "module.user_photos_bucket.data.aws_iam_policy_document.lb_log_delivery",
            "module.user_photos_bucket.data.aws_iam_policy_document.require_latest_tls",
            "module.user_photos_bucket.data.aws_iam_policy_document.waf_log_delivery",
            "module.user_photos_bucket.data.aws_partition.current",
            "module.user_photos_bucket.data.aws_region.current",
            "random_id.bucket_suffix"
          ]
        },
        {
          "index_key": "logoutCognito",
          "schema_version": 0,
          "attributes": {
            "architectures": [
              "x86_64"
            ],
            "arn": "arn:aws:lambda:us-east-1:061151021706:function:logoutCognito",
            "code_sha256": "AeZ2UlPVj+G5FaG5ZQcNqjF5GLspa2mSfNDcbmXWFZs=",
            "code_signing_config_arn": "",
            "dead_letter_config": [],
            "description": "",
            "environment": [
              {
                "variables": {
                  "COGNITO_CLIENT_ID": "3qlu3d2pjoue1dlgdo10mvcj52"
                }
              }
            ],
            "ephemeral_storage": [
              {
                "size": 512
              }
            ],
            "file_system_config": [],
            "filename": "./lambdas/logoutCognito/lambda_function.zip",
            "function_name": "logoutCognito",
            "handler": "lambda_function.lambda_handler",
            "id": "logoutCognito",
            "image_config": [],
            "image_uri": "",
            "invoke_arn": "arn:aws:apigateway:us-east-1:lambda:path/2015-03-31/functions/arn:aws:lambda:us-east-1:061151021706:function:logoutCognito/invocations",
            "kms_key_arn": "",
            "last_modified": "2025-06-04T20:52:51.033+0000",
            "layers": null,
            "logging_config": [
              {
                "application_log_level": "",
                "log_format": "Text",
                "log_group": "/aws/lambda/logoutCognito",
                "system_log_level": ""
              }
            ],
            "memory_size": 128,
            "package_type": "Zip",
            "publish": false,
            "qualified_arn": "arn:aws:lambda:us-east-1:061151021706:function:logoutCognito:$LATEST",
            "qualified_invoke_arn": "arn:aws:apigateway:us-east-1:lambda:path/2015-03-31/functions/arn:aws:lambda:us-east-1:061151021706:function:logoutCognito:$LATEST/invocations",
            "replace_security_groups_on_destroy": null,
            "replacement_security_group_ids": null,
            "reserved_concurrent_executions": -1,
            "role": "arn:aws:iam::061151021706:role/LabRole",
            "runtime": "python3.9",
            "s3_bucket": null,
            "s3_key": null,
            "s3_object_version": null,
            "signing_job_arn": "",
            "signing_profile_version_arn": "",
            "skip_destroy": false,
            "snap_start": [],
            "source_code_hash": "AeZ2UlPVj+G5FaG5ZQcNqjF5GLspa2mSfNDcbmXWFZs=",
            "source_code_size": 1123,
            "tags": null,
            "tags_all": {},
            "timeout": 3,
            "timeouts": null,
            "tracing_config": [
              {
                "mode": "PassThrough"
              }
            ],
            "version": "$LATEST",
            "vpc_config": []
          },
          "sensitive_attributes": [],
          "identity_schema_version": 0,
          "private": "eyJlMmJmYjczMC1lY2FhLTExZTYtOGY4OC0zNDM2M2JjN2M0YzAiOnsiY3JlYXRlIjo2MDAwMDAwMDAwMDAsImRlbGV0ZSI6NjAwMDAwMDAwMDAwLCJ1cGRhdGUiOjYwMDAwMDAwMDAwMH19",
          "dependencies": [
            "data.aws_caller_identity.current",
            "module.cognito.aws_cognito_user_pool.this",
            "module.cognito.aws_cognito_user_pool_client.this",
            "module.user_photos_bucket.aws_s3_bucket.this",
            "module.user_photos_bucket.aws_s3_bucket_policy.this",
            "module.user_photos_bucket.aws_s3_bucket_public_access_block.this",
            "module.user_photos_bucket.aws_s3_directory_bucket.this",
            "module.user_photos_bucket.data.aws_caller_identity.current",
            "module.user_photos_bucket.data.aws_iam_policy_document.access_log_delivery",
            "module.user_photos_bucket.data.aws_iam_policy_document.combined",
            "module.user_photos_bucket.data.aws_iam_policy_document.deny_incorrect_encryption_headers",
            "module.user_photos_bucket.data.aws_iam_policy_document.deny_incorrect_kms_key_sse",
            "module.user_photos_bucket.data.aws_iam_policy_document.deny_insecure_transport",
            "module.user_photos_bucket.data.aws_iam_policy_document.deny_ssec_encrypted_object_uploads",
            "module.user_photos_bucket.data.aws_iam_policy_document.deny_unencrypted_object_uploads",
            "module.user_photos_bucket.data.aws_iam_policy_document.elb_log_delivery",
            "module.user_photos_bucket.data.aws_iam_policy_document.inventory_and_analytics_destination_policy",
            "module.user_photos_bucket.data.aws_iam_policy_document.lb_log_delivery",
            "module.user_photos_bucket.data.aws_iam_policy_document.require_latest_tls",
            "module.user_photos_bucket.data.aws_iam_policy_document.waf_log_delivery",
            "module.user_photos_bucket.data.aws_partition.current",
            "module.user_photos_bucket.data.aws_region.current",
            "random_id.bucket_suffix"
          ]
        },
        {
          "index_key": "obtenerReceta",
          "schema_version": 0,
          "attributes": {
            "architectures": [
              "x86_64"
            ],
            "arn": "arn:aws:lambda:us-east-1:061151021706:function:obtenerReceta",
            "code_sha256": "d2yGTQzEALqiKq7UKcjN5Ik0yG3BVrhvMwbX1rLmgW4=",
            "code_signing_config_arn": "",
            "dead_letter_config": [],
            "description": "",
            "environment": [],
            "ephemeral_storage": [
              {
                "size": 512
              }
            ],
            "file_system_config": [],
            "filename": "./lambdas/obtenerReceta/lambda_function.zip",
            "function_name": "obtenerReceta",
            "handler": "lambda_function.lambda_handler",
            "id": "obtenerReceta",
            "image_config": [],
            "image_uri": "",
            "invoke_arn": "arn:aws:apigateway:us-east-1:lambda:path/2015-03-31/functions/arn:aws:lambda:us-east-1:061151021706:function:obtenerReceta/invocations",
            "kms_key_arn": "",
            "last_modified": "2025-06-04T20:52:44.488+0000",
            "layers": null,
            "logging_config": [
              {
                "application_log_level": "",
                "log_format": "Text",
                "log_group": "/aws/lambda/obtenerReceta",
                "system_log_level": ""
              }
            ],
            "memory_size": 128,
            "package_type": "Zip",
            "publish": false,
            "qualified_arn": "arn:aws:lambda:us-east-1:061151021706:function:obtenerReceta:$LATEST",
            "qualified_invoke_arn": "arn:aws:apigateway:us-east-1:lambda:path/2015-03-31/functions/arn:aws:lambda:us-east-1:061151021706:function:obtenerReceta:$LATEST/invocations",
            "replace_security_groups_on_destroy": null,
            "replacement_security_group_ids": null,
            "reserved_concurrent_executions": -1,
            "role": "arn:aws:iam::061151021706:role/LabRole",
            "runtime": "python3.9",
            "s3_bucket": null,
            "s3_key": null,
            "s3_object_version": null,
            "signing_job_arn": "",
            "signing_profile_version_arn": "",
            "skip_destroy": false,
            "snap_start": [],
            "source_code_hash": "d2yGTQzEALqiKq7UKcjN5Ik0yG3BVrhvMwbX1rLmgW4=",
            "source_code_size": 1096,
            "tags": null,
            "tags_all": {},
            "timeout": 3,
            "timeouts": null,
            "tracing_config": [
              {
                "mode": "PassThrough"
              }
            ],
            "version": "$LATEST",
            "vpc_config": []
          },
          "sensitive_attributes": [],
          "identity_schema_version": 0,
          "private": "eyJlMmJmYjczMC1lY2FhLTExZTYtOGY4OC0zNDM2M2JjN2M0YzAiOnsiY3JlYXRlIjo2MDAwMDAwMDAwMDAsImRlbGV0ZSI6NjAwMDAwMDAwMDAwLCJ1cGRhdGUiOjYwMDAwMDAwMDAwMH19",
          "dependencies": [
            "data.aws_caller_identity.current",
            "module.cognito.aws_cognito_user_pool.this",
            "module.cognito.aws_cognito_user_pool_client.this",
            "module.user_photos_bucket.aws_s3_bucket.this",
            "module.user_photos_bucket.aws_s3_bucket_policy.this",
            "module.user_photos_bucket.aws_s3_bucket_public_access_block.this",
            "module.user_photos_bucket.aws_s3_directory_bucket.this",
            "module.user_photos_bucket.data.aws_caller_identity.current",
            "module.user_photos_bucket.data.aws_iam_policy_document.access_log_delivery",
            "module.user_photos_bucket.data.aws_iam_policy_document.combined",
            "module.user_photos_bucket.data.aws_iam_policy_document.deny_incorrect_encryption_headers",
            "module.user_photos_bucket.data.aws_iam_policy_document.deny_incorrect_kms_key_sse",
            "module.user_photos_bucket.data.aws_iam_policy_document.deny_insecure_transport",
            "module.user_photos_bucket.data.aws_iam_policy_document.deny_ssec_encrypted_object_uploads",
            "module.user_photos_bucket.data.aws_iam_policy_document.deny_unencrypted_object_uploads",
            "module.user_photos_bucket.data.aws_iam_policy_document.elb_log_delivery",
            "module.user_photos_bucket.data.aws_iam_policy_document.inventory_and_analytics_destination_policy",
            "module.user_photos_bucket.data.aws_iam_policy_document.lb_log_delivery",
            "module.user_photos_bucket.data.aws_iam_policy_document.require_latest_tls",
            "module.user_photos_bucket.data.aws_iam_policy_document.waf_log_delivery",
            "module.user_photos_bucket.data.aws_partition.current",
            "module.user_photos_bucket.data.aws_region.current",
            "random_id.bucket_suffix"
          ]
        },
        {
          "index_key": "obtenerRecetasUsuario",
          "schema_version": 0,
          "attributes": {
            "architectures": [
              "x86_64"
            ],
            "arn": "arn:aws:lambda:us-east-1:061151021706:function:obtenerRecetasUsuario",
            "code_sha256": "TxwPqt3hkTHCMG5IK5kq06nZwhHW/j0AqjBPMSe4HKU=",
            "code_signing_config_arn": "",
            "dead_letter_config": [],
            "description": "",
            "environment": [],
            "ephemeral_storage": [
              {
                "size": 512
              }
            ],
            "file_system_config": [],
            "filename": "./lambdas/obtenerRecetasUsuario/lambda_function.zip",
            "function_name": "obtenerRecetasUsuario",
            "handler": "lambda_function.lambda_handler",
            "id": "obtenerRecetasUsuario",
            "image_config": [],
            "image_uri": "",
            "invoke_arn": "arn:aws:apigateway:us-east-1:lambda:path/2015-03-31/functions/arn:aws:lambda:us-east-1:061151021706:function:obtenerRecetasUsuario/invocations",
            "kms_key_arn": "",
            "last_modified": "2025-06-04T20:53:25.532+0000",
            "layers": null,
            "logging_config": [
              {
                "application_log_level": "",
                "log_format": "Text",
                "log_group": "/aws/lambda/obtenerRecetasUsuario",
                "system_log_level": ""
              }
            ],
            "memory_size": 128,
            "package_type": "Zip",
            "publish": false,
            "qualified_arn": "arn:aws:lambda:us-east-1:061151021706:function:obtenerRecetasUsuario:$LATEST",
            "qualified_invoke_arn": "arn:aws:apigateway:us-east-1:lambda:path/2015-03-31/functions/arn:aws:lambda:us-east-1:061151021706:function:obtenerRecetasUsuario:$LATEST/invocations",
            "replace_security_groups_on_destroy": null,
            "replacement_security_group_ids": null,
            "reserved_concurrent_executions": -1,
            "role": "arn:aws:iam::061151021706:role/LabRole",
            "runtime": "python3.9",
            "s3_bucket": null,
            "s3_key": null,
            "s3_object_version": null,
            "signing_job_arn": "",
            "signing_profile_version_arn": "",
            "skip_destroy": false,
            "snap_start": [],
            "source_code_hash": "TxwPqt3hkTHCMG5IK5kq06nZwhHW/j0AqjBPMSe4HKU=",
            "source_code_size": 1341,
            "tags": null,
            "tags_all": {},
            "timeout": 3,
            "timeouts": null,
            "tracing_config": [
              {
                "mode": "PassThrough"
              }
            ],
            "version": "$LATEST",
            "vpc_config": []
          },
          "sensitive_attributes": [],
          "identity_schema_version": 0,
          "private": "eyJlMmJmYjczMC1lY2FhLTExZTYtOGY4OC0zNDM2M2JjN2M0YzAiOnsiY3JlYXRlIjo2MDAwMDAwMDAwMDAsImRlbGV0ZSI6NjAwMDAwMDAwMDAwLCJ1cGRhdGUiOjYwMDAwMDAwMDAwMH19",
          "dependencies": [
            "data.aws_caller_identity.current",
            "module.cognito.aws_cognito_user_pool.this",
            "module.cognito.aws_cognito_user_pool_client.this",
            "module.user_photos_bucket.aws_s3_bucket.this",
            "module.user_photos_bucket.aws_s3_bucket_policy.this",
            "module.user_photos_bucket.aws_s3_bucket_public_access_block.this",
            "module.user_photos_bucket.aws_s3_directory_bucket.this",
            "module.user_photos_bucket.data.aws_caller_identity.current",
            "module.user_photos_bucket.data.aws_iam_policy_document.access_log_delivery",
            "module.user_photos_bucket.data.aws_iam_policy_document.combined",
            "module.user_photos_bucket.data.aws_iam_policy_document.deny_incorrect_encryption_headers",
            "module.user_photos_bucket.data.aws_iam_policy_document.deny_incorrect_kms_key_sse",
            "module.user_photos_bucket.data.aws_iam_policy_document.deny_insecure_transport",
            "module.user_photos_bucket.data.aws_iam_policy_document.deny_ssec_encrypted_object_uploads",
            "module.user_photos_bucket.data.aws_iam_policy_document.deny_unencrypted_object_uploads",
            "module.user_photos_bucket.data.aws_iam_policy_document.elb_log_delivery",
            "module.user_photos_bucket.data.aws_iam_policy_document.inventory_and_analytics_destination_policy",
            "module.user_photos_bucket.data.aws_iam_policy_document.lb_log_delivery",
            "module.user_photos_bucket.data.aws_iam_policy_document.require_latest_tls",
            "module.user_photos_bucket.data.aws_iam_policy_document.waf_log_delivery",
            "module.user_photos_bucket.data.aws_partition.current",
            "module.user_photos_bucket.data.aws_region.current",
            "random_id.bucket_suffix"
          ]
        },
        {
          "index_key": "registroCognito",
          "schema_version": 0,
          "attributes": {
            "architectures": [
              "x86_64"
            ],
            "arn": "arn:aws:lambda:us-east-1:061151021706:function:registroCognito",
            "code_sha256": "/iHQZERmHEHumbXtWr9pn48p82+aBqYWmURjtt6SbaE=",
            "code_signing_config_arn": "",
            "dead_letter_config": [],
            "description": "",
            "environment": [
              {
                "variables": {
                  "COGNITO_CLIENT_ID": "3qlu3d2pjoue1dlgdo10mvcj52"
                }
              }
            ],
            "ephemeral_storage": [
              {
                "size": 512
              }
            ],
            "file_system_config": [],
            "filename": "./lambdas/registroCognito/lambda_function.zip",
            "function_name": "registroCognito",
            "handler": "lambda_function.lambda_handler",
            "id": "registroCognito",
            "image_config": [],
            "image_uri": "",
            "invoke_arn": "arn:aws:apigateway:us-east-1:lambda:path/2015-03-31/functions/arn:aws:lambda:us-east-1:061151021706:function:registroCognito/invocations",
            "kms_key_arn": "",
            "last_modified": "2025-06-04T20:53:32.148+0000",
            "layers": null,
            "logging_config": [
              {
                "application_log_level": "",
                "log_format": "Text",
                "log_group": "/aws/lambda/registroCognito",
                "system_log_level": ""
              }
            ],
            "memory_size": 128,
            "package_type": "Zip",
            "publish": false,
            "qualified_arn": "arn:aws:lambda:us-east-1:061151021706:function:registroCognito:$LATEST",
            "qualified_invoke_arn": "arn:aws:apigateway:us-east-1:lambda:path/2015-03-31/functions/arn:aws:lambda:us-east-1:061151021706:function:registroCognito:$LATEST/invocations",
            "replace_security_groups_on_destroy": null,
            "replacement_security_group_ids": null,
            "reserved_concurrent_executions": -1,
            "role": "arn:aws:iam::061151021706:role/LabRole",
            "runtime": "python3.9",
            "s3_bucket": null,
            "s3_key": null,
            "s3_object_version": null,
            "signing_job_arn": "",
            "signing_profile_version_arn": "",
            "skip_destroy": false,
            "snap_start": [],
            "source_code_hash": "/iHQZERmHEHumbXtWr9pn48p82+aBqYWmURjtt6SbaE=",
            "source_code_size": 831,
            "tags": null,
            "tags_all": {},
            "timeout": 3,
            "timeouts": null,
            "tracing_config": [
              {
                "mode": "PassThrough"
              }
            ],
            "version": "$LATEST",
            "vpc_config": []
          },
          "sensitive_attributes": [],
          "identity_schema_version": 0,
          "private": "eyJlMmJmYjczMC1lY2FhLTExZTYtOGY4OC0zNDM2M2JjN2M0YzAiOnsiY3JlYXRlIjo2MDAwMDAwMDAwMDAsImRlbGV0ZSI6NjAwMDAwMDAwMDAwLCJ1cGRhdGUiOjYwMDAwMDAwMDAwMH19",
          "dependencies": [
            "data.aws_caller_identity.current",
            "module.cognito.aws_cognito_user_pool.this",
            "module.cognito.aws_cognito_user_pool_client.this",
            "module.user_photos_bucket.aws_s3_bucket.this",
            "module.user_photos_bucket.aws_s3_bucket_policy.this",
            "module.user_photos_bucket.aws_s3_bucket_public_access_block.this",
            "module.user_photos_bucket.aws_s3_directory_bucket.this",
            "module.user_photos_bucket.data.aws_caller_identity.current",
            "module.user_photos_bucket.data.aws_iam_policy_document.access_log_delivery",
            "module.user_photos_bucket.data.aws_iam_policy_document.combined",
            "module.user_photos_bucket.data.aws_iam_policy_document.deny_incorrect_encryption_headers",
            "module.user_photos_bucket.data.aws_iam_policy_document.deny_incorrect_kms_key_sse",
            "module.user_photos_bucket.data.aws_iam_policy_document.deny_insecure_transport",
            "module.user_photos_bucket.data.aws_iam_policy_document.deny_ssec_encrypted_object_uploads",
            "module.user_photos_bucket.data.aws_iam_policy_document.deny_unencrypted_object_uploads",
            "module.user_photos_bucket.data.aws_iam_policy_document.elb_log_delivery",
            "module.user_photos_bucket.data.aws_iam_policy_document.inventory_and_analytics_destination_policy",
            "module.user_photos_bucket.data.aws_iam_policy_document.lb_log_delivery",
            "module.user_photos_bucket.data.aws_iam_policy_document.require_latest_tls",
            "module.user_photos_bucket.data.aws_iam_policy_document.waf_log_delivery",
            "module.user_photos_bucket.data.aws_partition.current",
            "module.user_photos_bucket.data.aws_region.current",
            "random_id.bucket_suffix"
          ]
        },
        {
          "index_key": "removeFavorite",
          "schema_version": 0,
          "attributes": {
            "architectures": [
              "x86_64"
            ],
            "arn": "arn:aws:lambda:us-east-1:061151021706:function:removeFavorite",
            "code_sha256": "NIWJBwClpJzHrV2bA+JGgy0Hyg5njlYF7YLWxJEH/Oc=",
            "code_signing_config_arn": "",
            "dead_letter_config": [],
            "description": "",
            "environment": [
              {
                "variables": {
                  "DYNAMODB_TABLE": "TablaRecetas"
                }
              }
            ],
            "ephemeral_storage": [
              {
                "size": 512
              }
            ],
            "file_system_config": [],
            "filename": "./lambdas/removeFavorite/lambda_function.zip",
            "function_name": "removeFavorite",
            "handler": "lambda_function.lambda_handler",
            "id": "removeFavorite",
            "image_config": [],
            "image_uri": "",
            "invoke_arn": "arn:aws:apigateway:us-east-1:lambda:path/2015-03-31/functions/arn:aws:lambda:us-east-1:061151021706:function:removeFavorite/invocations",
            "kms_key_arn": "",
            "last_modified": "2025-06-04T20:52:57.846+0000",
            "layers": null,
            "logging_config": [
              {
                "application_log_level": "",
                "log_format": "Text",
                "log_group": "/aws/lambda/removeFavorite",
                "system_log_level": ""
              }
            ],
            "memory_size": 128,
            "package_type": "Zip",
            "publish": false,
            "qualified_arn": "arn:aws:lambda:us-east-1:061151021706:function:removeFavorite:$LATEST",
            "qualified_invoke_arn": "arn:aws:apigateway:us-east-1:lambda:path/2015-03-31/functions/arn:aws:lambda:us-east-1:061151021706:function:removeFavorite:$LATEST/invocations",
            "replace_security_groups_on_destroy": null,
            "replacement_security_group_ids": null,
            "reserved_concurrent_executions": -1,
            "role": "arn:aws:iam::061151021706:role/LabRole",
            "runtime": "python3.9",
            "s3_bucket": null,
            "s3_key": null,
            "s3_object_version": null,
            "signing_job_arn": "",
            "signing_profile_version_arn": "",
            "skip_destroy": false,
            "snap_start": [],
            "source_code_hash": "NIWJBwClpJzHrV2bA+JGgy0Hyg5njlYF7YLWxJEH/Oc=",
            "source_code_size": 1544,
            "tags": null,
            "tags_all": {},
            "timeout": 3,
            "timeouts": null,
            "tracing_config": [
              {
                "mode": "PassThrough"
              }
            ],
            "version": "$LATEST",
            "vpc_config": []
          },
          "sensitive_attributes": [],
          "identity_schema_version": 0,
          "private": "eyJlMmJmYjczMC1lY2FhLTExZTYtOGY4OC0zNDM2M2JjN2M0YzAiOnsiY3JlYXRlIjo2MDAwMDAwMDAwMDAsImRlbGV0ZSI6NjAwMDAwMDAwMDAwLCJ1cGRhdGUiOjYwMDAwMDAwMDAwMH19",
          "dependencies": [
            "data.aws_caller_identity.current",
            "module.cognito.aws_cognito_user_pool.this",
            "module.cognito.aws_cognito_user_pool_client.this",
            "module.user_photos_bucket.aws_s3_bucket.this",
            "module.user_photos_bucket.aws_s3_bucket_policy.this",
            "module.user_photos_bucket.aws_s3_bucket_public_access_block.this",
            "module.user_photos_bucket.aws_s3_directory_bucket.this",
            "module.user_photos_bucket.data.aws_caller_identity.current",
            "module.user_photos_bucket.data.aws_iam_policy_document.access_log_delivery",
            "module.user_photos_bucket.data.aws_iam_policy_document.combined",
            "module.user_photos_bucket.data.aws_iam_policy_document.deny_incorrect_encryption_headers",
            "module.user_photos_bucket.data.aws_iam_policy_document.deny_incorrect_kms_key_sse",
            "module.user_photos_bucket.data.aws_iam_policy_document.deny_insecure_transport",
            "module.user_photos_bucket.data.aws_iam_policy_document.deny_ssec_encrypted_object_uploads",
            "module.user_photos_bucket.data.aws_iam_policy_document.deny_unencrypted_object_uploads",
            "module.user_photos_bucket.data.aws_iam_policy_document.elb_log_delivery",
            "module.user_photos_bucket.data.aws_iam_policy_document.inventory_and_analytics_destination_policy",
            "module.user_photos_bucket.data.aws_iam_policy_document.lb_log_delivery",
            "module.user_photos_bucket.data.aws_iam_policy_document.require_latest_tls",
            "module.user_photos_bucket.data.aws_iam_policy_document.waf_log_delivery",
            "module.user_photos_bucket.data.aws_partition.current",
            "module.user_photos_bucket.data.aws_region.current",
            "random_id.bucket_suffix"
          ]
        }
      ]
    },
    {
      "module": "module.user_photos_bucket",
      "mode": "data",
      "type": "aws_caller_identity",
      "name": "current",
      "provider": "provider[\"registry.terraform.io/hashicorp/aws\"]",
      "instances": [
        {
          "schema_version": 0,
          "attributes": {
            "account_id": "061151021706",
            "arn": "arn:aws:sts::061151021706:assumed-role/voclabs/user3919262=dmindiuk@itba.edu.ar",
            "id": "061151021706",
            "user_id": "AROAQ4PHCRKFOUZQT5WXO:user3919262=dmindiuk@itba.edu.ar"
          },
          "sensitive_attributes": [],
          "identity_schema_version": 0
        }
      ]
    },
    {
      "module": "module.user_photos_bucket",
      "mode": "data",
      "type": "aws_canonical_user_id",
      "name": "this",
      "provider": "provider[\"registry.terraform.io/hashicorp/aws\"]",
      "instances": [
        {
          "index_key": 0,
          "schema_version": 0,
          "attributes": {
            "display_name": "awslabsc0w6862787t1701546604",
            "id": "5892d32e6ff5ca4eeaf203c265749c0686db6d74441ff239ee61972132b87d7d"
          },
          "sensitive_attributes": [],
          "identity_schema_version": 0
        }
      ]
    },
    {
      "module": "module.user_photos_bucket",
      "mode": "data",
      "type": "aws_iam_policy_document",
      "name": "combined",
      "provider": "provider[\"registry.terraform.io/hashicorp/aws\"]",
      "instances": [
        {
          "index_key": 0,
          "schema_version": 0,
          "attributes": {
            "id": "1917171078",
            "json": "{\n  \"Version\": \"2012-10-17\",\n  \"Statement\": [\n    {\n      \"Sid\": \"PublicReadWrite\",\n      \"Effect\": \"Allow\",\n      \"Action\": [\n        \"s3:GetObject\",\n        \"s3:PutObject\"\n      ],\n      \"Resource\": [\n        \"arn:aws:s3:::rectefify-fotos-usuarios-bcf48b4d2014c641/*\"\n      ],\n      \"Principal\": \"*\"\n    }\n  ]\n}",
            "minified_json": "{\"Version\":\"2012-10-17\",\"Statement\":[{\"Sid\":\"PublicReadWrite\",\"Effect\":\"Allow\",\"Action\":[\"s3:GetObject\",\"s3:PutObject\"],\"Resource\":[\"arn:aws:s3:::rectefify-fotos-usuarios-bcf48b4d2014c641/*\"],\"Principal\":\"*\"}]}",
            "override_json": null,
            "override_policy_documents": null,
            "policy_id": null,
            "source_json": null,
            "source_policy_documents": [
              "{\"Statement\":[{\"Action\":[\"s3:GetObject\",\"s3:PutObject\"],\"Effect\":\"Allow\",\"Principal\":\"*\",\"Resource\":[\"arn:aws:s3:::rectefify-fotos-usuarios-bcf48b4d2014c641/*\"],\"Sid\":\"PublicReadWrite\"}],\"Version\":\"2012-10-17\"}"
            ],
            "statement": null,
            "version": "2012-10-17"
          },
          "sensitive_attributes": [],
          "identity_schema_version": 0
        }
      ]
    },
    {
      "module": "module.user_photos_bucket",
      "mode": "data",
      "type": "aws_partition",
      "name": "current",
      "provider": "provider[\"registry.terraform.io/hashicorp/aws\"]",
      "instances": [
        {
          "schema_version": 0,
          "attributes": {
            "dns_suffix": "amazonaws.com",
            "id": "aws",
            "partition": "aws",
            "reverse_dns_prefix": "com.amazonaws"
          },
          "sensitive_attributes": [],
          "identity_schema_version": 0
        }
      ]
    },
    {
      "module": "module.user_photos_bucket",
      "mode": "data",
      "type": "aws_region",
      "name": "current",
      "provider": "provider[\"registry.terraform.io/hashicorp/aws\"]",
      "instances": [
        {
          "schema_version": 0,
          "attributes": {
            "description": "US East (N. Virginia)",
            "endpoint": "ec2.us-east-1.amazonaws.com",
            "id": "us-east-1",
            "name": "us-east-1"
          },
          "sensitive_attributes": [],
          "identity_schema_version": 0
        }
      ]
    },
    {
      "module": "module.user_photos_bucket",
      "mode": "managed",
      "type": "aws_s3_bucket",
      "name": "this",
      "provider": "provider[\"registry.terraform.io/hashicorp/aws\"]",
      "instances": [
        {
          "index_key": 0,
          "schema_version": 0,
          "attributes": {
            "acceleration_status": "",
            "acl": null,
            "arn": "arn:aws:s3:::rectefify-fotos-usuarios-bcf48b4d2014c641",
            "bucket": "rectefify-fotos-usuarios-bcf48b4d2014c641",
            "bucket_domain_name": "rectefify-fotos-usuarios-bcf48b4d2014c641.s3.amazonaws.com",
            "bucket_prefix": "",
            "bucket_regional_domain_name": "rectefify-fotos-usuarios-bcf48b4d2014c641.s3.us-east-1.amazonaws.com",
            "cors_rule": [],
            "force_destroy": true,
            "grant": [
              {
                "id": "5892d32e6ff5ca4eeaf203c265749c0686db6d74441ff239ee61972132b87d7d",
                "permissions": [
                  "FULL_CONTROL"
                ],
                "type": "CanonicalUser",
                "uri": ""
              }
            ],
            "hosted_zone_id": "Z3AQBSTGFYJSTF",
            "id": "rectefify-fotos-usuarios-bcf48b4d2014c641",
            "lifecycle_rule": [],
            "logging": [],
            "object_lock_configuration": [],
            "object_lock_enabled": false,
            "policy": "{\"Statement\":[{\"Action\":[\"s3:GetObject\",\"s3:PutObject\"],\"Effect\":\"Allow\",\"Principal\":\"*\",\"Resource\":\"arn:aws:s3:::rectefify-fotos-usuarios-bcf48b4d2014c641/*\",\"Sid\":\"PublicReadWrite\"}],\"Version\":\"2012-10-17\"}",
            "region": "us-east-1",
            "replication_configuration": [],
            "request_payer": "BucketOwner",
            "server_side_encryption_configuration": [
              {
                "rule": [
                  {
                    "apply_server_side_encryption_by_default": [
                      {
                        "kms_master_key_id": "",
                        "sse_algorithm": "AES256"
                      }
                    ],
                    "bucket_key_enabled": false
                  }
                ]
              }
            ],
            "tags": {},
            "tags_all": {},
            "timeouts": null,
            "versioning": [
              {
                "enabled": false,
                "mfa_delete": false
              }
            ],
            "website": [],
            "website_domain": null,
            "website_endpoint": null
          },
          "sensitive_attributes": [],
          "identity_schema_version": 0,
          "private": "eyJlMmJmYjczMC1lY2FhLTExZTYtOGY4OC0zNDM2M2JjN2M0YzAiOnsiY3JlYXRlIjoxMjAwMDAwMDAwMDAwLCJkZWxldGUiOjM2MDAwMDAwMDAwMDAsInJlYWQiOjEyMDAwMDAwMDAwMDAsInVwZGF0ZSI6MTIwMDAwMDAwMDAwMH19",
          "dependencies": [
            "random_id.bucket_suffix"
          ]
        }
      ]
    },
    {
      "module": "module.user_photos_bucket",
      "mode": "managed",
      "type": "aws_s3_bucket_acl",
      "name": "this",
      "provider": "provider[\"registry.terraform.io/hashicorp/aws\"]",
      "instances": [
        {
          "index_key": 0,
          "schema_version": 0,
          "attributes": {
            "access_control_policy": [
              {
                "grant": [
                  {
                    "grantee": [
                      {
                        "display_name": "",
                        "email_address": "",
                        "id": "",
                        "type": "Group",
                        "uri": "http://acs.amazonaws.com/groups/global/AllUsers"
                      }
                    ],
                    "permission": "READ"
                  },
                  {
                    "grantee": [
                      {
                        "display_name": "awslabsc0w6862787t1701546604",
                        "email_address": "",
                        "id": "5892d32e6ff5ca4eeaf203c265749c0686db6d74441ff239ee61972132b87d7d",
                        "type": "CanonicalUser",
                        "uri": ""
                      }
                    ],
                    "permission": "FULL_CONTROL"
                  }
                ],
                "owner": [
                  {
                    "display_name": "awslabsc0w6862787t1701546604",
                    "id": "5892d32e6ff5ca4eeaf203c265749c0686db6d74441ff239ee61972132b87d7d"
                  }
                ]
              }
            ],
            "acl": "public-read",
            "bucket": "rectefify-fotos-usuarios-bcf48b4d2014c641",
            "expected_bucket_owner": "",
            "id": "rectefify-fotos-usuarios-bcf48b4d2014c641,public-read"
          },
          "sensitive_attributes": [],
          "identity_schema_version": 0,
          "private": "bnVsbA==",
          "dependencies": [
            "module.user_photos_bucket.aws_s3_bucket.this",
            "module.user_photos_bucket.aws_s3_bucket_ownership_controls.this",
            "module.user_photos_bucket.aws_s3_bucket_policy.this",
            "module.user_photos_bucket.aws_s3_bucket_public_access_block.this",
            "module.user_photos_bucket.aws_s3_directory_bucket.this",
            "module.user_photos_bucket.data.aws_caller_identity.current",
            "module.user_photos_bucket.data.aws_canonical_user_id.this",
            "module.user_photos_bucket.data.aws_iam_policy_document.access_log_delivery",
            "module.user_photos_bucket.data.aws_iam_policy_document.combined",
            "module.user_photos_bucket.data.aws_iam_policy_document.deny_incorrect_encryption_headers",
            "module.user_photos_bucket.data.aws_iam_policy_document.deny_incorrect_kms_key_sse",
            "module.user_photos_bucket.data.aws_iam_policy_document.deny_insecure_transport",
            "module.user_photos_bucket.data.aws_iam_policy_document.deny_ssec_encrypted_object_uploads",
            "module.user_photos_bucket.data.aws_iam_policy_document.deny_unencrypted_object_uploads",
            "module.user_photos_bucket.data.aws_iam_policy_document.elb_log_delivery",
            "module.user_photos_bucket.data.aws_iam_policy_document.inventory_and_analytics_destination_policy",
            "module.user_photos_bucket.data.aws_iam_policy_document.lb_log_delivery",
            "module.user_photos_bucket.data.aws_iam_policy_document.require_latest_tls",
            "module.user_photos_bucket.data.aws_iam_policy_document.waf_log_delivery",
            "module.user_photos_bucket.data.aws_partition.current",
            "module.user_photos_bucket.data.aws_region.current",
            "random_id.bucket_suffix"
          ]
        }
      ]
    },
    {
      "module": "module.user_photos_bucket",
      "mode": "managed",
      "type": "aws_s3_bucket_ownership_controls",
      "name": "this",
      "provider": "provider[\"registry.terraform.io/hashicorp/aws\"]",
      "instances": [
        {
          "index_key": 0,
          "schema_version": 0,
          "attributes": {
            "bucket": "rectefify-fotos-usuarios-bcf48b4d2014c641",
            "id": "rectefify-fotos-usuarios-bcf48b4d2014c641",
            "rule": [
              {
                "object_ownership": "BucketOwnerPreferred"
              }
            ]
          },
          "sensitive_attributes": [],
          "identity_schema_version": 0,
          "private": "bnVsbA==",
          "dependencies": [
            "module.user_photos_bucket.aws_s3_bucket.this",
            "module.user_photos_bucket.aws_s3_bucket_policy.this",
            "module.user_photos_bucket.aws_s3_bucket_public_access_block.this",
            "module.user_photos_bucket.aws_s3_directory_bucket.this",
            "module.user_photos_bucket.data.aws_caller_identity.current",
            "module.user_photos_bucket.data.aws_iam_policy_document.access_log_delivery",
            "module.user_photos_bucket.data.aws_iam_policy_document.combined",
            "module.user_photos_bucket.data.aws_iam_policy_document.deny_incorrect_encryption_headers",
            "module.user_photos_bucket.data.aws_iam_policy_document.deny_incorrect_kms_key_sse",
            "module.user_photos_bucket.data.aws_iam_policy_document.deny_insecure_transport",
            "module.user_photos_bucket.data.aws_iam_policy_document.deny_ssec_encrypted_object_uploads",
            "module.user_photos_bucket.data.aws_iam_policy_document.deny_unencrypted_object_uploads",
            "module.user_photos_bucket.data.aws_iam_policy_document.elb_log_delivery",
            "module.user_photos_bucket.data.aws_iam_policy_document.inventory_and_analytics_destination_policy",
            "module.user_photos_bucket.data.aws_iam_policy_document.lb_log_delivery",
            "module.user_photos_bucket.data.aws_iam_policy_document.require_latest_tls",
            "module.user_photos_bucket.data.aws_iam_policy_document.waf_log_delivery",
            "module.user_photos_bucket.data.aws_partition.current",
            "module.user_photos_bucket.data.aws_region.current",
            "random_id.bucket_suffix"
          ]
        }
      ]
    },
    {
      "module": "module.user_photos_bucket",
      "mode": "managed",
      "type": "aws_s3_bucket_policy",
      "name": "this",
      "provider": "provider[\"registry.terraform.io/hashicorp/aws\"]",
      "instances": [
        {
          "index_key": 0,
          "schema_version": 0,
          "attributes": {
            "bucket": "rectefify-fotos-usuarios-bcf48b4d2014c641",
            "id": "rectefify-fotos-usuarios-bcf48b4d2014c641",
            "policy": "{\"Statement\":[{\"Action\":[\"s3:GetObject\",\"s3:PutObject\"],\"Effect\":\"Allow\",\"Principal\":\"*\",\"Resource\":[\"arn:aws:s3:::rectefify-fotos-usuarios-bcf48b4d2014c641/*\"],\"Sid\":\"PublicReadWrite\"}],\"Version\":\"2012-10-17\"}"
          },
          "sensitive_attributes": [],
          "identity_schema_version": 0,
          "private": "bnVsbA==",
          "dependencies": [
            "module.user_photos_bucket.aws_s3_bucket.this",
            "module.user_photos_bucket.aws_s3_bucket_public_access_block.this",
            "module.user_photos_bucket.aws_s3_directory_bucket.this",
            "module.user_photos_bucket.data.aws_caller_identity.current",
            "module.user_photos_bucket.data.aws_iam_policy_document.access_log_delivery",
            "module.user_photos_bucket.data.aws_iam_policy_document.combined",
            "module.user_photos_bucket.data.aws_iam_policy_document.deny_incorrect_encryption_headers",
            "module.user_photos_bucket.data.aws_iam_policy_document.deny_incorrect_kms_key_sse",
            "module.user_photos_bucket.data.aws_iam_policy_document.deny_insecure_transport",
            "module.user_photos_bucket.data.aws_iam_policy_document.deny_ssec_encrypted_object_uploads",
            "module.user_photos_bucket.data.aws_iam_policy_document.deny_unencrypted_object_uploads",
            "module.user_photos_bucket.data.aws_iam_policy_document.elb_log_delivery",
            "module.user_photos_bucket.data.aws_iam_policy_document.inventory_and_analytics_destination_policy",
            "module.user_photos_bucket.data.aws_iam_policy_document.lb_log_delivery",
            "module.user_photos_bucket.data.aws_iam_policy_document.require_latest_tls",
            "module.user_photos_bucket.data.aws_iam_policy_document.waf_log_delivery",
            "module.user_photos_bucket.data.aws_partition.current",
            "module.user_photos_bucket.data.aws_region.current",
            "random_id.bucket_suffix"
          ]
        }
      ]
    },
    {
      "module": "module.user_photos_bucket",
      "mode": "managed",
      "type": "aws_s3_bucket_public_access_block",
      "name": "this",
      "provider": "provider[\"registry.terraform.io/hashicorp/aws\"]",
      "instances": [
        {
          "index_key": 0,
          "schema_version": 0,
          "attributes": {
            "block_public_acls": false,
            "block_public_policy": false,
            "bucket": "rectefify-fotos-usuarios-bcf48b4d2014c641",
            "id": "rectefify-fotos-usuarios-bcf48b4d2014c641",
            "ignore_public_acls": false,
            "restrict_public_buckets": false
          },
          "sensitive_attributes": [],
          "identity_schema_version": 0,
          "private": "bnVsbA==",
          "dependencies": [
            "module.user_photos_bucket.aws_s3_bucket.this",
            "random_id.bucket_suffix"
          ]
        }
      ]
    }
  ],
  "check_results": null
}
